=== RUN   TestHelloWorldAppStageWithStages
=== PAUSE TestHelloWorldAppStageWithStages
=== CONT  TestHelloWorldAppStageWithStages
TestHelloWorldAppStageWithStages 2021-11-24T15:38:33+03:00 test_structure.go:27: The 'SKIP_deploy_db' environment variable is not set, so executing stage 'deploy_db'.
TestHelloWorldAppStageWithStages 2021-11-24T15:38:33+03:00 save_test_data.go:188: Storing test data in ../live/stage/data-stores/mysql/.test-data/TerraformOptions.json so it can be reused later
TestHelloWorldAppStageWithStages 2021-11-24T15:38:33+03:00 save_test_data.go:199: Marshalled JSON: {"TerraformBinary":"","TerraformDir":"../live/stage/data-stores/mysql","Vars":{"db_name":"testGPhMem","db_password":"password"},"VarFiles":null,"Targets":null,"Lock":false,"LockTimeout":"","EnvVars":null,"BackendConfig":{"bucket":"terraform-asg-bucket-revyakin","encrypt":true,"key":"TestHelloWorldAppStageWithStages/GPhMem/terraform.tfstate","region":"us-west-2"},"RetryableTerraformErrors":null,"MaxRetries":0,"TimeBetweenRetries":0,"Upgrade":false,"Reconfigure":false,"MigrateState":false,"NoColor":false,"SshAgent":null,"NoStderr":false,"OutputMaxLineSize":0,"Logger":null,"Parallelism":0,"PlanFilePath":"","PluginDir":""}
TestHelloWorldAppStageWithStages 2021-11-24T15:38:33+03:00 retry.go:91: terraform [init -upgrade=false -backend-config=bucket=terraform-asg-bucket-revyakin -backend-config=region=us-west-2 -backend-config=key=TestHelloWorldAppStageWithStages/GPhMem/terraform.tfstate -backend-config=encrypt=true]
TestHelloWorldAppStageWithStages 2021-11-24T15:38:33+03:00 logger.go:66: Running command terraform with args [init -upgrade=false -backend-config=bucket=terraform-asg-bucket-revyakin -backend-config=region=us-west-2 -backend-config=key=TestHelloWorldAppStageWithStages/GPhMem/terraform.tfstate -backend-config=encrypt=true]
TestHelloWorldAppStageWithStages 2021-11-24T15:38:33+03:00 logger.go:66: [0m[1mInitializing modules...[0m
TestHelloWorldAppStageWithStages 2021-11-24T15:38:33+03:00 logger.go:66: - mysql in ../../../../modules/data-stores/mysql
TestHelloWorldAppStageWithStages 2021-11-24T15:38:33+03:00 logger.go:66: 
TestHelloWorldAppStageWithStages 2021-11-24T15:38:33+03:00 logger.go:66: [0m[1mInitializing the backend...[0m
TestHelloWorldAppStageWithStages 2021-11-24T15:38:34+03:00 logger.go:66: [0m[32m
TestHelloWorldAppStageWithStages 2021-11-24T15:38:34+03:00 logger.go:66: Successfully configured the backend "s3"! Terraform will automatically
TestHelloWorldAppStageWithStages 2021-11-24T15:38:34+03:00 logger.go:66: use this backend unless the backend configuration changes.[0m
TestHelloWorldAppStageWithStages 2021-11-24T15:38:37+03:00 logger.go:66: 
TestHelloWorldAppStageWithStages 2021-11-24T15:38:37+03:00 logger.go:66: [0m[1mInitializing provider plugins...[0m
TestHelloWorldAppStageWithStages 2021-11-24T15:38:37+03:00 logger.go:66: - Finding latest version of hashicorp/aws...
TestHelloWorldAppStageWithStages 2021-11-24T15:38:38+03:00 logger.go:66: - Installing hashicorp/aws v3.66.0...
TestHelloWorldAppStageWithStages 2021-11-24T15:38:41+03:00 logger.go:66: - Installed hashicorp/aws v3.66.0 (signed by HashiCorp)
TestHelloWorldAppStageWithStages 2021-11-24T15:38:41+03:00 logger.go:66: 
TestHelloWorldAppStageWithStages 2021-11-24T15:38:41+03:00 logger.go:66: Terraform has created a lock file [1m.terraform.lock.hcl[0m to record the provider
TestHelloWorldAppStageWithStages 2021-11-24T15:38:41+03:00 logger.go:66: selections it made above. Include this file in your version control repository
TestHelloWorldAppStageWithStages 2021-11-24T15:38:41+03:00 logger.go:66: so that Terraform can guarantee to make the same selections by default when
TestHelloWorldAppStageWithStages 2021-11-24T15:38:41+03:00 logger.go:66: you run "terraform init" in the future.[0m
TestHelloWorldAppStageWithStages 2021-11-24T15:38:41+03:00 logger.go:66: 
TestHelloWorldAppStageWithStages 2021-11-24T15:38:41+03:00 logger.go:66: [0m[1m[32mTerraform has been successfully initialized![0m[32m[0m
TestHelloWorldAppStageWithStages 2021-11-24T15:38:41+03:00 logger.go:66: [0m[32m
TestHelloWorldAppStageWithStages 2021-11-24T15:38:41+03:00 logger.go:66: You may now begin working with Terraform. Try running "terraform plan" to see
TestHelloWorldAppStageWithStages 2021-11-24T15:38:41+03:00 logger.go:66: any changes that are required for your infrastructure. All Terraform commands
TestHelloWorldAppStageWithStages 2021-11-24T15:38:41+03:00 logger.go:66: should now work.
TestHelloWorldAppStageWithStages 2021-11-24T15:38:41+03:00 logger.go:66: 
TestHelloWorldAppStageWithStages 2021-11-24T15:38:41+03:00 logger.go:66: If you ever set or change modules or backend configuration for Terraform,
TestHelloWorldAppStageWithStages 2021-11-24T15:38:41+03:00 logger.go:66: rerun this command to reinitialize your working directory. If you forget, other
TestHelloWorldAppStageWithStages 2021-11-24T15:38:41+03:00 logger.go:66: commands will detect it and remind you to do so if necessary.[0m
TestHelloWorldAppStageWithStages 2021-11-24T15:38:41+03:00 retry.go:91: terraform [apply -input=false -auto-approve -var db_name=testGPhMem -var db_password=password -lock=false]
TestHelloWorldAppStageWithStages 2021-11-24T15:38:41+03:00 logger.go:66: Running command terraform with args [apply -input=false -auto-approve -var db_name=testGPhMem -var db_password=password -lock=false]
TestHelloWorldAppStageWithStages 2021-11-24T15:38:47+03:00 logger.go:66: 
TestHelloWorldAppStageWithStages 2021-11-24T15:38:47+03:00 logger.go:66: Terraform used the selected providers to generate the following execution
TestHelloWorldAppStageWithStages 2021-11-24T15:38:47+03:00 logger.go:66: plan. Resource actions are indicated with the following symbols:
TestHelloWorldAppStageWithStages 2021-11-24T15:38:47+03:00 logger.go:66:   [32m+[0m create
TestHelloWorldAppStageWithStages 2021-11-24T15:38:47+03:00 logger.go:66: [0m
TestHelloWorldAppStageWithStages 2021-11-24T15:38:47+03:00 logger.go:66: Terraform will perform the following actions:
TestHelloWorldAppStageWithStages 2021-11-24T15:38:47+03:00 logger.go:66: 
TestHelloWorldAppStageWithStages 2021-11-24T15:38:47+03:00 logger.go:66: [1m  # module.mysql.aws_db_instance.example[0m will be created[0m[0m
TestHelloWorldAppStageWithStages 2021-11-24T15:38:47+03:00 logger.go:66: [0m  [32m+[0m[0m resource "aws_db_instance" "example" {
TestHelloWorldAppStageWithStages 2021-11-24T15:38:47+03:00 logger.go:66:       [32m+[0m [0m[1m[0maddress[0m[0m                               = (known after apply)
TestHelloWorldAppStageWithStages 2021-11-24T15:38:47+03:00 logger.go:66:       [32m+[0m [0m[1m[0mallocated_storage[0m[0m                     = 10
TestHelloWorldAppStageWithStages 2021-11-24T15:38:47+03:00 logger.go:66:       [32m+[0m [0m[1m[0mapply_immediately[0m[0m                     = (known after apply)
TestHelloWorldAppStageWithStages 2021-11-24T15:38:47+03:00 logger.go:66:       [32m+[0m [0m[1m[0marn[0m[0m                                   = (known after apply)
TestHelloWorldAppStageWithStages 2021-11-24T15:38:47+03:00 logger.go:66:       [32m+[0m [0m[1m[0mauto_minor_version_upgrade[0m[0m            = true
TestHelloWorldAppStageWithStages 2021-11-24T15:38:47+03:00 logger.go:66:       [32m+[0m [0m[1m[0mavailability_zone[0m[0m                     = (known after apply)
TestHelloWorldAppStageWithStages 2021-11-24T15:38:47+03:00 logger.go:66:       [32m+[0m [0m[1m[0mbackup_retention_period[0m[0m               = (known after apply)
TestHelloWorldAppStageWithStages 2021-11-24T15:38:47+03:00 logger.go:66:       [32m+[0m [0m[1m[0mbackup_window[0m[0m                         = (known after apply)
TestHelloWorldAppStageWithStages 2021-11-24T15:38:47+03:00 logger.go:66:       [32m+[0m [0m[1m[0mca_cert_identifier[0m[0m                    = (known after apply)
TestHelloWorldAppStageWithStages 2021-11-24T15:38:47+03:00 logger.go:66:       [32m+[0m [0m[1m[0mcharacter_set_name[0m[0m                    = (known after apply)
TestHelloWorldAppStageWithStages 2021-11-24T15:38:47+03:00 logger.go:66:       [32m+[0m [0m[1m[0mcopy_tags_to_snapshot[0m[0m                 = false
TestHelloWorldAppStageWithStages 2021-11-24T15:38:47+03:00 logger.go:66:       [32m+[0m [0m[1m[0mdb_subnet_group_name[0m[0m                  = (known after apply)
TestHelloWorldAppStageWithStages 2021-11-24T15:38:47+03:00 logger.go:66:       [32m+[0m [0m[1m[0mdelete_automated_backups[0m[0m              = true
TestHelloWorldAppStageWithStages 2021-11-24T15:38:47+03:00 logger.go:66:       [32m+[0m [0m[1m[0mendpoint[0m[0m                              = (known after apply)
TestHelloWorldAppStageWithStages 2021-11-24T15:38:47+03:00 logger.go:66:       [32m+[0m [0m[1m[0mengine[0m[0m                                = "mysql"
TestHelloWorldAppStageWithStages 2021-11-24T15:38:47+03:00 logger.go:66:       [32m+[0m [0m[1m[0mengine_version[0m[0m                        = (known after apply)
TestHelloWorldAppStageWithStages 2021-11-24T15:38:47+03:00 logger.go:66:       [32m+[0m [0m[1m[0mengine_version_actual[0m[0m                 = (known after apply)
TestHelloWorldAppStageWithStages 2021-11-24T15:38:47+03:00 logger.go:66:       [32m+[0m [0m[1m[0mhosted_zone_id[0m[0m                        = (known after apply)
TestHelloWorldAppStageWithStages 2021-11-24T15:38:47+03:00 logger.go:66:       [32m+[0m [0m[1m[0mid[0m[0m                                    = (known after apply)
TestHelloWorldAppStageWithStages 2021-11-24T15:38:47+03:00 logger.go:66:       [32m+[0m [0m[1m[0midentifier[0m[0m                            = (known after apply)
TestHelloWorldAppStageWithStages 2021-11-24T15:38:47+03:00 logger.go:66:       [32m+[0m [0m[1m[0midentifier_prefix[0m[0m                     = "terraform-up-and-running"
TestHelloWorldAppStageWithStages 2021-11-24T15:38:47+03:00 logger.go:66:       [32m+[0m [0m[1m[0minstance_class[0m[0m                        = "db.t2.micro"
TestHelloWorldAppStageWithStages 2021-11-24T15:38:47+03:00 logger.go:66:       [32m+[0m [0m[1m[0mkms_key_id[0m[0m                            = (known after apply)
TestHelloWorldAppStageWithStages 2021-11-24T15:38:47+03:00 logger.go:66:       [32m+[0m [0m[1m[0mlatest_restorable_time[0m[0m                = (known after apply)
TestHelloWorldAppStageWithStages 2021-11-24T15:38:47+03:00 logger.go:66:       [32m+[0m [0m[1m[0mlicense_model[0m[0m                         = (known after apply)
TestHelloWorldAppStageWithStages 2021-11-24T15:38:47+03:00 logger.go:66:       [32m+[0m [0m[1m[0mmaintenance_window[0m[0m                    = (known after apply)
TestHelloWorldAppStageWithStages 2021-11-24T15:38:47+03:00 logger.go:66:       [32m+[0m [0m[1m[0mmonitoring_interval[0m[0m                   = 0
TestHelloWorldAppStageWithStages 2021-11-24T15:38:47+03:00 logger.go:66:       [32m+[0m [0m[1m[0mmonitoring_role_arn[0m[0m                   = (known after apply)
TestHelloWorldAppStageWithStages 2021-11-24T15:38:47+03:00 logger.go:66:       [32m+[0m [0m[1m[0mmulti_az[0m[0m                              = (known after apply)
TestHelloWorldAppStageWithStages 2021-11-24T15:38:47+03:00 logger.go:66:       [32m+[0m [0m[1m[0mname[0m[0m                                  = "testGPhMem"
TestHelloWorldAppStageWithStages 2021-11-24T15:38:47+03:00 logger.go:66:       [32m+[0m [0m[1m[0mnchar_character_set_name[0m[0m              = (known after apply)
TestHelloWorldAppStageWithStages 2021-11-24T15:38:47+03:00 logger.go:66:       [32m+[0m [0m[1m[0moption_group_name[0m[0m                     = (known after apply)
TestHelloWorldAppStageWithStages 2021-11-24T15:38:47+03:00 logger.go:66:       [32m+[0m [0m[1m[0mparameter_group_name[0m[0m                  = (known after apply)
TestHelloWorldAppStageWithStages 2021-11-24T15:38:47+03:00 logger.go:66:       [32m+[0m [0m[1m[0mpassword[0m[0m                              = (sensitive value)
TestHelloWorldAppStageWithStages 2021-11-24T15:38:47+03:00 logger.go:66:       [32m+[0m [0m[1m[0mperformance_insights_enabled[0m[0m          = false
TestHelloWorldAppStageWithStages 2021-11-24T15:38:47+03:00 logger.go:66:       [32m+[0m [0m[1m[0mperformance_insights_kms_key_id[0m[0m       = (known after apply)
TestHelloWorldAppStageWithStages 2021-11-24T15:38:47+03:00 logger.go:66:       [32m+[0m [0m[1m[0mperformance_insights_retention_period[0m[0m = (known after apply)
TestHelloWorldAppStageWithStages 2021-11-24T15:38:47+03:00 logger.go:66:       [32m+[0m [0m[1m[0mport[0m[0m                                  = (known after apply)
TestHelloWorldAppStageWithStages 2021-11-24T15:38:47+03:00 logger.go:66:       [32m+[0m [0m[1m[0mpublicly_accessible[0m[0m                   = false
TestHelloWorldAppStageWithStages 2021-11-24T15:38:47+03:00 logger.go:66:       [32m+[0m [0m[1m[0mreplicas[0m[0m                              = (known after apply)
TestHelloWorldAppStageWithStages 2021-11-24T15:38:47+03:00 logger.go:66:       [32m+[0m [0m[1m[0mresource_id[0m[0m                           = (known after apply)
TestHelloWorldAppStageWithStages 2021-11-24T15:38:47+03:00 logger.go:66:       [32m+[0m [0m[1m[0mskip_final_snapshot[0m[0m                   = true
TestHelloWorldAppStageWithStages 2021-11-24T15:38:47+03:00 logger.go:66:       [32m+[0m [0m[1m[0msnapshot_identifier[0m[0m                   = (known after apply)
TestHelloWorldAppStageWithStages 2021-11-24T15:38:47+03:00 logger.go:66:       [32m+[0m [0m[1m[0mstatus[0m[0m                                = (known after apply)
TestHelloWorldAppStageWithStages 2021-11-24T15:38:47+03:00 logger.go:66:       [32m+[0m [0m[1m[0mstorage_type[0m[0m                          = (known after apply)
TestHelloWorldAppStageWithStages 2021-11-24T15:38:47+03:00 logger.go:66:       [32m+[0m [0m[1m[0mtags_all[0m[0m                              = (known after apply)
TestHelloWorldAppStageWithStages 2021-11-24T15:38:47+03:00 logger.go:66:       [32m+[0m [0m[1m[0mtimezone[0m[0m                              = (known after apply)
TestHelloWorldAppStageWithStages 2021-11-24T15:38:47+03:00 logger.go:66:       [32m+[0m [0m[1m[0musername[0m[0m                              = "admin"
TestHelloWorldAppStageWithStages 2021-11-24T15:38:47+03:00 logger.go:66:       [32m+[0m [0m[1m[0mvpc_security_group_ids[0m[0m                = (known after apply)
TestHelloWorldAppStageWithStages 2021-11-24T15:38:47+03:00 logger.go:66:     }
TestHelloWorldAppStageWithStages 2021-11-24T15:38:47+03:00 logger.go:66: 
TestHelloWorldAppStageWithStages 2021-11-24T15:38:47+03:00 logger.go:66: [0m[1mPlan:[0m 1 to add, 0 to change, 0 to destroy.
TestHelloWorldAppStageWithStages 2021-11-24T15:38:47+03:00 logger.go:66: [0m[0m
TestHelloWorldAppStageWithStages 2021-11-24T15:38:47+03:00 logger.go:66: [1mChanges to Outputs:[0m[0m
TestHelloWorldAppStageWithStages 2021-11-24T15:38:47+03:00 logger.go:66:   [32m+[0m [0m[1m[0maddress[0m[0m = (known after apply)
TestHelloWorldAppStageWithStages 2021-11-24T15:38:47+03:00 logger.go:66:   [32m+[0m [0m[1m[0mport[0m[0m    = (known after apply)
TestHelloWorldAppStageWithStages 2021-11-24T15:38:50+03:00 logger.go:66: [0m[1mmodule.mysql.aws_db_instance.example: Creating...[0m[0m
TestHelloWorldAppStageWithStages 2021-11-24T15:39:00+03:00 logger.go:66: [0m[1mmodule.mysql.aws_db_instance.example: Still creating... [10s elapsed][0m[0m
TestHelloWorldAppStageWithStages 2021-11-24T15:39:10+03:00 logger.go:66: [0m[1mmodule.mysql.aws_db_instance.example: Still creating... [20s elapsed][0m[0m
TestHelloWorldAppStageWithStages 2021-11-24T15:39:20+03:00 logger.go:66: [0m[1mmodule.mysql.aws_db_instance.example: Still creating... [30s elapsed][0m[0m
TestHelloWorldAppStageWithStages 2021-11-24T15:39:30+03:00 logger.go:66: [0m[1mmodule.mysql.aws_db_instance.example: Still creating... [40s elapsed][0m[0m
TestHelloWorldAppStageWithStages 2021-11-24T15:39:40+03:00 logger.go:66: [0m[1mmodule.mysql.aws_db_instance.example: Still creating... [50s elapsed][0m[0m
TestHelloWorldAppStageWithStages 2021-11-24T15:39:50+03:00 logger.go:66: [0m[1mmodule.mysql.aws_db_instance.example: Still creating... [1m0s elapsed][0m[0m
TestHelloWorldAppStageWithStages 2021-11-24T15:40:00+03:00 logger.go:66: [0m[1mmodule.mysql.aws_db_instance.example: Still creating... [1m10s elapsed][0m[0m
TestHelloWorldAppStageWithStages 2021-11-24T15:40:10+03:00 logger.go:66: [0m[1mmodule.mysql.aws_db_instance.example: Still creating... [1m20s elapsed][0m[0m
TestHelloWorldAppStageWithStages 2021-11-24T15:40:20+03:00 logger.go:66: [0m[1mmodule.mysql.aws_db_instance.example: Still creating... [1m30s elapsed][0m[0m
TestHelloWorldAppStageWithStages 2021-11-24T15:40:30+03:00 logger.go:66: [0m[1mmodule.mysql.aws_db_instance.example: Still creating... [1m40s elapsed][0m[0m
TestHelloWorldAppStageWithStages 2021-11-24T15:40:40+03:00 logger.go:66: [0m[1mmodule.mysql.aws_db_instance.example: Still creating... [1m50s elapsed][0m[0m
TestHelloWorldAppStageWithStages 2021-11-24T15:40:50+03:00 logger.go:66: [0m[1mmodule.mysql.aws_db_instance.example: Still creating... [2m0s elapsed][0m[0m
TestHelloWorldAppStageWithStages 2021-11-24T15:41:00+03:00 logger.go:66: [0m[1mmodule.mysql.aws_db_instance.example: Still creating... [2m10s elapsed][0m[0m
TestHelloWorldAppStageWithStages 2021-11-24T15:41:10+03:00 logger.go:66: [0m[1mmodule.mysql.aws_db_instance.example: Still creating... [2m20s elapsed][0m[0m
TestHelloWorldAppStageWithStages 2021-11-24T15:41:20+03:00 logger.go:66: [0m[1mmodule.mysql.aws_db_instance.example: Still creating... [2m30s elapsed][0m[0m
TestHelloWorldAppStageWithStages 2021-11-24T15:41:30+03:00 logger.go:66: [0m[1mmodule.mysql.aws_db_instance.example: Still creating... [2m40s elapsed][0m[0m
TestHelloWorldAppStageWithStages 2021-11-24T15:41:40+03:00 logger.go:66: [0m[1mmodule.mysql.aws_db_instance.example: Still creating... [2m50s elapsed][0m[0m
TestHelloWorldAppStageWithStages 2021-11-24T15:41:50+03:00 logger.go:66: [0m[1mmodule.mysql.aws_db_instance.example: Still creating... [3m0s elapsed][0m[0m
TestHelloWorldAppStageWithStages 2021-11-24T15:42:00+03:00 logger.go:66: [0m[1mmodule.mysql.aws_db_instance.example: Still creating... [3m10s elapsed][0m[0m
TestHelloWorldAppStageWithStages 2021-11-24T15:42:10+03:00 logger.go:66: [0m[1mmodule.mysql.aws_db_instance.example: Still creating... [3m20s elapsed][0m[0m
TestHelloWorldAppStageWithStages 2021-11-24T15:42:20+03:00 logger.go:66: [0m[1mmodule.mysql.aws_db_instance.example: Still creating... [3m30s elapsed][0m[0m
TestHelloWorldAppStageWithStages 2021-11-24T15:42:30+03:00 logger.go:66: [0m[1mmodule.mysql.aws_db_instance.example: Still creating... [3m40s elapsed][0m[0m
TestHelloWorldAppStageWithStages 2021-11-24T15:42:40+03:00 logger.go:66: [0m[1mmodule.mysql.aws_db_instance.example: Still creating... [3m50s elapsed][0m[0m
TestHelloWorldAppStageWithStages 2021-11-24T15:42:50+03:00 logger.go:66: [0m[1mmodule.mysql.aws_db_instance.example: Still creating... [4m0s elapsed][0m[0m
TestHelloWorldAppStageWithStages 2021-11-24T15:42:51+03:00 logger.go:66: [0m[1mmodule.mysql.aws_db_instance.example: Creation complete after 4m2s [id=terraform-up-and-running20211124123850121000000001][0m
TestHelloWorldAppStageWithStages 2021-11-24T15:42:53+03:00 logger.go:66: [0m[1m[32m
TestHelloWorldAppStageWithStages 2021-11-24T15:42:53+03:00 logger.go:66: Apply complete! Resources: 1 added, 0 changed, 0 destroyed.
TestHelloWorldAppStageWithStages 2021-11-24T15:42:53+03:00 logger.go:66: [0m[0m[1m[32m
TestHelloWorldAppStageWithStages 2021-11-24T15:42:53+03:00 logger.go:66: Outputs:
TestHelloWorldAppStageWithStages 2021-11-24T15:42:53+03:00 logger.go:66: 
TestHelloWorldAppStageWithStages 2021-11-24T15:42:53+03:00 logger.go:66: [0maddress = "terraform-up-and-running20211124123850121000000001.c2ancbomkisz.us-west-2.rds.amazonaws.com"
TestHelloWorldAppStageWithStages 2021-11-24T15:42:53+03:00 logger.go:66: port = 3306
TestHelloWorldAppStageWithStages 2021-11-24T15:42:53+03:00 test_structure.go:27: The 'SKIP_deploy_app' environment variable is not set, so executing stage 'deploy_app'.
TestHelloWorldAppStageWithStages 2021-11-24T15:42:53+03:00 save_test_data.go:215: Loading test data from ../live/stage/data-stores/mysql/.test-data/TerraformOptions.json
TestHelloWorldAppStageWithStages 2021-11-24T15:42:53+03:00 save_test_data.go:188: Storing test data in ../live/stage/services/hello-world-app/.test-data/TerraformOptions.json so it can be reused later
TestHelloWorldAppStageWithStages 2021-11-24T15:42:53+03:00 save_test_data.go:191: [WARNING] The named test data at path ../live/stage/services/hello-world-app/.test-data/TerraformOptions.json is non-empty. Save operation will overwrite existing value with "&{ ../live/stage/services/hello-world-app map[db_remote_state_bucket:terraform-asg-bucket-revyakin db_remote_state_key:TestHelloWorldAppStageWithStages/GPhMem/terraform.tfstate environment:testGPhMem] [] [] false  map[] map[] map[RequestError: send request failed:Throttling issue?] 3 5s false false false false <nil> false 0 <nil> 0  }".
.
TestHelloWorldAppStageWithStages 2021-11-24T15:42:53+03:00 save_test_data.go:199: Marshalled JSON: {"TerraformBinary":"","TerraformDir":"../live/stage/services/hello-world-app","Vars":{"db_remote_state_bucket":"terraform-asg-bucket-revyakin","db_remote_state_key":"TestHelloWorldAppStageWithStages/GPhMem/terraform.tfstate","environment":"testGPhMem"},"VarFiles":null,"Targets":null,"Lock":false,"LockTimeout":"","EnvVars":null,"BackendConfig":null,"RetryableTerraformErrors":{"RequestError: send request failed":"Throttling issue?"},"MaxRetries":3,"TimeBetweenRetries":5000000000,"Upgrade":false,"Reconfigure":false,"MigrateState":false,"NoColor":false,"SshAgent":null,"NoStderr":false,"OutputMaxLineSize":0,"Logger":null,"Parallelism":0,"PlanFilePath":"","PluginDir":""}
TestHelloWorldAppStageWithStages 2021-11-24T15:42:53+03:00 retry.go:91: terraform [init -upgrade=false]
TestHelloWorldAppStageWithStages 2021-11-24T15:42:53+03:00 logger.go:66: Running command terraform with args [init -upgrade=false]
TestHelloWorldAppStageWithStages 2021-11-24T15:42:53+03:00 logger.go:66: [0m[1mInitializing modules...[0m
TestHelloWorldAppStageWithStages 2021-11-24T15:42:53+03:00 logger.go:66: 
TestHelloWorldAppStageWithStages 2021-11-24T15:42:53+03:00 logger.go:66: [0m[1mInitializing the backend...[0m
TestHelloWorldAppStageWithStages 2021-11-24T15:42:56+03:00 logger.go:66: 
TestHelloWorldAppStageWithStages 2021-11-24T15:42:56+03:00 logger.go:66: [0m[1mInitializing provider plugins...[0m
TestHelloWorldAppStageWithStages 2021-11-24T15:42:56+03:00 logger.go:66: - terraform.io/builtin/terraform is built in to Terraform
TestHelloWorldAppStageWithStages 2021-11-24T15:42:56+03:00 logger.go:66: - Reusing previous version of hashicorp/template from the dependency lock file
TestHelloWorldAppStageWithStages 2021-11-24T15:42:56+03:00 logger.go:66: - Reusing previous version of hashicorp/aws from the dependency lock file
TestHelloWorldAppStageWithStages 2021-11-24T15:42:57+03:00 logger.go:66: - Using previously-installed hashicorp/template v2.2.0
TestHelloWorldAppStageWithStages 2021-11-24T15:42:57+03:00 logger.go:66: - Using previously-installed hashicorp/aws v3.66.0
TestHelloWorldAppStageWithStages 2021-11-24T15:42:57+03:00 logger.go:66: 
TestHelloWorldAppStageWithStages 2021-11-24T15:42:57+03:00 logger.go:66: [0m[1m[32mTerraform has been successfully initialized![0m[32m[0m
TestHelloWorldAppStageWithStages 2021-11-24T15:42:57+03:00 logger.go:66: [0m[32m
TestHelloWorldAppStageWithStages 2021-11-24T15:42:57+03:00 logger.go:66: You may now begin working with Terraform. Try running "terraform plan" to see
TestHelloWorldAppStageWithStages 2021-11-24T15:42:57+03:00 logger.go:66: any changes that are required for your infrastructure. All Terraform commands
TestHelloWorldAppStageWithStages 2021-11-24T15:42:57+03:00 logger.go:66: should now work.
TestHelloWorldAppStageWithStages 2021-11-24T15:42:57+03:00 logger.go:66: 
TestHelloWorldAppStageWithStages 2021-11-24T15:42:57+03:00 logger.go:66: If you ever set or change modules or backend configuration for Terraform,
TestHelloWorldAppStageWithStages 2021-11-24T15:42:57+03:00 logger.go:66: rerun this command to reinitialize your working directory. If you forget, other
TestHelloWorldAppStageWithStages 2021-11-24T15:42:57+03:00 logger.go:66: commands will detect it and remind you to do so if necessary.[0m
TestHelloWorldAppStageWithStages 2021-11-24T15:42:57+03:00 retry.go:91: terraform [apply -input=false -auto-approve -var db_remote_state_bucket=terraform-asg-bucket-revyakin -var db_remote_state_key=TestHelloWorldAppStageWithStages/GPhMem/terraform.tfstate -var environment=testGPhMem -lock=false]
TestHelloWorldAppStageWithStages 2021-11-24T15:42:57+03:00 logger.go:66: Running command terraform with args [apply -input=false -auto-approve -var db_remote_state_bucket=terraform-asg-bucket-revyakin -var db_remote_state_key=TestHelloWorldAppStageWithStages/GPhMem/terraform.tfstate -var environment=testGPhMem -lock=false]
TestHelloWorldAppStageWithStages 2021-11-24T15:43:06+03:00 logger.go:66: 
TestHelloWorldAppStageWithStages 2021-11-24T15:43:06+03:00 logger.go:66: Terraform used the selected providers to generate the following execution
TestHelloWorldAppStageWithStages 2021-11-24T15:43:06+03:00 logger.go:66: plan. Resource actions are indicated with the following symbols:
TestHelloWorldAppStageWithStages 2021-11-24T15:43:06+03:00 logger.go:66:   [32m+[0m create
TestHelloWorldAppStageWithStages 2021-11-24T15:43:06+03:00 logger.go:66: [0m
TestHelloWorldAppStageWithStages 2021-11-24T15:43:06+03:00 logger.go:66: Terraform will perform the following actions:
TestHelloWorldAppStageWithStages 2021-11-24T15:43:06+03:00 logger.go:66: 
TestHelloWorldAppStageWithStages 2021-11-24T15:43:06+03:00 logger.go:66: [1m  # module.hello_world_app.aws_lb_listener_rule.asg[0m will be created[0m[0m
TestHelloWorldAppStageWithStages 2021-11-24T15:43:06+03:00 logger.go:66: [0m  [32m+[0m[0m resource "aws_lb_listener_rule" "asg" {
TestHelloWorldAppStageWithStages 2021-11-24T15:43:06+03:00 logger.go:66:       [32m+[0m [0m[1m[0marn[0m[0m          = (known after apply)
TestHelloWorldAppStageWithStages 2021-11-24T15:43:06+03:00 logger.go:66:       [32m+[0m [0m[1m[0mid[0m[0m           = (known after apply)
TestHelloWorldAppStageWithStages 2021-11-24T15:43:06+03:00 logger.go:66:       [32m+[0m [0m[1m[0mlistener_arn[0m[0m = (known after apply)
TestHelloWorldAppStageWithStages 2021-11-24T15:43:06+03:00 logger.go:66:       [32m+[0m [0m[1m[0mpriority[0m[0m     = 100
TestHelloWorldAppStageWithStages 2021-11-24T15:43:06+03:00 logger.go:66:       [32m+[0m [0m[1m[0mtags_all[0m[0m     = (known after apply)
TestHelloWorldAppStageWithStages 2021-11-24T15:43:06+03:00 logger.go:66: 
TestHelloWorldAppStageWithStages 2021-11-24T15:43:06+03:00 logger.go:66:       [32m+[0m [0maction {
TestHelloWorldAppStageWithStages 2021-11-24T15:43:06+03:00 logger.go:66:           [32m+[0m [0m[1m[0morder[0m[0m            = (known after apply)
TestHelloWorldAppStageWithStages 2021-11-24T15:43:06+03:00 logger.go:66:           [32m+[0m [0m[1m[0mtarget_group_arn[0m[0m = (known after apply)
TestHelloWorldAppStageWithStages 2021-11-24T15:43:06+03:00 logger.go:66:           [32m+[0m [0m[1m[0mtype[0m[0m             = "forward"
TestHelloWorldAppStageWithStages 2021-11-24T15:43:06+03:00 logger.go:66:         }
TestHelloWorldAppStageWithStages 2021-11-24T15:43:06+03:00 logger.go:66: 
TestHelloWorldAppStageWithStages 2021-11-24T15:43:06+03:00 logger.go:66:       [32m+[0m [0mcondition {
TestHelloWorldAppStageWithStages 2021-11-24T15:43:06+03:00 logger.go:66: 
TestHelloWorldAppStageWithStages 2021-11-24T15:43:06+03:00 logger.go:66:           [32m+[0m [0mpath_pattern {
TestHelloWorldAppStageWithStages 2021-11-24T15:43:06+03:00 logger.go:66:               [32m+[0m [0m[1m[0mvalues[0m[0m = [
TestHelloWorldAppStageWithStages 2021-11-24T15:43:06+03:00 logger.go:66:                   [32m+[0m [0m"*",
TestHelloWorldAppStageWithStages 2021-11-24T15:43:06+03:00 logger.go:66:                 ]
TestHelloWorldAppStageWithStages 2021-11-24T15:43:06+03:00 logger.go:66:             }
TestHelloWorldAppStageWithStages 2021-11-24T15:43:06+03:00 logger.go:66:         }
TestHelloWorldAppStageWithStages 2021-11-24T15:43:06+03:00 logger.go:66:     }
TestHelloWorldAppStageWithStages 2021-11-24T15:43:06+03:00 logger.go:66: 
TestHelloWorldAppStageWithStages 2021-11-24T15:43:06+03:00 logger.go:66: [1m  # module.hello_world_app.aws_lb_target_group.asg[0m will be created[0m[0m
TestHelloWorldAppStageWithStages 2021-11-24T15:43:06+03:00 logger.go:66: [0m  [32m+[0m[0m resource "aws_lb_target_group" "asg" {
TestHelloWorldAppStageWithStages 2021-11-24T15:43:06+03:00 logger.go:66:       [32m+[0m [0m[1m[0marn[0m[0m                                = (known after apply)
TestHelloWorldAppStageWithStages 2021-11-24T15:43:06+03:00 logger.go:66:       [32m+[0m [0m[1m[0marn_suffix[0m[0m                         = (known after apply)
TestHelloWorldAppStageWithStages 2021-11-24T15:43:06+03:00 logger.go:66:       [32m+[0m [0m[1m[0mderegistration_delay[0m[0m               = "300"
TestHelloWorldAppStageWithStages 2021-11-24T15:43:06+03:00 logger.go:66:       [32m+[0m [0m[1m[0mid[0m[0m                                 = (known after apply)
TestHelloWorldAppStageWithStages 2021-11-24T15:43:06+03:00 logger.go:66:       [32m+[0m [0m[1m[0mlambda_multi_value_headers_enabled[0m[0m = false
TestHelloWorldAppStageWithStages 2021-11-24T15:43:06+03:00 logger.go:66:       [32m+[0m [0m[1m[0mload_balancing_algorithm_type[0m[0m      = (known after apply)
TestHelloWorldAppStageWithStages 2021-11-24T15:43:06+03:00 logger.go:66:       [32m+[0m [0m[1m[0mname[0m[0m                               = "hello-world-testGPhMem"
TestHelloWorldAppStageWithStages 2021-11-24T15:43:06+03:00 logger.go:66:       [32m+[0m [0m[1m[0mport[0m[0m                               = 8080
TestHelloWorldAppStageWithStages 2021-11-24T15:43:06+03:00 logger.go:66:       [32m+[0m [0m[1m[0mpreserve_client_ip[0m[0m                 = (known after apply)
TestHelloWorldAppStageWithStages 2021-11-24T15:43:06+03:00 logger.go:66:       [32m+[0m [0m[1m[0mprotocol[0m[0m                           = "HTTP"
TestHelloWorldAppStageWithStages 2021-11-24T15:43:06+03:00 logger.go:66:       [32m+[0m [0m[1m[0mprotocol_version[0m[0m                   = (known after apply)
TestHelloWorldAppStageWithStages 2021-11-24T15:43:06+03:00 logger.go:66:       [32m+[0m [0m[1m[0mproxy_protocol_v2[0m[0m                  = false
TestHelloWorldAppStageWithStages 2021-11-24T15:43:06+03:00 logger.go:66:       [32m+[0m [0m[1m[0mslow_start[0m[0m                         = 0
TestHelloWorldAppStageWithStages 2021-11-24T15:43:06+03:00 logger.go:66:       [32m+[0m [0m[1m[0mtags_all[0m[0m                           = (known after apply)
TestHelloWorldAppStageWithStages 2021-11-24T15:43:06+03:00 logger.go:66:       [32m+[0m [0m[1m[0mtarget_type[0m[0m                        = "instance"
TestHelloWorldAppStageWithStages 2021-11-24T15:43:06+03:00 logger.go:66:       [32m+[0m [0m[1m[0mvpc_id[0m[0m                             = "vpc-1c7d7064"
TestHelloWorldAppStageWithStages 2021-11-24T15:43:06+03:00 logger.go:66: 
TestHelloWorldAppStageWithStages 2021-11-24T15:43:06+03:00 logger.go:66:       [32m+[0m [0mhealth_check {
TestHelloWorldAppStageWithStages 2021-11-24T15:43:06+03:00 logger.go:66:           [32m+[0m [0m[1m[0menabled[0m[0m             = true
TestHelloWorldAppStageWithStages 2021-11-24T15:43:06+03:00 logger.go:66:           [32m+[0m [0m[1m[0mhealthy_threshold[0m[0m   = 2
TestHelloWorldAppStageWithStages 2021-11-24T15:43:06+03:00 logger.go:66:           [32m+[0m [0m[1m[0minterval[0m[0m            = 15
TestHelloWorldAppStageWithStages 2021-11-24T15:43:06+03:00 logger.go:66:           [32m+[0m [0m[1m[0mmatcher[0m[0m             = "200"
TestHelloWorldAppStageWithStages 2021-11-24T15:43:06+03:00 logger.go:66:           [32m+[0m [0m[1m[0mpath[0m[0m                = "/"
TestHelloWorldAppStageWithStages 2021-11-24T15:43:06+03:00 logger.go:66:           [32m+[0m [0m[1m[0mport[0m[0m                = "traffic-port"
TestHelloWorldAppStageWithStages 2021-11-24T15:43:06+03:00 logger.go:66:           [32m+[0m [0m[1m[0mprotocol[0m[0m            = "HTTP"
TestHelloWorldAppStageWithStages 2021-11-24T15:43:06+03:00 logger.go:66:           [32m+[0m [0m[1m[0mtimeout[0m[0m             = 3
TestHelloWorldAppStageWithStages 2021-11-24T15:43:06+03:00 logger.go:66:           [32m+[0m [0m[1m[0munhealthy_threshold[0m[0m = 2
TestHelloWorldAppStageWithStages 2021-11-24T15:43:06+03:00 logger.go:66:         }
TestHelloWorldAppStageWithStages 2021-11-24T15:43:06+03:00 logger.go:66: 
TestHelloWorldAppStageWithStages 2021-11-24T15:43:06+03:00 logger.go:66:       [32m+[0m [0mstickiness {
TestHelloWorldAppStageWithStages 2021-11-24T15:43:06+03:00 logger.go:66:           [32m+[0m [0m[1m[0mcookie_duration[0m[0m = (known after apply)
TestHelloWorldAppStageWithStages 2021-11-24T15:43:06+03:00 logger.go:66:           [32m+[0m [0m[1m[0mcookie_name[0m[0m     = (known after apply)
TestHelloWorldAppStageWithStages 2021-11-24T15:43:06+03:00 logger.go:66:           [32m+[0m [0m[1m[0menabled[0m[0m         = (known after apply)
TestHelloWorldAppStageWithStages 2021-11-24T15:43:06+03:00 logger.go:66:           [32m+[0m [0m[1m[0mtype[0m[0m            = (known after apply)
TestHelloWorldAppStageWithStages 2021-11-24T15:43:06+03:00 logger.go:66:         }
TestHelloWorldAppStageWithStages 2021-11-24T15:43:06+03:00 logger.go:66:     }
TestHelloWorldAppStageWithStages 2021-11-24T15:43:06+03:00 logger.go:66: 
TestHelloWorldAppStageWithStages 2021-11-24T15:43:06+03:00 logger.go:66: [1m  # module.hello_world_app.module.alb.aws_lb.example[0m will be created[0m[0m
TestHelloWorldAppStageWithStages 2021-11-24T15:43:06+03:00 logger.go:66: [0m  [32m+[0m[0m resource "aws_lb" "example" {
TestHelloWorldAppStageWithStages 2021-11-24T15:43:06+03:00 logger.go:66:       [32m+[0m [0m[1m[0marn[0m[0m                        = (known after apply)
TestHelloWorldAppStageWithStages 2021-11-24T15:43:06+03:00 logger.go:66:       [32m+[0m [0m[1m[0marn_suffix[0m[0m                 = (known after apply)
TestHelloWorldAppStageWithStages 2021-11-24T15:43:06+03:00 logger.go:66:       [32m+[0m [0m[1m[0mdns_name[0m[0m                   = (known after apply)
TestHelloWorldAppStageWithStages 2021-11-24T15:43:06+03:00 logger.go:66:       [32m+[0m [0m[1m[0mdrop_invalid_header_fields[0m[0m = false
TestHelloWorldAppStageWithStages 2021-11-24T15:43:06+03:00 logger.go:66:       [32m+[0m [0m[1m[0menable_deletion_protection[0m[0m = false
TestHelloWorldAppStageWithStages 2021-11-24T15:43:06+03:00 logger.go:66:       [32m+[0m [0m[1m[0menable_http2[0m[0m               = true
TestHelloWorldAppStageWithStages 2021-11-24T15:43:06+03:00 logger.go:66:       [32m+[0m [0m[1m[0mid[0m[0m                         = (known after apply)
TestHelloWorldAppStageWithStages 2021-11-24T15:43:06+03:00 logger.go:66:       [32m+[0m [0m[1m[0midle_timeout[0m[0m               = 60
TestHelloWorldAppStageWithStages 2021-11-24T15:43:06+03:00 logger.go:66:       [32m+[0m [0m[1m[0minternal[0m[0m                   = (known after apply)
TestHelloWorldAppStageWithStages 2021-11-24T15:43:06+03:00 logger.go:66:       [32m+[0m [0m[1m[0mip_address_type[0m[0m            = (known after apply)
TestHelloWorldAppStageWithStages 2021-11-24T15:43:06+03:00 logger.go:66:       [32m+[0m [0m[1m[0mload_balancer_type[0m[0m         = "application"
TestHelloWorldAppStageWithStages 2021-11-24T15:43:06+03:00 logger.go:66:       [32m+[0m [0m[1m[0mname[0m[0m                       = "hello-world-testGPhMem"
TestHelloWorldAppStageWithStages 2021-11-24T15:43:06+03:00 logger.go:66:       [32m+[0m [0m[1m[0msecurity_groups[0m[0m            = (known after apply)
TestHelloWorldAppStageWithStages 2021-11-24T15:43:06+03:00 logger.go:66:       [32m+[0m [0m[1m[0msubnets[0m[0m                    = [
TestHelloWorldAppStageWithStages 2021-11-24T15:43:06+03:00 logger.go:66:           [32m+[0m [0m"subnet-2c48f066",
TestHelloWorldAppStageWithStages 2021-11-24T15:43:06+03:00 logger.go:66:           [32m+[0m [0m"subnet-cbaac396",
TestHelloWorldAppStageWithStages 2021-11-24T15:43:06+03:00 logger.go:66:           [32m+[0m [0m"subnet-edc85695",
TestHelloWorldAppStageWithStages 2021-11-24T15:43:06+03:00 logger.go:66:           [32m+[0m [0m"subnet-f3dd3cd9",
TestHelloWorldAppStageWithStages 2021-11-24T15:43:06+03:00 logger.go:66:         ]
TestHelloWorldAppStageWithStages 2021-11-24T15:43:06+03:00 logger.go:66:       [32m+[0m [0m[1m[0mtags_all[0m[0m                   = (known after apply)
TestHelloWorldAppStageWithStages 2021-11-24T15:43:06+03:00 logger.go:66:       [32m+[0m [0m[1m[0mvpc_id[0m[0m                     = (known after apply)
TestHelloWorldAppStageWithStages 2021-11-24T15:43:06+03:00 logger.go:66:       [32m+[0m [0m[1m[0mzone_id[0m[0m                    = (known after apply)
TestHelloWorldAppStageWithStages 2021-11-24T15:43:06+03:00 logger.go:66: 
TestHelloWorldAppStageWithStages 2021-11-24T15:43:06+03:00 logger.go:66:       [32m+[0m [0msubnet_mapping {
TestHelloWorldAppStageWithStages 2021-11-24T15:43:06+03:00 logger.go:66:           [32m+[0m [0m[1m[0mallocation_id[0m[0m        = (known after apply)
TestHelloWorldAppStageWithStages 2021-11-24T15:43:06+03:00 logger.go:66:           [32m+[0m [0m[1m[0mipv6_address[0m[0m         = (known after apply)
TestHelloWorldAppStageWithStages 2021-11-24T15:43:06+03:00 logger.go:66:           [32m+[0m [0m[1m[0moutpost_id[0m[0m           = (known after apply)
TestHelloWorldAppStageWithStages 2021-11-24T15:43:06+03:00 logger.go:66:           [32m+[0m [0m[1m[0mprivate_ipv4_address[0m[0m = (known after apply)
TestHelloWorldAppStageWithStages 2021-11-24T15:43:06+03:00 logger.go:66:           [32m+[0m [0m[1m[0msubnet_id[0m[0m            = (known after apply)
TestHelloWorldAppStageWithStages 2021-11-24T15:43:06+03:00 logger.go:66:         }
TestHelloWorldAppStageWithStages 2021-11-24T15:43:06+03:00 logger.go:66:     }
TestHelloWorldAppStageWithStages 2021-11-24T15:43:06+03:00 logger.go:66: 
TestHelloWorldAppStageWithStages 2021-11-24T15:43:06+03:00 logger.go:66: [1m  # module.hello_world_app.module.alb.aws_lb_listener.http[0m will be created[0m[0m
TestHelloWorldAppStageWithStages 2021-11-24T15:43:06+03:00 logger.go:66: [0m  [32m+[0m[0m resource "aws_lb_listener" "http" {
TestHelloWorldAppStageWithStages 2021-11-24T15:43:06+03:00 logger.go:66:       [32m+[0m [0m[1m[0marn[0m[0m               = (known after apply)
TestHelloWorldAppStageWithStages 2021-11-24T15:43:06+03:00 logger.go:66:       [32m+[0m [0m[1m[0mid[0m[0m                = (known after apply)
TestHelloWorldAppStageWithStages 2021-11-24T15:43:06+03:00 logger.go:66:       [32m+[0m [0m[1m[0mload_balancer_arn[0m[0m = (known after apply)
TestHelloWorldAppStageWithStages 2021-11-24T15:43:06+03:00 logger.go:66:       [32m+[0m [0m[1m[0mport[0m[0m              = 80
TestHelloWorldAppStageWithStages 2021-11-24T15:43:06+03:00 logger.go:66:       [32m+[0m [0m[1m[0mprotocol[0m[0m          = "HTTP"
TestHelloWorldAppStageWithStages 2021-11-24T15:43:06+03:00 logger.go:66:       [32m+[0m [0m[1m[0mssl_policy[0m[0m        = (known after apply)
TestHelloWorldAppStageWithStages 2021-11-24T15:43:06+03:00 logger.go:66:       [32m+[0m [0m[1m[0mtags_all[0m[0m          = (known after apply)
TestHelloWorldAppStageWithStages 2021-11-24T15:43:06+03:00 logger.go:66: 
TestHelloWorldAppStageWithStages 2021-11-24T15:43:06+03:00 logger.go:66:       [32m+[0m [0mdefault_action {
TestHelloWorldAppStageWithStages 2021-11-24T15:43:06+03:00 logger.go:66:           [32m+[0m [0m[1m[0morder[0m[0m = (known after apply)
TestHelloWorldAppStageWithStages 2021-11-24T15:43:06+03:00 logger.go:66:           [32m+[0m [0m[1m[0mtype[0m[0m  = "fixed-response"
TestHelloWorldAppStageWithStages 2021-11-24T15:43:06+03:00 logger.go:66: 
TestHelloWorldAppStageWithStages 2021-11-24T15:43:06+03:00 logger.go:66:           [32m+[0m [0mfixed_response {
TestHelloWorldAppStageWithStages 2021-11-24T15:43:06+03:00 logger.go:66:               [32m+[0m [0m[1m[0mcontent_type[0m[0m = "text/plain"
TestHelloWorldAppStageWithStages 2021-11-24T15:43:06+03:00 logger.go:66:               [32m+[0m [0m[1m[0mmessage_body[0m[0m = "404: page not found"
TestHelloWorldAppStageWithStages 2021-11-24T15:43:06+03:00 logger.go:66:               [32m+[0m [0m[1m[0mstatus_code[0m[0m  = "404"
TestHelloWorldAppStageWithStages 2021-11-24T15:43:06+03:00 logger.go:66:             }
TestHelloWorldAppStageWithStages 2021-11-24T15:43:06+03:00 logger.go:66:         }
TestHelloWorldAppStageWithStages 2021-11-24T15:43:06+03:00 logger.go:66:     }
TestHelloWorldAppStageWithStages 2021-11-24T15:43:06+03:00 logger.go:66: 
TestHelloWorldAppStageWithStages 2021-11-24T15:43:06+03:00 logger.go:66: [1m  # module.hello_world_app.module.alb.aws_security_group.alb[0m will be created[0m[0m
TestHelloWorldAppStageWithStages 2021-11-24T15:43:06+03:00 logger.go:66: [0m  [32m+[0m[0m resource "aws_security_group" "alb" {
TestHelloWorldAppStageWithStages 2021-11-24T15:43:06+03:00 logger.go:66:       [32m+[0m [0m[1m[0marn[0m[0m                    = (known after apply)
TestHelloWorldAppStageWithStages 2021-11-24T15:43:06+03:00 logger.go:66:       [32m+[0m [0m[1m[0mdescription[0m[0m            = "Managed by Terraform"
TestHelloWorldAppStageWithStages 2021-11-24T15:43:06+03:00 logger.go:66:       [32m+[0m [0m[1m[0megress[0m[0m                 = (known after apply)
TestHelloWorldAppStageWithStages 2021-11-24T15:43:06+03:00 logger.go:66:       [32m+[0m [0m[1m[0mid[0m[0m                     = (known after apply)
TestHelloWorldAppStageWithStages 2021-11-24T15:43:06+03:00 logger.go:66:       [32m+[0m [0m[1m[0mingress[0m[0m                = (known after apply)
TestHelloWorldAppStageWithStages 2021-11-24T15:43:06+03:00 logger.go:66:       [32m+[0m [0m[1m[0mname[0m[0m                   = "hello-world-testGPhMem"
TestHelloWorldAppStageWithStages 2021-11-24T15:43:06+03:00 logger.go:66:       [32m+[0m [0m[1m[0mname_prefix[0m[0m            = (known after apply)
TestHelloWorldAppStageWithStages 2021-11-24T15:43:06+03:00 logger.go:66:       [32m+[0m [0m[1m[0mowner_id[0m[0m               = (known after apply)
TestHelloWorldAppStageWithStages 2021-11-24T15:43:06+03:00 logger.go:66:       [32m+[0m [0m[1m[0mrevoke_rules_on_delete[0m[0m = false
TestHelloWorldAppStageWithStages 2021-11-24T15:43:06+03:00 logger.go:66:       [32m+[0m [0m[1m[0mtags_all[0m[0m               = (known after apply)
TestHelloWorldAppStageWithStages 2021-11-24T15:43:06+03:00 logger.go:66:       [32m+[0m [0m[1m[0mvpc_id[0m[0m                 = (known after apply)
TestHelloWorldAppStageWithStages 2021-11-24T15:43:06+03:00 logger.go:66:     }
TestHelloWorldAppStageWithStages 2021-11-24T15:43:06+03:00 logger.go:66: 
TestHelloWorldAppStageWithStages 2021-11-24T15:43:06+03:00 logger.go:66: [1m  # module.hello_world_app.module.alb.aws_security_group_rule.allow_all_outbound[0m will be created[0m[0m
TestHelloWorldAppStageWithStages 2021-11-24T15:43:06+03:00 logger.go:66: [0m  [32m+[0m[0m resource "aws_security_group_rule" "allow_all_outbound" {
TestHelloWorldAppStageWithStages 2021-11-24T15:43:06+03:00 logger.go:66:       [32m+[0m [0m[1m[0mcidr_blocks[0m[0m              = [
TestHelloWorldAppStageWithStages 2021-11-24T15:43:06+03:00 logger.go:66:           [32m+[0m [0m"0.0.0.0/0",
TestHelloWorldAppStageWithStages 2021-11-24T15:43:06+03:00 logger.go:66:         ]
TestHelloWorldAppStageWithStages 2021-11-24T15:43:06+03:00 logger.go:66:       [32m+[0m [0m[1m[0mfrom_port[0m[0m                = 0
TestHelloWorldAppStageWithStages 2021-11-24T15:43:06+03:00 logger.go:66:       [32m+[0m [0m[1m[0mid[0m[0m                       = (known after apply)
TestHelloWorldAppStageWithStages 2021-11-24T15:43:06+03:00 logger.go:66:       [32m+[0m [0m[1m[0mprotocol[0m[0m                 = "-1"
TestHelloWorldAppStageWithStages 2021-11-24T15:43:06+03:00 logger.go:66:       [32m+[0m [0m[1m[0msecurity_group_id[0m[0m        = (known after apply)
TestHelloWorldAppStageWithStages 2021-11-24T15:43:06+03:00 logger.go:66:       [32m+[0m [0m[1m[0mself[0m[0m                     = false
TestHelloWorldAppStageWithStages 2021-11-24T15:43:06+03:00 logger.go:66:       [32m+[0m [0m[1m[0msource_security_group_id[0m[0m = (known after apply)
TestHelloWorldAppStageWithStages 2021-11-24T15:43:06+03:00 logger.go:66:       [32m+[0m [0m[1m[0mto_port[0m[0m                  = 0
TestHelloWorldAppStageWithStages 2021-11-24T15:43:06+03:00 logger.go:66:       [32m+[0m [0m[1m[0mtype[0m[0m                     = "egress"
TestHelloWorldAppStageWithStages 2021-11-24T15:43:06+03:00 logger.go:66:     }
TestHelloWorldAppStageWithStages 2021-11-24T15:43:06+03:00 logger.go:66: 
TestHelloWorldAppStageWithStages 2021-11-24T15:43:06+03:00 logger.go:66: [1m  # module.hello_world_app.module.alb.aws_security_group_rule.allow_http_inbound[0m will be created[0m[0m
TestHelloWorldAppStageWithStages 2021-11-24T15:43:06+03:00 logger.go:66: [0m  [32m+[0m[0m resource "aws_security_group_rule" "allow_http_inbound" {
TestHelloWorldAppStageWithStages 2021-11-24T15:43:06+03:00 logger.go:66:       [32m+[0m [0m[1m[0mcidr_blocks[0m[0m              = [
TestHelloWorldAppStageWithStages 2021-11-24T15:43:06+03:00 logger.go:66:           [32m+[0m [0m"0.0.0.0/0",
TestHelloWorldAppStageWithStages 2021-11-24T15:43:06+03:00 logger.go:66:         ]
TestHelloWorldAppStageWithStages 2021-11-24T15:43:06+03:00 logger.go:66:       [32m+[0m [0m[1m[0mfrom_port[0m[0m                = 80
TestHelloWorldAppStageWithStages 2021-11-24T15:43:06+03:00 logger.go:66:       [32m+[0m [0m[1m[0mid[0m[0m                       = (known after apply)
TestHelloWorldAppStageWithStages 2021-11-24T15:43:06+03:00 logger.go:66:       [32m+[0m [0m[1m[0mprotocol[0m[0m                 = "tcp"
TestHelloWorldAppStageWithStages 2021-11-24T15:43:06+03:00 logger.go:66:       [32m+[0m [0m[1m[0msecurity_group_id[0m[0m        = (known after apply)
TestHelloWorldAppStageWithStages 2021-11-24T15:43:06+03:00 logger.go:66:       [32m+[0m [0m[1m[0mself[0m[0m                     = false
TestHelloWorldAppStageWithStages 2021-11-24T15:43:06+03:00 logger.go:66:       [32m+[0m [0m[1m[0msource_security_group_id[0m[0m = (known after apply)
TestHelloWorldAppStageWithStages 2021-11-24T15:43:06+03:00 logger.go:66:       [32m+[0m [0m[1m[0mto_port[0m[0m                  = 80
TestHelloWorldAppStageWithStages 2021-11-24T15:43:06+03:00 logger.go:66:       [32m+[0m [0m[1m[0mtype[0m[0m                     = "ingress"
TestHelloWorldAppStageWithStages 2021-11-24T15:43:06+03:00 logger.go:66:     }
TestHelloWorldAppStageWithStages 2021-11-24T15:43:06+03:00 logger.go:66: 
TestHelloWorldAppStageWithStages 2021-11-24T15:43:06+03:00 logger.go:66: [1m  # module.hello_world_app.module.asg.aws_autoscaling_group.example[0m will be created[0m[0m
TestHelloWorldAppStageWithStages 2021-11-24T15:43:06+03:00 logger.go:66: [0m  [32m+[0m[0m resource "aws_autoscaling_group" "example" {
TestHelloWorldAppStageWithStages 2021-11-24T15:43:06+03:00 logger.go:66:       [32m+[0m [0m[1m[0marn[0m[0m                       = (known after apply)
TestHelloWorldAppStageWithStages 2021-11-24T15:43:06+03:00 logger.go:66:       [32m+[0m [0m[1m[0mavailability_zones[0m[0m        = (known after apply)
TestHelloWorldAppStageWithStages 2021-11-24T15:43:06+03:00 logger.go:66:       [32m+[0m [0m[1m[0mdefault_cooldown[0m[0m          = (known after apply)
TestHelloWorldAppStageWithStages 2021-11-24T15:43:06+03:00 logger.go:66:       [32m+[0m [0m[1m[0mdesired_capacity[0m[0m          = (known after apply)
TestHelloWorldAppStageWithStages 2021-11-24T15:43:06+03:00 logger.go:66:       [32m+[0m [0m[1m[0mforce_delete[0m[0m              = false
TestHelloWorldAppStageWithStages 2021-11-24T15:43:06+03:00 logger.go:66:       [32m+[0m [0m[1m[0mforce_delete_warm_pool[0m[0m    = false
TestHelloWorldAppStageWithStages 2021-11-24T15:43:06+03:00 logger.go:66:       [32m+[0m [0m[1m[0mhealth_check_grace_period[0m[0m = 300
TestHelloWorldAppStageWithStages 2021-11-24T15:43:06+03:00 logger.go:66:       [32m+[0m [0m[1m[0mhealth_check_type[0m[0m         = "ELB"
TestHelloWorldAppStageWithStages 2021-11-24T15:43:06+03:00 logger.go:66:       [32m+[0m [0m[1m[0mid[0m[0m                        = (known after apply)
TestHelloWorldAppStageWithStages 2021-11-24T15:43:06+03:00 logger.go:66:       [32m+[0m [0m[1m[0mlaunch_configuration[0m[0m      = (known after apply)
TestHelloWorldAppStageWithStages 2021-11-24T15:43:06+03:00 logger.go:66:       [32m+[0m [0m[1m[0mmax_size[0m[0m                  = 2
TestHelloWorldAppStageWithStages 2021-11-24T15:43:06+03:00 logger.go:66:       [32m+[0m [0m[1m[0mmetrics_granularity[0m[0m       = "1Minute"
TestHelloWorldAppStageWithStages 2021-11-24T15:43:06+03:00 logger.go:66:       [32m+[0m [0m[1m[0mmin_elb_capacity[0m[0m          = 2
TestHelloWorldAppStageWithStages 2021-11-24T15:43:06+03:00 logger.go:66:       [32m+[0m [0m[1m[0mmin_size[0m[0m                  = 2
TestHelloWorldAppStageWithStages 2021-11-24T15:43:06+03:00 logger.go:66:       [32m+[0m [0m[1m[0mname[0m[0m                      = (known after apply)
TestHelloWorldAppStageWithStages 2021-11-24T15:43:06+03:00 logger.go:66:       [32m+[0m [0m[1m[0mname_prefix[0m[0m               = (known after apply)
TestHelloWorldAppStageWithStages 2021-11-24T15:43:06+03:00 logger.go:66:       [32m+[0m [0m[1m[0mprotect_from_scale_in[0m[0m     = false
TestHelloWorldAppStageWithStages 2021-11-24T15:43:06+03:00 logger.go:66:       [32m+[0m [0m[1m[0mservice_linked_role_arn[0m[0m   = (known after apply)
TestHelloWorldAppStageWithStages 2021-11-24T15:43:06+03:00 logger.go:66:       [32m+[0m [0m[1m[0mtarget_group_arns[0m[0m         = (known after apply)
TestHelloWorldAppStageWithStages 2021-11-24T15:43:06+03:00 logger.go:66:       [32m+[0m [0m[1m[0mvpc_zone_identifier[0m[0m       = [
TestHelloWorldAppStageWithStages 2021-11-24T15:43:06+03:00 logger.go:66:           [32m+[0m [0m"subnet-2c48f066",
TestHelloWorldAppStageWithStages 2021-11-24T15:43:06+03:00 logger.go:66:           [32m+[0m [0m"subnet-cbaac396",
TestHelloWorldAppStageWithStages 2021-11-24T15:43:06+03:00 logger.go:66:           [32m+[0m [0m"subnet-edc85695",
TestHelloWorldAppStageWithStages 2021-11-24T15:43:06+03:00 logger.go:66:           [32m+[0m [0m"subnet-f3dd3cd9",
TestHelloWorldAppStageWithStages 2021-11-24T15:43:06+03:00 logger.go:66:         ]
TestHelloWorldAppStageWithStages 2021-11-24T15:43:06+03:00 logger.go:66:       [32m+[0m [0m[1m[0mwait_for_capacity_timeout[0m[0m = "10m"
TestHelloWorldAppStageWithStages 2021-11-24T15:43:06+03:00 logger.go:66: 
TestHelloWorldAppStageWithStages 2021-11-24T15:43:06+03:00 logger.go:66:       [32m+[0m [0mtag {
TestHelloWorldAppStageWithStages 2021-11-24T15:43:06+03:00 logger.go:66:           [32m+[0m [0m[1m[0mkey[0m[0m                 = "Name"
TestHelloWorldAppStageWithStages 2021-11-24T15:43:06+03:00 logger.go:66:           [32m+[0m [0m[1m[0mpropagate_at_launch[0m[0m = true
TestHelloWorldAppStageWithStages 2021-11-24T15:43:06+03:00 logger.go:66:           [32m+[0m [0m[1m[0mvalue[0m[0m               = "hello-world-testGPhMem"
TestHelloWorldAppStageWithStages 2021-11-24T15:43:06+03:00 logger.go:66:         }
TestHelloWorldAppStageWithStages 2021-11-24T15:43:06+03:00 logger.go:66:     }
TestHelloWorldAppStageWithStages 2021-11-24T15:43:06+03:00 logger.go:66: 
TestHelloWorldAppStageWithStages 2021-11-24T15:43:06+03:00 logger.go:66: [1m  # module.hello_world_app.module.asg.aws_cloudwatch_metric_alarm.high_cpu_utilization[0m will be created[0m[0m
TestHelloWorldAppStageWithStages 2021-11-24T15:43:06+03:00 logger.go:66: [0m  [32m+[0m[0m resource "aws_cloudwatch_metric_alarm" "high_cpu_utilization" {
TestHelloWorldAppStageWithStages 2021-11-24T15:43:06+03:00 logger.go:66:       [32m+[0m [0m[1m[0mactions_enabled[0m[0m                       = true
TestHelloWorldAppStageWithStages 2021-11-24T15:43:06+03:00 logger.go:66:       [32m+[0m [0m[1m[0malarm_name[0m[0m                            = "hello-world-testGPhMem-high-cpu-utilization"
TestHelloWorldAppStageWithStages 2021-11-24T15:43:06+03:00 logger.go:66:       [32m+[0m [0m[1m[0marn[0m[0m                                   = (known after apply)
TestHelloWorldAppStageWithStages 2021-11-24T15:43:06+03:00 logger.go:66:       [32m+[0m [0m[1m[0mcomparison_operator[0m[0m                   = "GreaterThanThreshold"
TestHelloWorldAppStageWithStages 2021-11-24T15:43:06+03:00 logger.go:66:       [32m+[0m [0m[1m[0mdimensions[0m[0m                            = (known after apply)
TestHelloWorldAppStageWithStages 2021-11-24T15:43:06+03:00 logger.go:66:       [32m+[0m [0m[1m[0mevaluate_low_sample_count_percentiles[0m[0m = (known after apply)
TestHelloWorldAppStageWithStages 2021-11-24T15:43:06+03:00 logger.go:66:       [32m+[0m [0m[1m[0mevaluation_periods[0m[0m                    = 1
TestHelloWorldAppStageWithStages 2021-11-24T15:43:06+03:00 logger.go:66:       [32m+[0m [0m[1m[0mid[0m[0m                                    = (known after apply)
TestHelloWorldAppStageWithStages 2021-11-24T15:43:06+03:00 logger.go:66:       [32m+[0m [0m[1m[0mmetric_name[0m[0m                           = "CPUUtilization"
TestHelloWorldAppStageWithStages 2021-11-24T15:43:06+03:00 logger.go:66:       [32m+[0m [0m[1m[0mnamespace[0m[0m                             = "AWS/EC2"
TestHelloWorldAppStageWithStages 2021-11-24T15:43:06+03:00 logger.go:66:       [32m+[0m [0m[1m[0mperiod[0m[0m                                = 300
TestHelloWorldAppStageWithStages 2021-11-24T15:43:06+03:00 logger.go:66:       [32m+[0m [0m[1m[0mstatistic[0m[0m                             = "Average"
TestHelloWorldAppStageWithStages 2021-11-24T15:43:06+03:00 logger.go:66:       [32m+[0m [0m[1m[0mtags_all[0m[0m                              = (known after apply)
TestHelloWorldAppStageWithStages 2021-11-24T15:43:06+03:00 logger.go:66:       [32m+[0m [0m[1m[0mthreshold[0m[0m                             = 90
TestHelloWorldAppStageWithStages 2021-11-24T15:43:06+03:00 logger.go:66:       [32m+[0m [0m[1m[0mtreat_missing_data[0m[0m                    = "missing"
TestHelloWorldAppStageWithStages 2021-11-24T15:43:06+03:00 logger.go:66:       [32m+[0m [0m[1m[0munit[0m[0m                                  = "Percent"
TestHelloWorldAppStageWithStages 2021-11-24T15:43:06+03:00 logger.go:66:     }
TestHelloWorldAppStageWithStages 2021-11-24T15:43:06+03:00 logger.go:66: 
TestHelloWorldAppStageWithStages 2021-11-24T15:43:06+03:00 logger.go:66: [1m  # module.hello_world_app.module.asg.aws_cloudwatch_metric_alarm.low_cpu_credit_balance[0][0m will be created[0m[0m
TestHelloWorldAppStageWithStages 2021-11-24T15:43:06+03:00 logger.go:66: [0m  [32m+[0m[0m resource "aws_cloudwatch_metric_alarm" "low_cpu_credit_balance" {
TestHelloWorldAppStageWithStages 2021-11-24T15:43:06+03:00 logger.go:66:       [32m+[0m [0m[1m[0mactions_enabled[0m[0m                       = true
TestHelloWorldAppStageWithStages 2021-11-24T15:43:06+03:00 logger.go:66:       [32m+[0m [0m[1m[0malarm_name[0m[0m                            = "hello-world-testGPhMem-low-cpu-credit-balance"
TestHelloWorldAppStageWithStages 2021-11-24T15:43:06+03:00 logger.go:66:       [32m+[0m [0m[1m[0marn[0m[0m                                   = (known after apply)
TestHelloWorldAppStageWithStages 2021-11-24T15:43:06+03:00 logger.go:66:       [32m+[0m [0m[1m[0mcomparison_operator[0m[0m                   = "LessThanThreshold"
TestHelloWorldAppStageWithStages 2021-11-24T15:43:06+03:00 logger.go:66:       [32m+[0m [0m[1m[0mdimensions[0m[0m                            = (known after apply)
TestHelloWorldAppStageWithStages 2021-11-24T15:43:06+03:00 logger.go:66:       [32m+[0m [0m[1m[0mevaluate_low_sample_count_percentiles[0m[0m = (known after apply)
TestHelloWorldAppStageWithStages 2021-11-24T15:43:06+03:00 logger.go:66:       [32m+[0m [0m[1m[0mevaluation_periods[0m[0m                    = 1
TestHelloWorldAppStageWithStages 2021-11-24T15:43:06+03:00 logger.go:66:       [32m+[0m [0m[1m[0mid[0m[0m                                    = (known after apply)
TestHelloWorldAppStageWithStages 2021-11-24T15:43:06+03:00 logger.go:66:       [32m+[0m [0m[1m[0mmetric_name[0m[0m                           = "CPUCreditBalance"
TestHelloWorldAppStageWithStages 2021-11-24T15:43:06+03:00 logger.go:66:       [32m+[0m [0m[1m[0mnamespace[0m[0m                             = "AWS/EC2"
TestHelloWorldAppStageWithStages 2021-11-24T15:43:06+03:00 logger.go:66:       [32m+[0m [0m[1m[0mperiod[0m[0m                                = 300
TestHelloWorldAppStageWithStages 2021-11-24T15:43:06+03:00 logger.go:66:       [32m+[0m [0m[1m[0mstatistic[0m[0m                             = "Minimum"
TestHelloWorldAppStageWithStages 2021-11-24T15:43:06+03:00 logger.go:66:       [32m+[0m [0m[1m[0mtags_all[0m[0m                              = (known after apply)
TestHelloWorldAppStageWithStages 2021-11-24T15:43:06+03:00 logger.go:66:       [32m+[0m [0m[1m[0mthreshold[0m[0m                             = 10
TestHelloWorldAppStageWithStages 2021-11-24T15:43:06+03:00 logger.go:66:       [32m+[0m [0m[1m[0mtreat_missing_data[0m[0m                    = "missing"
TestHelloWorldAppStageWithStages 2021-11-24T15:43:06+03:00 logger.go:66:       [32m+[0m [0m[1m[0munit[0m[0m                                  = "Count"
TestHelloWorldAppStageWithStages 2021-11-24T15:43:06+03:00 logger.go:66:     }
TestHelloWorldAppStageWithStages 2021-11-24T15:43:06+03:00 logger.go:66: 
TestHelloWorldAppStageWithStages 2021-11-24T15:43:06+03:00 logger.go:66: [1m  # module.hello_world_app.module.asg.aws_launch_configuration.example[0m will be created[0m[0m
TestHelloWorldAppStageWithStages 2021-11-24T15:43:06+03:00 logger.go:66: [0m  [32m+[0m[0m resource "aws_launch_configuration" "example" {
TestHelloWorldAppStageWithStages 2021-11-24T15:43:06+03:00 logger.go:66:       [32m+[0m [0m[1m[0marn[0m[0m                         = (known after apply)
TestHelloWorldAppStageWithStages 2021-11-24T15:43:06+03:00 logger.go:66:       [32m+[0m [0m[1m[0massociate_public_ip_address[0m[0m = false
TestHelloWorldAppStageWithStages 2021-11-24T15:43:06+03:00 logger.go:66:       [32m+[0m [0m[1m[0mebs_optimized[0m[0m               = (known after apply)
TestHelloWorldAppStageWithStages 2021-11-24T15:43:06+03:00 logger.go:66:       [32m+[0m [0m[1m[0menable_monitoring[0m[0m           = true
TestHelloWorldAppStageWithStages 2021-11-24T15:43:06+03:00 logger.go:66:       [32m+[0m [0m[1m[0mid[0m[0m                          = (known after apply)
TestHelloWorldAppStageWithStages 2021-11-24T15:43:06+03:00 logger.go:66:       [32m+[0m [0m[1m[0mimage_id[0m[0m                    = "ami-08d70e59c07c61a3a"
TestHelloWorldAppStageWithStages 2021-11-24T15:43:06+03:00 logger.go:66:       [32m+[0m [0m[1m[0minstance_type[0m[0m               = "t2.micro"
TestHelloWorldAppStageWithStages 2021-11-24T15:43:06+03:00 logger.go:66:       [32m+[0m [0m[1m[0mkey_name[0m[0m                    = (known after apply)
TestHelloWorldAppStageWithStages 2021-11-24T15:43:06+03:00 logger.go:66:       [32m+[0m [0m[1m[0mname[0m[0m                        = (known after apply)
TestHelloWorldAppStageWithStages 2021-11-24T15:43:06+03:00 logger.go:66:       [32m+[0m [0m[1m[0mname_prefix[0m[0m                 = (known after apply)
TestHelloWorldAppStageWithStages 2021-11-24T15:43:06+03:00 logger.go:66:       [32m+[0m [0m[1m[0msecurity_groups[0m[0m             = (known after apply)
TestHelloWorldAppStageWithStages 2021-11-24T15:43:06+03:00 logger.go:66:       [32m+[0m [0m[1m[0muser_data[0m[0m                   = "26133d9ddd0e78148499747d1ab2982b8821e2a7"
TestHelloWorldAppStageWithStages 2021-11-24T15:43:06+03:00 logger.go:66: 
TestHelloWorldAppStageWithStages 2021-11-24T15:43:06+03:00 logger.go:66:       [32m+[0m [0mebs_block_device {
TestHelloWorldAppStageWithStages 2021-11-24T15:43:06+03:00 logger.go:66:           [32m+[0m [0m[1m[0mdelete_on_termination[0m[0m = (known after apply)
TestHelloWorldAppStageWithStages 2021-11-24T15:43:06+03:00 logger.go:66:           [32m+[0m [0m[1m[0mdevice_name[0m[0m           = (known after apply)
TestHelloWorldAppStageWithStages 2021-11-24T15:43:06+03:00 logger.go:66:           [32m+[0m [0m[1m[0mencrypted[0m[0m             = (known after apply)
TestHelloWorldAppStageWithStages 2021-11-24T15:43:06+03:00 logger.go:66:           [32m+[0m [0m[1m[0miops[0m[0m                  = (known after apply)
TestHelloWorldAppStageWithStages 2021-11-24T15:43:06+03:00 logger.go:66:           [32m+[0m [0m[1m[0mno_device[0m[0m             = (known after apply)
TestHelloWorldAppStageWithStages 2021-11-24T15:43:06+03:00 logger.go:66:           [32m+[0m [0m[1m[0msnapshot_id[0m[0m           = (known after apply)
TestHelloWorldAppStageWithStages 2021-11-24T15:43:06+03:00 logger.go:66:           [32m+[0m [0m[1m[0mthroughput[0m[0m            = (known after apply)
TestHelloWorldAppStageWithStages 2021-11-24T15:43:06+03:00 logger.go:66:           [32m+[0m [0m[1m[0mvolume_size[0m[0m           = (known after apply)
TestHelloWorldAppStageWithStages 2021-11-24T15:43:06+03:00 logger.go:66:           [32m+[0m [0m[1m[0mvolume_type[0m[0m           = (known after apply)
TestHelloWorldAppStageWithStages 2021-11-24T15:43:06+03:00 logger.go:66:         }
TestHelloWorldAppStageWithStages 2021-11-24T15:43:06+03:00 logger.go:66: 
TestHelloWorldAppStageWithStages 2021-11-24T15:43:06+03:00 logger.go:66:       [32m+[0m [0mmetadata_options {
TestHelloWorldAppStageWithStages 2021-11-24T15:43:06+03:00 logger.go:66:           [32m+[0m [0m[1m[0mhttp_endpoint[0m[0m               = (known after apply)
TestHelloWorldAppStageWithStages 2021-11-24T15:43:06+03:00 logger.go:66:           [32m+[0m [0m[1m[0mhttp_put_response_hop_limit[0m[0m = (known after apply)
TestHelloWorldAppStageWithStages 2021-11-24T15:43:06+03:00 logger.go:66:           [32m+[0m [0m[1m[0mhttp_tokens[0m[0m                 = (known after apply)
TestHelloWorldAppStageWithStages 2021-11-24T15:43:06+03:00 logger.go:66:         }
TestHelloWorldAppStageWithStages 2021-11-24T15:43:06+03:00 logger.go:66: 
TestHelloWorldAppStageWithStages 2021-11-24T15:43:06+03:00 logger.go:66:       [32m+[0m [0mroot_block_device {
TestHelloWorldAppStageWithStages 2021-11-24T15:43:06+03:00 logger.go:66:           [32m+[0m [0m[1m[0mdelete_on_termination[0m[0m = (known after apply)
TestHelloWorldAppStageWithStages 2021-11-24T15:43:06+03:00 logger.go:66:           [32m+[0m [0m[1m[0mencrypted[0m[0m             = (known after apply)
TestHelloWorldAppStageWithStages 2021-11-24T15:43:06+03:00 logger.go:66:           [32m+[0m [0m[1m[0miops[0m[0m                  = (known after apply)
TestHelloWorldAppStageWithStages 2021-11-24T15:43:06+03:00 logger.go:66:           [32m+[0m [0m[1m[0mthroughput[0m[0m            = (known after apply)
TestHelloWorldAppStageWithStages 2021-11-24T15:43:06+03:00 logger.go:66:           [32m+[0m [0m[1m[0mvolume_size[0m[0m           = (known after apply)
TestHelloWorldAppStageWithStages 2021-11-24T15:43:06+03:00 logger.go:66:           [32m+[0m [0m[1m[0mvolume_type[0m[0m           = (known after apply)
TestHelloWorldAppStageWithStages 2021-11-24T15:43:06+03:00 logger.go:66:         }
TestHelloWorldAppStageWithStages 2021-11-24T15:43:06+03:00 logger.go:66:     }
TestHelloWorldAppStageWithStages 2021-11-24T15:43:06+03:00 logger.go:66: 
TestHelloWorldAppStageWithStages 2021-11-24T15:43:06+03:00 logger.go:66: [1m  # module.hello_world_app.module.asg.aws_security_group.instance[0m will be created[0m[0m
TestHelloWorldAppStageWithStages 2021-11-24T15:43:06+03:00 logger.go:66: [0m  [32m+[0m[0m resource "aws_security_group" "instance" {
TestHelloWorldAppStageWithStages 2021-11-24T15:43:06+03:00 logger.go:66:       [32m+[0m [0m[1m[0marn[0m[0m                    = (known after apply)
TestHelloWorldAppStageWithStages 2021-11-24T15:43:06+03:00 logger.go:66:       [32m+[0m [0m[1m[0mdescription[0m[0m            = "Managed by Terraform"
TestHelloWorldAppStageWithStages 2021-11-24T15:43:06+03:00 logger.go:66:       [32m+[0m [0m[1m[0megress[0m[0m                 = (known after apply)
TestHelloWorldAppStageWithStages 2021-11-24T15:43:06+03:00 logger.go:66:       [32m+[0m [0m[1m[0mid[0m[0m                     = (known after apply)
TestHelloWorldAppStageWithStages 2021-11-24T15:43:06+03:00 logger.go:66:       [32m+[0m [0m[1m[0mingress[0m[0m                = (known after apply)
TestHelloWorldAppStageWithStages 2021-11-24T15:43:06+03:00 logger.go:66:       [32m+[0m [0m[1m[0mname[0m[0m                   = "hello-world-testGPhMem-instance"
TestHelloWorldAppStageWithStages 2021-11-24T15:43:06+03:00 logger.go:66:       [32m+[0m [0m[1m[0mname_prefix[0m[0m            = (known after apply)
TestHelloWorldAppStageWithStages 2021-11-24T15:43:06+03:00 logger.go:66:       [32m+[0m [0m[1m[0mowner_id[0m[0m               = (known after apply)
TestHelloWorldAppStageWithStages 2021-11-24T15:43:06+03:00 logger.go:66:       [32m+[0m [0m[1m[0mrevoke_rules_on_delete[0m[0m = false
TestHelloWorldAppStageWithStages 2021-11-24T15:43:06+03:00 logger.go:66:       [32m+[0m [0m[1m[0mtags_all[0m[0m               = (known after apply)
TestHelloWorldAppStageWithStages 2021-11-24T15:43:06+03:00 logger.go:66:       [32m+[0m [0m[1m[0mvpc_id[0m[0m                 = (known after apply)
TestHelloWorldAppStageWithStages 2021-11-24T15:43:06+03:00 logger.go:66:     }
TestHelloWorldAppStageWithStages 2021-11-24T15:43:06+03:00 logger.go:66: 
TestHelloWorldAppStageWithStages 2021-11-24T15:43:06+03:00 logger.go:66: [1m  # module.hello_world_app.module.asg.aws_security_group_rule.allow_server_http_inbound[0m will be created[0m[0m
TestHelloWorldAppStageWithStages 2021-11-24T15:43:06+03:00 logger.go:66: [0m  [32m+[0m[0m resource "aws_security_group_rule" "allow_server_http_inbound" {
TestHelloWorldAppStageWithStages 2021-11-24T15:43:06+03:00 logger.go:66:       [32m+[0m [0m[1m[0mcidr_blocks[0m[0m              = [
TestHelloWorldAppStageWithStages 2021-11-24T15:43:06+03:00 logger.go:66:           [32m+[0m [0m"0.0.0.0/0",
TestHelloWorldAppStageWithStages 2021-11-24T15:43:06+03:00 logger.go:66:         ]
TestHelloWorldAppStageWithStages 2021-11-24T15:43:06+03:00 logger.go:66:       [32m+[0m [0m[1m[0mfrom_port[0m[0m                = 8080
TestHelloWorldAppStageWithStages 2021-11-24T15:43:06+03:00 logger.go:66:       [32m+[0m [0m[1m[0mid[0m[0m                       = (known after apply)
TestHelloWorldAppStageWithStages 2021-11-24T15:43:06+03:00 logger.go:66:       [32m+[0m [0m[1m[0mprotocol[0m[0m                 = "tcp"
TestHelloWorldAppStageWithStages 2021-11-24T15:43:06+03:00 logger.go:66:       [32m+[0m [0m[1m[0msecurity_group_id[0m[0m        = (known after apply)
TestHelloWorldAppStageWithStages 2021-11-24T15:43:06+03:00 logger.go:66:       [32m+[0m [0m[1m[0mself[0m[0m                     = false
TestHelloWorldAppStageWithStages 2021-11-24T15:43:06+03:00 logger.go:66:       [32m+[0m [0m[1m[0msource_security_group_id[0m[0m = (known after apply)
TestHelloWorldAppStageWithStages 2021-11-24T15:43:06+03:00 logger.go:66:       [32m+[0m [0m[1m[0mto_port[0m[0m                  = 8080
TestHelloWorldAppStageWithStages 2021-11-24T15:43:06+03:00 logger.go:66:       [32m+[0m [0m[1m[0mtype[0m[0m                     = "ingress"
TestHelloWorldAppStageWithStages 2021-11-24T15:43:06+03:00 logger.go:66:     }
TestHelloWorldAppStageWithStages 2021-11-24T15:43:06+03:00 logger.go:66: 
TestHelloWorldAppStageWithStages 2021-11-24T15:43:06+03:00 logger.go:66: [0m[1mPlan:[0m 13 to add, 0 to change, 0 to destroy.
TestHelloWorldAppStageWithStages 2021-11-24T15:43:06+03:00 logger.go:66: [0m[0m
TestHelloWorldAppStageWithStages 2021-11-24T15:43:06+03:00 logger.go:66: [1mChanges to Outputs:[0m[0m
TestHelloWorldAppStageWithStages 2021-11-24T15:43:06+03:00 logger.go:66:   [32m+[0m [0m[1m[0malb_dns_name[0m[0m = (known after apply)
TestHelloWorldAppStageWithStages 2021-11-24T15:43:08+03:00 logger.go:66: [0m[1mmodule.hello_world_app.module.asg.aws_security_group.instance: Creating...[0m[0m
TestHelloWorldAppStageWithStages 2021-11-24T15:43:09+03:00 logger.go:66: [0m[1mmodule.hello_world_app.module.alb.aws_security_group.alb: Creating...[0m[0m
TestHelloWorldAppStageWithStages 2021-11-24T15:43:09+03:00 logger.go:66: [0m[1mmodule.hello_world_app.aws_lb_target_group.asg: Creating...[0m[0m
TestHelloWorldAppStageWithStages 2021-11-24T15:43:14+03:00 logger.go:66: [0m[1mmodule.hello_world_app.aws_lb_target_group.asg: Creation complete after 5s [id=arn:aws:elasticloadbalancing:us-west-2:477157789902:targetgroup/hello-world-testGPhMem/f35fa9194b53b613][0m
TestHelloWorldAppStageWithStages 2021-11-24T15:43:14+03:00 logger.go:66: [0m[1mmodule.hello_world_app.module.asg.aws_security_group.instance: Creation complete after 5s [id=sg-0a0cdadaa01006347][0m
TestHelloWorldAppStageWithStages 2021-11-24T15:43:14+03:00 logger.go:66: [0m[1mmodule.hello_world_app.module.asg.aws_security_group_rule.allow_server_http_inbound: Creating...[0m[0m
TestHelloWorldAppStageWithStages 2021-11-24T15:43:14+03:00 logger.go:66: [0m[1mmodule.hello_world_app.module.asg.aws_launch_configuration.example: Creating...[0m[0m
TestHelloWorldAppStageWithStages 2021-11-24T15:43:14+03:00 logger.go:66: [0m[1mmodule.hello_world_app.module.alb.aws_security_group.alb: Creation complete after 6s [id=sg-09ba6d81f51dec9c3][0m
TestHelloWorldAppStageWithStages 2021-11-24T15:43:14+03:00 logger.go:66: [0m[1mmodule.hello_world_app.module.alb.aws_security_group_rule.allow_all_outbound: Creating...[0m[0m
TestHelloWorldAppStageWithStages 2021-11-24T15:43:14+03:00 logger.go:66: [0m[1mmodule.hello_world_app.module.alb.aws_security_group_rule.allow_http_inbound: Creating...[0m[0m
TestHelloWorldAppStageWithStages 2021-11-24T15:43:14+03:00 logger.go:66: [0m[1mmodule.hello_world_app.module.alb.aws_lb.example: Creating...[0m[0m
TestHelloWorldAppStageWithStages 2021-11-24T15:43:17+03:00 logger.go:66: [0m[1mmodule.hello_world_app.module.asg.aws_security_group_rule.allow_server_http_inbound: Creation complete after 2s [id=sgrule-3402598274][0m
TestHelloWorldAppStageWithStages 2021-11-24T15:43:17+03:00 logger.go:66: [0m[1mmodule.hello_world_app.module.asg.aws_launch_configuration.example: Creation complete after 2s [id=terraform-20211124124314550200000001][0m
TestHelloWorldAppStageWithStages 2021-11-24T15:43:17+03:00 logger.go:66: [0m[1mmodule.hello_world_app.module.asg.aws_autoscaling_group.example: Creating...[0m[0m
TestHelloWorldAppStageWithStages 2021-11-24T15:43:17+03:00 logger.go:66: [0m[1mmodule.hello_world_app.module.alb.aws_security_group_rule.allow_all_outbound: Creation complete after 3s [id=sgrule-3068437393][0m
TestHelloWorldAppStageWithStages 2021-11-24T15:43:20+03:00 logger.go:66: [0m[1mmodule.hello_world_app.module.alb.aws_security_group_rule.allow_http_inbound: Creation complete after 5s [id=sgrule-2096668039][0m
TestHelloWorldAppStageWithStages 2021-11-24T15:43:24+03:00 logger.go:66: [0m[1mmodule.hello_world_app.module.alb.aws_lb.example: Still creating... [10s elapsed][0m[0m
TestHelloWorldAppStageWithStages 2021-11-24T15:43:27+03:00 logger.go:66: [0m[1mmodule.hello_world_app.module.asg.aws_autoscaling_group.example: Still creating... [10s elapsed][0m[0m
TestHelloWorldAppStageWithStages 2021-11-24T15:43:34+03:00 logger.go:66: [0m[1mmodule.hello_world_app.module.alb.aws_lb.example: Still creating... [20s elapsed][0m[0m
TestHelloWorldAppStageWithStages 2021-11-24T15:43:37+03:00 logger.go:66: [0m[1mmodule.hello_world_app.module.asg.aws_autoscaling_group.example: Still creating... [20s elapsed][0m[0m
TestHelloWorldAppStageWithStages 2021-11-24T15:43:44+03:00 logger.go:66: [0m[1mmodule.hello_world_app.module.alb.aws_lb.example: Still creating... [30s elapsed][0m[0m
TestHelloWorldAppStageWithStages 2021-11-24T15:43:47+03:00 logger.go:66: [0m[1mmodule.hello_world_app.module.asg.aws_autoscaling_group.example: Still creating... [30s elapsed][0m[0m
TestHelloWorldAppStageWithStages 2021-11-24T15:43:54+03:00 logger.go:66: [0m[1mmodule.hello_world_app.module.alb.aws_lb.example: Still creating... [40s elapsed][0m[0m
TestHelloWorldAppStageWithStages 2021-11-24T15:43:57+03:00 logger.go:66: [0m[1mmodule.hello_world_app.module.asg.aws_autoscaling_group.example: Still creating... [40s elapsed][0m[0m
TestHelloWorldAppStageWithStages 2021-11-24T15:44:04+03:00 logger.go:66: [0m[1mmodule.hello_world_app.module.alb.aws_lb.example: Still creating... [50s elapsed][0m[0m
TestHelloWorldAppStageWithStages 2021-11-24T15:44:07+03:00 logger.go:66: [0m[1mmodule.hello_world_app.module.asg.aws_autoscaling_group.example: Still creating... [50s elapsed][0m[0m
TestHelloWorldAppStageWithStages 2021-11-24T15:44:14+03:00 logger.go:66: [0m[1mmodule.hello_world_app.module.alb.aws_lb.example: Still creating... [1m0s elapsed][0m[0m
TestHelloWorldAppStageWithStages 2021-11-24T15:44:17+03:00 logger.go:66: [0m[1mmodule.hello_world_app.module.asg.aws_autoscaling_group.example: Still creating... [1m0s elapsed][0m[0m
TestHelloWorldAppStageWithStages 2021-11-24T15:44:24+03:00 logger.go:66: [0m[1mmodule.hello_world_app.module.alb.aws_lb.example: Still creating... [1m10s elapsed][0m[0m
TestHelloWorldAppStageWithStages 2021-11-24T15:44:27+03:00 logger.go:66: [0m[1mmodule.hello_world_app.module.asg.aws_autoscaling_group.example: Still creating... [1m10s elapsed][0m[0m
TestHelloWorldAppStageWithStages 2021-11-24T15:44:34+03:00 logger.go:66: [0m[1mmodule.hello_world_app.module.alb.aws_lb.example: Still creating... [1m20s elapsed][0m[0m
TestHelloWorldAppStageWithStages 2021-11-24T15:44:37+03:00 logger.go:66: [0m[1mmodule.hello_world_app.module.asg.aws_autoscaling_group.example: Still creating... [1m20s elapsed][0m[0m
TestHelloWorldAppStageWithStages 2021-11-24T15:44:44+03:00 logger.go:66: [0m[1mmodule.hello_world_app.module.alb.aws_lb.example: Still creating... [1m30s elapsed][0m[0m
TestHelloWorldAppStageWithStages 2021-11-24T15:44:47+03:00 logger.go:66: [0m[1mmodule.hello_world_app.module.asg.aws_autoscaling_group.example: Still creating... [1m30s elapsed][0m[0m
TestHelloWorldAppStageWithStages 2021-11-24T15:44:54+03:00 logger.go:66: [0m[1mmodule.hello_world_app.module.alb.aws_lb.example: Still creating... [1m40s elapsed][0m[0m
TestHelloWorldAppStageWithStages 2021-11-24T15:44:57+03:00 logger.go:66: [0m[1mmodule.hello_world_app.module.asg.aws_autoscaling_group.example: Still creating... [1m40s elapsed][0m[0m
TestHelloWorldAppStageWithStages 2021-11-24T15:45:04+03:00 logger.go:66: [0m[1mmodule.hello_world_app.module.alb.aws_lb.example: Still creating... [1m50s elapsed][0m[0m
TestHelloWorldAppStageWithStages 2021-11-24T15:45:07+03:00 logger.go:66: [0m[1mmodule.hello_world_app.module.asg.aws_autoscaling_group.example: Still creating... [1m50s elapsed][0m[0m
TestHelloWorldAppStageWithStages 2021-11-24T15:45:14+03:00 logger.go:66: [0m[1mmodule.hello_world_app.module.alb.aws_lb.example: Still creating... [2m0s elapsed][0m[0m
TestHelloWorldAppStageWithStages 2021-11-24T15:45:17+03:00 logger.go:66: [0m[1mmodule.hello_world_app.module.asg.aws_autoscaling_group.example: Still creating... [2m0s elapsed][0m[0m
TestHelloWorldAppStageWithStages 2021-11-24T15:45:24+03:00 logger.go:66: [0m[1mmodule.hello_world_app.module.alb.aws_lb.example: Still creating... [2m10s elapsed][0m[0m
TestHelloWorldAppStageWithStages 2021-11-24T15:45:27+03:00 logger.go:66: [0m[1mmodule.hello_world_app.module.alb.aws_lb.example: Creation complete after 2m12s [id=arn:aws:elasticloadbalancing:us-west-2:477157789902:loadbalancer/app/hello-world-testGPhMem/17020e6514260f14][0m
TestHelloWorldAppStageWithStages 2021-11-24T15:45:27+03:00 logger.go:66: [0m[1mmodule.hello_world_app.module.alb.aws_lb_listener.http: Creating...[0m[0m
TestHelloWorldAppStageWithStages 2021-11-24T15:45:27+03:00 logger.go:66: [0m[1mmodule.hello_world_app.module.asg.aws_autoscaling_group.example: Still creating... [2m10s elapsed][0m[0m
TestHelloWorldAppStageWithStages 2021-11-24T15:45:29+03:00 logger.go:66: [0m[1mmodule.hello_world_app.module.alb.aws_lb_listener.http: Creation complete after 3s [id=arn:aws:elasticloadbalancing:us-west-2:477157789902:listener/app/hello-world-testGPhMem/17020e6514260f14/176e1a312479d1f5][0m
TestHelloWorldAppStageWithStages 2021-11-24T15:45:30+03:00 logger.go:66: [0m[1mmodule.hello_world_app.aws_lb_listener_rule.asg: Creating...[0m[0m
TestHelloWorldAppStageWithStages 2021-11-24T15:45:32+03:00 logger.go:66: [0m[1mmodule.hello_world_app.aws_lb_listener_rule.asg: Creation complete after 3s [id=arn:aws:elasticloadbalancing:us-west-2:477157789902:listener-rule/app/hello-world-testGPhMem/17020e6514260f14/176e1a312479d1f5/755d38e91cc25c68][0m
TestHelloWorldAppStageWithStages 2021-11-24T15:45:37+03:00 logger.go:66: [0m[1mmodule.hello_world_app.module.asg.aws_autoscaling_group.example: Still creating... [2m20s elapsed][0m[0m
TestHelloWorldAppStageWithStages 2021-11-24T15:45:43+03:00 logger.go:66: [0m[1mmodule.hello_world_app.module.asg.aws_autoscaling_group.example: Creation complete after 2m26s [id=hello-world-testGPhMem-terraform-20211124124314550200000001][0m
TestHelloWorldAppStageWithStages 2021-11-24T15:45:43+03:00 logger.go:66: [0m[1mmodule.hello_world_app.module.asg.aws_cloudwatch_metric_alarm.low_cpu_credit_balance[0]: Creating...[0m[0m
TestHelloWorldAppStageWithStages 2021-11-24T15:45:43+03:00 logger.go:66: [0m[1mmodule.hello_world_app.module.asg.aws_cloudwatch_metric_alarm.high_cpu_utilization: Creating...[0m[0m
TestHelloWorldAppStageWithStages 2021-11-24T15:45:46+03:00 logger.go:66: [0m[1mmodule.hello_world_app.module.asg.aws_cloudwatch_metric_alarm.high_cpu_utilization: Creation complete after 2s [id=hello-world-testGPhMem-high-cpu-utilization][0m
TestHelloWorldAppStageWithStages 2021-11-24T15:45:46+03:00 logger.go:66: [0m[1mmodule.hello_world_app.module.asg.aws_cloudwatch_metric_alarm.low_cpu_credit_balance[0]: Creation complete after 2s [id=hello-world-testGPhMem-low-cpu-credit-balance][0m
TestHelloWorldAppStageWithStages 2021-11-24T15:45:46+03:00 logger.go:66: [0m[1m[32m
TestHelloWorldAppStageWithStages 2021-11-24T15:45:46+03:00 logger.go:66: Apply complete! Resources: 13 added, 0 changed, 0 destroyed.
TestHelloWorldAppStageWithStages 2021-11-24T15:45:46+03:00 logger.go:66: [0m[0m[1m[32m
TestHelloWorldAppStageWithStages 2021-11-24T15:45:46+03:00 logger.go:66: Outputs:
TestHelloWorldAppStageWithStages 2021-11-24T15:45:46+03:00 logger.go:66: 
TestHelloWorldAppStageWithStages 2021-11-24T15:45:46+03:00 logger.go:66: [0malb_dns_name = "hello-world-testGPhMem-171065434.us-west-2.elb.amazonaws.com"
TestHelloWorldAppStageWithStages 2021-11-24T15:45:46+03:00 test_structure.go:27: The 'SKIP_validate_app' environment variable is not set, so executing stage 'validate_app'.
TestHelloWorldAppStageWithStages 2021-11-24T15:45:46+03:00 save_test_data.go:215: Loading test data from ../live/stage/services/hello-world-app/.test-data/TerraformOptions.json
TestHelloWorldAppStageWithStages 2021-11-24T15:45:46+03:00 retry.go:91: terraform [output -no-color -json alb_dns_name]
TestHelloWorldAppStageWithStages 2021-11-24T15:45:46+03:00 logger.go:66: Running command terraform with args [output -no-color -json alb_dns_name]
TestHelloWorldAppStageWithStages 2021-11-24T15:45:47+03:00 logger.go:66: "hello-world-testGPhMem-171065434.us-west-2.elb.amazonaws.com"
TestHelloWorldAppStageWithStages 2021-11-24T15:45:47+03:00 retry.go:91: HTTP GET to URL http://hello-world-testGPhMem-171065434.us-west-2.elb.amazonaws.com
TestHelloWorldAppStageWithStages 2021-11-24T15:45:47+03:00 http_helper.go:32: Making an HTTP GET call to URL http://hello-world-testGPhMem-171065434.us-west-2.elb.amazonaws.com
TestHelloWorldAppStageWithStages 2021-11-24T15:45:47+03:00 test_structure.go:27: The 'SKIP_redeploy_app' environment variable is not set, so executing stage 'redeploy_app'.
TestHelloWorldAppStageWithStages 2021-11-24T15:45:47+03:00 save_test_data.go:215: Loading test data from ../live/stage/services/hello-world-app/.test-data/TerraformOptions.json
TestHelloWorldAppStageWithStages 2021-11-24T15:45:47+03:00 retry.go:91: terraform [output -no-color -json alb_dns_name]
TestHelloWorldAppStageWithStages 2021-11-24T15:45:47+03:00 logger.go:66: Running command terraform with args [output -no-color -json alb_dns_name]
TestHelloWorldAppStageWithStages 2021-11-24T15:45:48+03:00 logger.go:66: "hello-world-testGPhMem-171065434.us-west-2.elb.amazonaws.com"
TestHelloWorldAppStageWithStages 2021-11-24T15:45:48+03:00 retry.go:91: terraform [apply -input=false -auto-approve -var db_remote_state_bucket=terraform-asg-bucket-revyakin -var db_remote_state_key=TestHelloWorldAppStageWithStages/GPhMem/terraform.tfstate -var environment=testGPhMem -var server_text=Hello, World, v2! -lock=false]
TestHelloWorldAppStageWithStages 2021-11-24T15:45:48+03:00 logger.go:66: Running command terraform with args [apply -input=false -auto-approve -var db_remote_state_bucket=terraform-asg-bucket-revyakin -var db_remote_state_key=TestHelloWorldAppStageWithStages/GPhMem/terraform.tfstate -var environment=testGPhMem -var server_text=Hello, World, v2! -lock=false]
TestHelloWorldAppStageWithStages 2021-11-24T15:45:49+03:00 http_helper.go:32: Making an HTTP GET call to URL http://hello-world-testGPhMem-171065434.us-west-2.elb.amazonaws.com
TestHelloWorldAppStageWithStages 2021-11-24T15:45:49+03:00 continuous.go:47: Got response 200 and err <nil> from URL at http://hello-world-testGPhMem-171065434.us-west-2.elb.amazonaws.com
TestHelloWorldAppStageWithStages 2021-11-24T15:45:50+03:00 http_helper.go:32: Making an HTTP GET call to URL http://hello-world-testGPhMem-171065434.us-west-2.elb.amazonaws.com
TestHelloWorldAppStageWithStages 2021-11-24T15:45:51+03:00 continuous.go:47: Got response 200 and err <nil> from URL at http://hello-world-testGPhMem-171065434.us-west-2.elb.amazonaws.com
TestHelloWorldAppStageWithStages 2021-11-24T15:45:52+03:00 http_helper.go:32: Making an HTTP GET call to URL http://hello-world-testGPhMem-171065434.us-west-2.elb.amazonaws.com
TestHelloWorldAppStageWithStages 2021-11-24T15:45:52+03:00 continuous.go:47: Got response 200 and err <nil> from URL at http://hello-world-testGPhMem-171065434.us-west-2.elb.amazonaws.com
TestHelloWorldAppStageWithStages 2021-11-24T15:45:52+03:00 logger.go:66: [0m[1mmodule.hello_world_app.module.asg.aws_security_group.instance: Refreshing state... [id=sg-0a0cdadaa01006347][0m
TestHelloWorldAppStageWithStages 2021-11-24T15:45:52+03:00 logger.go:66: [0m[1mmodule.hello_world_app.module.alb.aws_security_group.alb: Refreshing state... [id=sg-09ba6d81f51dec9c3][0m
TestHelloWorldAppStageWithStages 2021-11-24T15:45:53+03:00 logger.go:66: [0m[1mmodule.hello_world_app.module.alb.aws_security_group_rule.allow_all_outbound: Refreshing state... [id=sgrule-3068437393][0m
TestHelloWorldAppStageWithStages 2021-11-24T15:45:53+03:00 logger.go:66: [0m[1mmodule.hello_world_app.module.alb.aws_security_group_rule.allow_http_inbound: Refreshing state... [id=sgrule-2096668039][0m
TestHelloWorldAppStageWithStages 2021-11-24T15:45:53+03:00 logger.go:66: [0m[1mmodule.hello_world_app.module.asg.aws_security_group_rule.allow_server_http_inbound: Refreshing state... [id=sgrule-3402598274][0m
TestHelloWorldAppStageWithStages 2021-11-24T15:45:53+03:00 logger.go:66: [0m[1mmodule.hello_world_app.module.asg.aws_launch_configuration.example: Refreshing state... [id=terraform-20211124124314550200000001][0m
TestHelloWorldAppStageWithStages 2021-11-24T15:45:53+03:00 http_helper.go:32: Making an HTTP GET call to URL http://hello-world-testGPhMem-171065434.us-west-2.elb.amazonaws.com
TestHelloWorldAppStageWithStages 2021-11-24T15:45:54+03:00 continuous.go:47: Got response 200 and err <nil> from URL at http://hello-world-testGPhMem-171065434.us-west-2.elb.amazonaws.com
TestHelloWorldAppStageWithStages 2021-11-24T15:45:55+03:00 http_helper.go:32: Making an HTTP GET call to URL http://hello-world-testGPhMem-171065434.us-west-2.elb.amazonaws.com
TestHelloWorldAppStageWithStages 2021-11-24T15:45:55+03:00 continuous.go:47: Got response 200 and err <nil> from URL at http://hello-world-testGPhMem-171065434.us-west-2.elb.amazonaws.com
TestHelloWorldAppStageWithStages 2021-11-24T15:45:56+03:00 logger.go:66: [0m[1mmodule.hello_world_app.aws_lb_target_group.asg: Refreshing state... [id=arn:aws:elasticloadbalancing:us-west-2:477157789902:targetgroup/hello-world-testGPhMem/f35fa9194b53b613][0m
TestHelloWorldAppStageWithStages 2021-11-24T15:45:56+03:00 http_helper.go:32: Making an HTTP GET call to URL http://hello-world-testGPhMem-171065434.us-west-2.elb.amazonaws.com
TestHelloWorldAppStageWithStages 2021-11-24T15:45:56+03:00 continuous.go:47: Got response 200 and err <nil> from URL at http://hello-world-testGPhMem-171065434.us-west-2.elb.amazonaws.com
TestHelloWorldAppStageWithStages 2021-11-24T15:45:57+03:00 logger.go:66: [0m[1mmodule.hello_world_app.module.alb.aws_lb.example: Refreshing state... [id=arn:aws:elasticloadbalancing:us-west-2:477157789902:loadbalancer/app/hello-world-testGPhMem/17020e6514260f14][0m
TestHelloWorldAppStageWithStages 2021-11-24T15:45:57+03:00 http_helper.go:32: Making an HTTP GET call to URL http://hello-world-testGPhMem-171065434.us-west-2.elb.amazonaws.com
TestHelloWorldAppStageWithStages 2021-11-24T15:45:58+03:00 continuous.go:47: Got response 200 and err <nil> from URL at http://hello-world-testGPhMem-171065434.us-west-2.elb.amazonaws.com
TestHelloWorldAppStageWithStages 2021-11-24T15:45:58+03:00 logger.go:66: [0m[1mmodule.hello_world_app.module.asg.aws_autoscaling_group.example: Refreshing state... [id=hello-world-testGPhMem-terraform-20211124124314550200000001][0m
TestHelloWorldAppStageWithStages 2021-11-24T15:45:59+03:00 http_helper.go:32: Making an HTTP GET call to URL http://hello-world-testGPhMem-171065434.us-west-2.elb.amazonaws.com
TestHelloWorldAppStageWithStages 2021-11-24T15:45:59+03:00 continuous.go:47: Got response 200 and err <nil> from URL at http://hello-world-testGPhMem-171065434.us-west-2.elb.amazonaws.com
TestHelloWorldAppStageWithStages 2021-11-24T15:45:59+03:00 logger.go:66: [0m[1mmodule.hello_world_app.module.asg.aws_cloudwatch_metric_alarm.high_cpu_utilization: Refreshing state... [id=hello-world-testGPhMem-high-cpu-utilization][0m
TestHelloWorldAppStageWithStages 2021-11-24T15:45:59+03:00 logger.go:66: [0m[1mmodule.hello_world_app.module.asg.aws_cloudwatch_metric_alarm.low_cpu_credit_balance[0]: Refreshing state... [id=hello-world-testGPhMem-low-cpu-credit-balance][0m
TestHelloWorldAppStageWithStages 2021-11-24T15:45:59+03:00 logger.go:66: [0m[1mmodule.hello_world_app.module.alb.aws_lb_listener.http: Refreshing state... [id=arn:aws:elasticloadbalancing:us-west-2:477157789902:listener/app/hello-world-testGPhMem/17020e6514260f14/176e1a312479d1f5][0m
TestHelloWorldAppStageWithStages 2021-11-24T15:46:00+03:00 http_helper.go:32: Making an HTTP GET call to URL http://hello-world-testGPhMem-171065434.us-west-2.elb.amazonaws.com
TestHelloWorldAppStageWithStages 2021-11-24T15:46:01+03:00 continuous.go:47: Got response 200 and err <nil> from URL at http://hello-world-testGPhMem-171065434.us-west-2.elb.amazonaws.com
TestHelloWorldAppStageWithStages 2021-11-24T15:46:01+03:00 logger.go:66: [0m[1mmodule.hello_world_app.aws_lb_listener_rule.asg: Refreshing state... [id=arn:aws:elasticloadbalancing:us-west-2:477157789902:listener-rule/app/hello-world-testGPhMem/17020e6514260f14/176e1a312479d1f5/755d38e91cc25c68][0m
TestHelloWorldAppStageWithStages 2021-11-24T15:46:02+03:00 http_helper.go:32: Making an HTTP GET call to URL http://hello-world-testGPhMem-171065434.us-west-2.elb.amazonaws.com
TestHelloWorldAppStageWithStages 2021-11-24T15:46:02+03:00 continuous.go:47: Got response 200 and err <nil> from URL at http://hello-world-testGPhMem-171065434.us-west-2.elb.amazonaws.com
TestHelloWorldAppStageWithStages 2021-11-24T15:46:03+03:00 logger.go:66: [0m
TestHelloWorldAppStageWithStages 2021-11-24T15:46:03+03:00 logger.go:66: [1m[36mNote:[0m[1m Objects have changed outside of Terraform[0m
TestHelloWorldAppStageWithStages 2021-11-24T15:46:03+03:00 logger.go:66: 
TestHelloWorldAppStageWithStages 2021-11-24T15:46:03+03:00 logger.go:66: [0mTerraform detected the following changes made outside of Terraform since the
TestHelloWorldAppStageWithStages 2021-11-24T15:46:03+03:00 logger.go:66: last "terraform apply":
TestHelloWorldAppStageWithStages 2021-11-24T15:46:03+03:00 logger.go:66: 
TestHelloWorldAppStageWithStages 2021-11-24T15:46:03+03:00 logger.go:66: [1m  # module.hello_world_app.aws_lb_target_group.asg[0m has been changed[0m[0m
TestHelloWorldAppStageWithStages 2021-11-24T15:46:03+03:00 logger.go:66: [0m  [33m~[0m[0m resource "aws_lb_target_group" "asg" {
TestHelloWorldAppStageWithStages 2021-11-24T15:46:03+03:00 logger.go:66:         [1m[0mid[0m[0m                                 = "arn:aws:elasticloadbalancing:us-west-2:477157789902:targetgroup/hello-world-testGPhMem/f35fa9194b53b613"
TestHelloWorldAppStageWithStages 2021-11-24T15:46:03+03:00 logger.go:66:         [1m[0mname[0m[0m                               = "hello-world-testGPhMem"
TestHelloWorldAppStageWithStages 2021-11-24T15:46:03+03:00 logger.go:66:       [32m+[0m [0m[1m[0mtags[0m[0m                               = {}
TestHelloWorldAppStageWithStages 2021-11-24T15:46:03+03:00 logger.go:66:         [90m# (13 unchanged attributes hidden)[0m[0m
TestHelloWorldAppStageWithStages 2021-11-24T15:46:03+03:00 logger.go:66: 
TestHelloWorldAppStageWithStages 2021-11-24T15:46:03+03:00 logger.go:66: 
TestHelloWorldAppStageWithStages 2021-11-24T15:46:03+03:00 logger.go:66:         [90m# (2 unchanged blocks hidden)[0m[0m
TestHelloWorldAppStageWithStages 2021-11-24T15:46:03+03:00 logger.go:66:     }
TestHelloWorldAppStageWithStages 2021-11-24T15:46:03+03:00 logger.go:66: [1m  # module.hello_world_app.aws_lb_listener_rule.asg[0m has been changed[0m[0m
TestHelloWorldAppStageWithStages 2021-11-24T15:46:03+03:00 logger.go:66: [0m  [33m~[0m[0m resource "aws_lb_listener_rule" "asg" {
TestHelloWorldAppStageWithStages 2021-11-24T15:46:03+03:00 logger.go:66:         [1m[0mid[0m[0m           = "arn:aws:elasticloadbalancing:us-west-2:477157789902:listener-rule/app/hello-world-testGPhMem/17020e6514260f14/176e1a312479d1f5/755d38e91cc25c68"
TestHelloWorldAppStageWithStages 2021-11-24T15:46:03+03:00 logger.go:66:       [32m+[0m [0m[1m[0mtags[0m[0m         = {}
TestHelloWorldAppStageWithStages 2021-11-24T15:46:03+03:00 logger.go:66:         [90m# (4 unchanged attributes hidden)[0m[0m
TestHelloWorldAppStageWithStages 2021-11-24T15:46:03+03:00 logger.go:66: 
TestHelloWorldAppStageWithStages 2021-11-24T15:46:03+03:00 logger.go:66: 
TestHelloWorldAppStageWithStages 2021-11-24T15:46:03+03:00 logger.go:66:         [90m# (2 unchanged blocks hidden)[0m[0m
TestHelloWorldAppStageWithStages 2021-11-24T15:46:03+03:00 logger.go:66:     }
TestHelloWorldAppStageWithStages 2021-11-24T15:46:03+03:00 logger.go:66: [1m  # module.hello_world_app.module.alb.aws_lb.example[0m has been changed[0m[0m
TestHelloWorldAppStageWithStages 2021-11-24T15:46:03+03:00 logger.go:66: [0m  [33m~[0m[0m resource "aws_lb" "example" {
TestHelloWorldAppStageWithStages 2021-11-24T15:46:03+03:00 logger.go:66:         [1m[0mid[0m[0m                         = "arn:aws:elasticloadbalancing:us-west-2:477157789902:loadbalancer/app/hello-world-testGPhMem/17020e6514260f14"
TestHelloWorldAppStageWithStages 2021-11-24T15:46:03+03:00 logger.go:66:         [1m[0mname[0m[0m                       = "hello-world-testGPhMem"
TestHelloWorldAppStageWithStages 2021-11-24T15:46:03+03:00 logger.go:66:       [32m+[0m [0m[1m[0mtags[0m[0m                       = {}
TestHelloWorldAppStageWithStages 2021-11-24T15:46:03+03:00 logger.go:66:         [90m# (15 unchanged attributes hidden)[0m[0m
TestHelloWorldAppStageWithStages 2021-11-24T15:46:03+03:00 logger.go:66: 
TestHelloWorldAppStageWithStages 2021-11-24T15:46:03+03:00 logger.go:66: 
TestHelloWorldAppStageWithStages 2021-11-24T15:46:03+03:00 logger.go:66:         [90m# (5 unchanged blocks hidden)[0m[0m
TestHelloWorldAppStageWithStages 2021-11-24T15:46:03+03:00 logger.go:66:     }
TestHelloWorldAppStageWithStages 2021-11-24T15:46:03+03:00 logger.go:66: [1m  # module.hello_world_app.module.alb.aws_lb_listener.http[0m has been changed[0m[0m
TestHelloWorldAppStageWithStages 2021-11-24T15:46:03+03:00 logger.go:66: [0m  [33m~[0m[0m resource "aws_lb_listener" "http" {
TestHelloWorldAppStageWithStages 2021-11-24T15:46:03+03:00 logger.go:66:         [1m[0mid[0m[0m                = "arn:aws:elasticloadbalancing:us-west-2:477157789902:listener/app/hello-world-testGPhMem/17020e6514260f14/176e1a312479d1f5"
TestHelloWorldAppStageWithStages 2021-11-24T15:46:03+03:00 logger.go:66:       [32m+[0m [0m[1m[0mtags[0m[0m              = {}
TestHelloWorldAppStageWithStages 2021-11-24T15:46:03+03:00 logger.go:66:         [90m# (5 unchanged attributes hidden)[0m[0m
TestHelloWorldAppStageWithStages 2021-11-24T15:46:03+03:00 logger.go:66: 
TestHelloWorldAppStageWithStages 2021-11-24T15:46:03+03:00 logger.go:66:         [90m# (1 unchanged block hidden)[0m[0m
TestHelloWorldAppStageWithStages 2021-11-24T15:46:03+03:00 logger.go:66:     }
TestHelloWorldAppStageWithStages 2021-11-24T15:46:03+03:00 logger.go:66: [1m  # module.hello_world_app.module.alb.aws_security_group.alb[0m has been changed[0m[0m
TestHelloWorldAppStageWithStages 2021-11-24T15:46:03+03:00 logger.go:66: [0m  [33m~[0m[0m resource "aws_security_group" "alb" {
TestHelloWorldAppStageWithStages 2021-11-24T15:46:03+03:00 logger.go:66:       [33m~[0m [0m[1m[0megress[0m[0m                 = [
TestHelloWorldAppStageWithStages 2021-11-24T15:46:03+03:00 logger.go:66:           [32m+[0m [0m{
TestHelloWorldAppStageWithStages 2021-11-24T15:46:03+03:00 logger.go:66:               [32m+[0m [0mcidr_blocks      = [
TestHelloWorldAppStageWithStages 2021-11-24T15:46:03+03:00 logger.go:66:                   [32m+[0m [0m"0.0.0.0/0",
TestHelloWorldAppStageWithStages 2021-11-24T15:46:03+03:00 logger.go:66:                 ]
TestHelloWorldAppStageWithStages 2021-11-24T15:46:03+03:00 logger.go:66:               [32m+[0m [0mdescription      = ""
TestHelloWorldAppStageWithStages 2021-11-24T15:46:03+03:00 logger.go:66:               [32m+[0m [0mfrom_port        = 0
TestHelloWorldAppStageWithStages 2021-11-24T15:46:03+03:00 logger.go:66:               [32m+[0m [0mipv6_cidr_blocks = []
TestHelloWorldAppStageWithStages 2021-11-24T15:46:03+03:00 logger.go:66:               [32m+[0m [0mprefix_list_ids  = []
TestHelloWorldAppStageWithStages 2021-11-24T15:46:03+03:00 logger.go:66:               [32m+[0m [0mprotocol         = "-1"
TestHelloWorldAppStageWithStages 2021-11-24T15:46:03+03:00 logger.go:66:               [32m+[0m [0msecurity_groups  = []
TestHelloWorldAppStageWithStages 2021-11-24T15:46:03+03:00 logger.go:66:               [32m+[0m [0mself             = false
TestHelloWorldAppStageWithStages 2021-11-24T15:46:03+03:00 logger.go:66:               [32m+[0m [0mto_port          = 0
TestHelloWorldAppStageWithStages 2021-11-24T15:46:03+03:00 logger.go:66:             },
TestHelloWorldAppStageWithStages 2021-11-24T15:46:03+03:00 logger.go:66:         ]
TestHelloWorldAppStageWithStages 2021-11-24T15:46:03+03:00 logger.go:66:         [1m[0mid[0m[0m                     = "sg-09ba6d81f51dec9c3"
TestHelloWorldAppStageWithStages 2021-11-24T15:46:03+03:00 logger.go:66:       [33m~[0m [0m[1m[0mingress[0m[0m                = [
TestHelloWorldAppStageWithStages 2021-11-24T15:46:03+03:00 logger.go:66:           [32m+[0m [0m{
TestHelloWorldAppStageWithStages 2021-11-24T15:46:03+03:00 logger.go:66:               [32m+[0m [0mcidr_blocks      = [
TestHelloWorldAppStageWithStages 2021-11-24T15:46:03+03:00 logger.go:66:                   [32m+[0m [0m"0.0.0.0/0",
TestHelloWorldAppStageWithStages 2021-11-24T15:46:03+03:00 logger.go:66:                 ]
TestHelloWorldAppStageWithStages 2021-11-24T15:46:03+03:00 logger.go:66:               [32m+[0m [0mdescription      = ""
TestHelloWorldAppStageWithStages 2021-11-24T15:46:03+03:00 logger.go:66:               [32m+[0m [0mfrom_port        = 80
TestHelloWorldAppStageWithStages 2021-11-24T15:46:03+03:00 logger.go:66:               [32m+[0m [0mipv6_cidr_blocks = []
TestHelloWorldAppStageWithStages 2021-11-24T15:46:03+03:00 logger.go:66:               [32m+[0m [0mprefix_list_ids  = []
TestHelloWorldAppStageWithStages 2021-11-24T15:46:03+03:00 logger.go:66:               [32m+[0m [0mprotocol         = "tcp"
TestHelloWorldAppStageWithStages 2021-11-24T15:46:03+03:00 logger.go:66:               [32m+[0m [0msecurity_groups  = []
TestHelloWorldAppStageWithStages 2021-11-24T15:46:03+03:00 logger.go:66:               [32m+[0m [0mself             = false
TestHelloWorldAppStageWithStages 2021-11-24T15:46:03+03:00 logger.go:66:               [32m+[0m [0mto_port          = 80
TestHelloWorldAppStageWithStages 2021-11-24T15:46:03+03:00 logger.go:66:             },
TestHelloWorldAppStageWithStages 2021-11-24T15:46:03+03:00 logger.go:66:         ]
TestHelloWorldAppStageWithStages 2021-11-24T15:46:03+03:00 logger.go:66:         [1m[0mname[0m[0m                   = "hello-world-testGPhMem"
TestHelloWorldAppStageWithStages 2021-11-24T15:46:03+03:00 logger.go:66:       [32m+[0m [0m[1m[0mtags[0m[0m                   = {}
TestHelloWorldAppStageWithStages 2021-11-24T15:46:03+03:00 logger.go:66:         [90m# (6 unchanged attributes hidden)[0m[0m
TestHelloWorldAppStageWithStages 2021-11-24T15:46:03+03:00 logger.go:66:     }
TestHelloWorldAppStageWithStages 2021-11-24T15:46:03+03:00 logger.go:66: [1m  # module.hello_world_app.module.alb.aws_security_group_rule.allow_all_outbound[0m has been changed[0m[0m
TestHelloWorldAppStageWithStages 2021-11-24T15:46:03+03:00 logger.go:66: [0m  [33m~[0m[0m resource "aws_security_group_rule" "allow_all_outbound" {
TestHelloWorldAppStageWithStages 2021-11-24T15:46:03+03:00 logger.go:66:         [1m[0mid[0m[0m                = "sgrule-3068437393"
TestHelloWorldAppStageWithStages 2021-11-24T15:46:03+03:00 logger.go:66:       [32m+[0m [0m[1m[0mipv6_cidr_blocks[0m[0m  = []
TestHelloWorldAppStageWithStages 2021-11-24T15:46:03+03:00 logger.go:66:       [32m+[0m [0m[1m[0mprefix_list_ids[0m[0m   = []
TestHelloWorldAppStageWithStages 2021-11-24T15:46:03+03:00 logger.go:66:         [90m# (7 unchanged attributes hidden)[0m[0m
TestHelloWorldAppStageWithStages 2021-11-24T15:46:03+03:00 logger.go:66:     }
TestHelloWorldAppStageWithStages 2021-11-24T15:46:03+03:00 logger.go:66: [1m  # module.hello_world_app.module.alb.aws_security_group_rule.allow_http_inbound[0m has been changed[0m[0m
TestHelloWorldAppStageWithStages 2021-11-24T15:46:03+03:00 logger.go:66: [0m  [33m~[0m[0m resource "aws_security_group_rule" "allow_http_inbound" {
TestHelloWorldAppStageWithStages 2021-11-24T15:46:03+03:00 logger.go:66:         [1m[0mid[0m[0m                = "sgrule-2096668039"
TestHelloWorldAppStageWithStages 2021-11-24T15:46:03+03:00 logger.go:66:       [32m+[0m [0m[1m[0mipv6_cidr_blocks[0m[0m  = []
TestHelloWorldAppStageWithStages 2021-11-24T15:46:03+03:00 logger.go:66:       [32m+[0m [0m[1m[0mprefix_list_ids[0m[0m   = []
TestHelloWorldAppStageWithStages 2021-11-24T15:46:03+03:00 logger.go:66:         [90m# (7 unchanged attributes hidden)[0m[0m
TestHelloWorldAppStageWithStages 2021-11-24T15:46:03+03:00 logger.go:66:     }
TestHelloWorldAppStageWithStages 2021-11-24T15:46:03+03:00 logger.go:66: [1m  # module.hello_world_app.module.asg.aws_autoscaling_group.example[0m has been changed[0m[0m
TestHelloWorldAppStageWithStages 2021-11-24T15:46:03+03:00 logger.go:66: [0m  [33m~[0m[0m resource "aws_autoscaling_group" "example" {
TestHelloWorldAppStageWithStages 2021-11-24T15:46:03+03:00 logger.go:66:       [32m+[0m [0m[1m[0menabled_metrics[0m[0m           = []
TestHelloWorldAppStageWithStages 2021-11-24T15:46:03+03:00 logger.go:66:         [1m[0mid[0m[0m                        = "hello-world-testGPhMem-terraform-20211124124314550200000001"
TestHelloWorldAppStageWithStages 2021-11-24T15:46:03+03:00 logger.go:66:       [32m+[0m [0m[1m[0mload_balancers[0m[0m            = []
TestHelloWorldAppStageWithStages 2021-11-24T15:46:03+03:00 logger.go:66:         [1m[0mname[0m[0m                      = "hello-world-testGPhMem-terraform-20211124124314550200000001"
TestHelloWorldAppStageWithStages 2021-11-24T15:46:03+03:00 logger.go:66:       [32m+[0m [0m[1m[0msuspended_processes[0m[0m       = []
TestHelloWorldAppStageWithStages 2021-11-24T15:46:03+03:00 logger.go:66:       [32m+[0m [0m[1m[0mtermination_policies[0m[0m      = []
TestHelloWorldAppStageWithStages 2021-11-24T15:46:03+03:00 logger.go:66:         [90m# (21 unchanged attributes hidden)[0m[0m
TestHelloWorldAppStageWithStages 2021-11-24T15:46:03+03:00 logger.go:66: 
TestHelloWorldAppStageWithStages 2021-11-24T15:46:03+03:00 logger.go:66:         [90m# (1 unchanged block hidden)[0m[0m
TestHelloWorldAppStageWithStages 2021-11-24T15:46:03+03:00 logger.go:66:     }
TestHelloWorldAppStageWithStages 2021-11-24T15:46:03+03:00 logger.go:66: [1m  # module.hello_world_app.module.asg.aws_cloudwatch_metric_alarm.high_cpu_utilization[0m has been changed[0m[0m
TestHelloWorldAppStageWithStages 2021-11-24T15:46:03+03:00 logger.go:66: [0m  [33m~[0m[0m resource "aws_cloudwatch_metric_alarm" "high_cpu_utilization" {
TestHelloWorldAppStageWithStages 2021-11-24T15:46:03+03:00 logger.go:66:       [32m+[0m [0m[1m[0malarm_actions[0m[0m             = []
TestHelloWorldAppStageWithStages 2021-11-24T15:46:03+03:00 logger.go:66:         [1m[0mid[0m[0m                        = "hello-world-testGPhMem-high-cpu-utilization"
TestHelloWorldAppStageWithStages 2021-11-24T15:46:03+03:00 logger.go:66:       [32m+[0m [0m[1m[0minsufficient_data_actions[0m[0m = []
TestHelloWorldAppStageWithStages 2021-11-24T15:46:03+03:00 logger.go:66:       [32m+[0m [0m[1m[0mok_actions[0m[0m                = []
TestHelloWorldAppStageWithStages 2021-11-24T15:46:03+03:00 logger.go:66:       [32m+[0m [0m[1m[0mtags[0m[0m                      = {}
TestHelloWorldAppStageWithStages 2021-11-24T15:46:03+03:00 logger.go:66:         [90m# (15 unchanged attributes hidden)[0m[0m
TestHelloWorldAppStageWithStages 2021-11-24T15:46:03+03:00 logger.go:66:     }
TestHelloWorldAppStageWithStages 2021-11-24T15:46:03+03:00 logger.go:66: [1m  # module.hello_world_app.module.asg.aws_cloudwatch_metric_alarm.low_cpu_credit_balance[0][0m has been changed[0m[0m
TestHelloWorldAppStageWithStages 2021-11-24T15:46:03+03:00 logger.go:66: [0m  [33m~[0m[0m resource "aws_cloudwatch_metric_alarm" "low_cpu_credit_balance" {
TestHelloWorldAppStageWithStages 2021-11-24T15:46:03+03:00 logger.go:66:       [32m+[0m [0m[1m[0malarm_actions[0m[0m             = []
TestHelloWorldAppStageWithStages 2021-11-24T15:46:03+03:00 logger.go:66:         [1m[0mid[0m[0m                        = "hello-world-testGPhMem-low-cpu-credit-balance"
TestHelloWorldAppStageWithStages 2021-11-24T15:46:03+03:00 logger.go:66:       [32m+[0m [0m[1m[0minsufficient_data_actions[0m[0m = []
TestHelloWorldAppStageWithStages 2021-11-24T15:46:03+03:00 logger.go:66:       [32m+[0m [0m[1m[0mok_actions[0m[0m                = []
TestHelloWorldAppStageWithStages 2021-11-24T15:46:03+03:00 logger.go:66:       [32m+[0m [0m[1m[0mtags[0m[0m                      = {}
TestHelloWorldAppStageWithStages 2021-11-24T15:46:03+03:00 logger.go:66:         [90m# (15 unchanged attributes hidden)[0m[0m
TestHelloWorldAppStageWithStages 2021-11-24T15:46:03+03:00 logger.go:66:     }
TestHelloWorldAppStageWithStages 2021-11-24T15:46:03+03:00 logger.go:66: [1m  # module.hello_world_app.module.asg.aws_launch_configuration.example[0m has been changed[0m[0m
TestHelloWorldAppStageWithStages 2021-11-24T15:46:03+03:00 logger.go:66: [0m  [33m~[0m[0m resource "aws_launch_configuration" "example" {
TestHelloWorldAppStageWithStages 2021-11-24T15:46:03+03:00 logger.go:66:         [1m[0mid[0m[0m                               = "terraform-20211124124314550200000001"
TestHelloWorldAppStageWithStages 2021-11-24T15:46:03+03:00 logger.go:66:         [1m[0mname[0m[0m                             = "terraform-20211124124314550200000001"
TestHelloWorldAppStageWithStages 2021-11-24T15:46:03+03:00 logger.go:66:       [32m+[0m [0m[1m[0mvpc_classic_link_security_groups[0m[0m = []
TestHelloWorldAppStageWithStages 2021-11-24T15:46:03+03:00 logger.go:66:         [90m# (9 unchanged attributes hidden)[0m[0m
TestHelloWorldAppStageWithStages 2021-11-24T15:46:03+03:00 logger.go:66:     }
TestHelloWorldAppStageWithStages 2021-11-24T15:46:03+03:00 logger.go:66: [1m  # module.hello_world_app.module.asg.aws_security_group.instance[0m has been changed[0m[0m
TestHelloWorldAppStageWithStages 2021-11-24T15:46:03+03:00 logger.go:66: [0m  [33m~[0m[0m resource "aws_security_group" "instance" {
TestHelloWorldAppStageWithStages 2021-11-24T15:46:03+03:00 logger.go:66:         [1m[0mid[0m[0m                     = "sg-0a0cdadaa01006347"
TestHelloWorldAppStageWithStages 2021-11-24T15:46:03+03:00 logger.go:66:       [33m~[0m [0m[1m[0mingress[0m[0m                = [
TestHelloWorldAppStageWithStages 2021-11-24T15:46:03+03:00 logger.go:66:           [32m+[0m [0m{
TestHelloWorldAppStageWithStages 2021-11-24T15:46:03+03:00 logger.go:66:               [32m+[0m [0mcidr_blocks      = [
TestHelloWorldAppStageWithStages 2021-11-24T15:46:03+03:00 logger.go:66:                   [32m+[0m [0m"0.0.0.0/0",
TestHelloWorldAppStageWithStages 2021-11-24T15:46:03+03:00 logger.go:66:                 ]
TestHelloWorldAppStageWithStages 2021-11-24T15:46:03+03:00 logger.go:66:               [32m+[0m [0mdescription      = ""
TestHelloWorldAppStageWithStages 2021-11-24T15:46:03+03:00 logger.go:66:               [32m+[0m [0mfrom_port        = 8080
TestHelloWorldAppStageWithStages 2021-11-24T15:46:03+03:00 logger.go:66:               [32m+[0m [0mipv6_cidr_blocks = []
TestHelloWorldAppStageWithStages 2021-11-24T15:46:03+03:00 logger.go:66:               [32m+[0m [0mprefix_list_ids  = []
TestHelloWorldAppStageWithStages 2021-11-24T15:46:03+03:00 logger.go:66:               [32m+[0m [0mprotocol         = "tcp"
TestHelloWorldAppStageWithStages 2021-11-24T15:46:03+03:00 logger.go:66:               [32m+[0m [0msecurity_groups  = []
TestHelloWorldAppStageWithStages 2021-11-24T15:46:03+03:00 logger.go:66:               [32m+[0m [0mself             = false
TestHelloWorldAppStageWithStages 2021-11-24T15:46:03+03:00 logger.go:66:               [32m+[0m [0mto_port          = 8080
TestHelloWorldAppStageWithStages 2021-11-24T15:46:03+03:00 logger.go:66:             },
TestHelloWorldAppStageWithStages 2021-11-24T15:46:03+03:00 logger.go:66:         ]
TestHelloWorldAppStageWithStages 2021-11-24T15:46:03+03:00 logger.go:66:         [1m[0mname[0m[0m                   = "hello-world-testGPhMem-instance"
TestHelloWorldAppStageWithStages 2021-11-24T15:46:03+03:00 logger.go:66:       [32m+[0m [0m[1m[0mtags[0m[0m                   = {}
TestHelloWorldAppStageWithStages 2021-11-24T15:46:03+03:00 logger.go:66:         [90m# (7 unchanged attributes hidden)[0m[0m
TestHelloWorldAppStageWithStages 2021-11-24T15:46:03+03:00 logger.go:66:     }
TestHelloWorldAppStageWithStages 2021-11-24T15:46:03+03:00 logger.go:66: [1m  # module.hello_world_app.module.asg.aws_security_group_rule.allow_server_http_inbound[0m has been changed[0m[0m
TestHelloWorldAppStageWithStages 2021-11-24T15:46:03+03:00 logger.go:66: [0m  [33m~[0m[0m resource "aws_security_group_rule" "allow_server_http_inbound" {
TestHelloWorldAppStageWithStages 2021-11-24T15:46:03+03:00 logger.go:66:         [1m[0mid[0m[0m                = "sgrule-3402598274"
TestHelloWorldAppStageWithStages 2021-11-24T15:46:03+03:00 logger.go:66:       [32m+[0m [0m[1m[0mipv6_cidr_blocks[0m[0m  = []
TestHelloWorldAppStageWithStages 2021-11-24T15:46:03+03:00 logger.go:66:       [32m+[0m [0m[1m[0mprefix_list_ids[0m[0m   = []
TestHelloWorldAppStageWithStages 2021-11-24T15:46:03+03:00 logger.go:66:         [90m# (7 unchanged attributes hidden)[0m[0m
TestHelloWorldAppStageWithStages 2021-11-24T15:46:03+03:00 logger.go:66:     }
TestHelloWorldAppStageWithStages 2021-11-24T15:46:03+03:00 logger.go:66: 
TestHelloWorldAppStageWithStages 2021-11-24T15:46:03+03:00 logger.go:66: Unless you have made equivalent changes to your configuration, or ignored the
TestHelloWorldAppStageWithStages 2021-11-24T15:46:03+03:00 logger.go:66: relevant attributes using ignore_changes, the following plan may include
TestHelloWorldAppStageWithStages 2021-11-24T15:46:03+03:00 logger.go:66: actions to undo or respond to these changes.
TestHelloWorldAppStageWithStages 2021-11-24T15:46:03+03:00 logger.go:66: [90m
TestHelloWorldAppStageWithStages 2021-11-24T15:46:03+03:00 logger.go:66: ─────────────────────────────────────────────────────────────────────────────[0m
TestHelloWorldAppStageWithStages 2021-11-24T15:46:03+03:00 logger.go:66: 
TestHelloWorldAppStageWithStages 2021-11-24T15:46:03+03:00 logger.go:66: Terraform used the selected providers to generate the following execution
TestHelloWorldAppStageWithStages 2021-11-24T15:46:03+03:00 logger.go:66: plan. Resource actions are indicated with the following symbols:
TestHelloWorldAppStageWithStages 2021-11-24T15:46:03+03:00 logger.go:66:   [33m~[0m update in-place
TestHelloWorldAppStageWithStages 2021-11-24T15:46:03+03:00 logger.go:66: [32m+[0m/[31m-[0m create replacement and then destroy
TestHelloWorldAppStageWithStages 2021-11-24T15:46:03+03:00 logger.go:66: [0m
TestHelloWorldAppStageWithStages 2021-11-24T15:46:03+03:00 logger.go:66: Terraform will perform the following actions:
TestHelloWorldAppStageWithStages 2021-11-24T15:46:03+03:00 logger.go:66: 
TestHelloWorldAppStageWithStages 2021-11-24T15:46:03+03:00 logger.go:66: [1m  # module.hello_world_app.module.asg.aws_autoscaling_group.example[0m must be [1m[31mreplaced[0m[0m
TestHelloWorldAppStageWithStages 2021-11-24T15:46:03+03:00 logger.go:66: [0m[32m+[0m/[31m-[0m[0m resource "aws_autoscaling_group" "example" {
TestHelloWorldAppStageWithStages 2021-11-24T15:46:03+03:00 logger.go:66:       [33m~[0m [0m[1m[0marn[0m[0m                       = "arn:aws:autoscaling:us-west-2:477157789902:autoScalingGroup:84befcbb-3f0f-4923-a893-f0a6f229ab7e:autoScalingGroupName/hello-world-testGPhMem-terraform-20211124124314550200000001" [33m->[0m [0m(known after apply)
TestHelloWorldAppStageWithStages 2021-11-24T15:46:03+03:00 logger.go:66:       [33m~[0m [0m[1m[0mavailability_zones[0m[0m        = [
TestHelloWorldAppStageWithStages 2021-11-24T15:46:03+03:00 logger.go:66:           [31m-[0m [0m"us-west-2a",
TestHelloWorldAppStageWithStages 2021-11-24T15:46:03+03:00 logger.go:66:           [31m-[0m [0m"us-west-2b",
TestHelloWorldAppStageWithStages 2021-11-24T15:46:03+03:00 logger.go:66:           [31m-[0m [0m"us-west-2c",
TestHelloWorldAppStageWithStages 2021-11-24T15:46:03+03:00 logger.go:66:           [31m-[0m [0m"us-west-2d",
TestHelloWorldAppStageWithStages 2021-11-24T15:46:03+03:00 logger.go:66:         ] [33m->[0m [0m(known after apply)
TestHelloWorldAppStageWithStages 2021-11-24T15:46:03+03:00 logger.go:66:       [31m-[0m [0m[1m[0mcapacity_rebalance[0m[0m        = false [90m->[0m [0m[90mnull[0m[0m
TestHelloWorldAppStageWithStages 2021-11-24T15:46:03+03:00 logger.go:66:       [33m~[0m [0m[1m[0mdefault_cooldown[0m[0m          = 300 [33m->[0m [0m(known after apply)
TestHelloWorldAppStageWithStages 2021-11-24T15:46:03+03:00 logger.go:66:       [33m~[0m [0m[1m[0mdesired_capacity[0m[0m          = 2 [33m->[0m [0m(known after apply)
TestHelloWorldAppStageWithStages 2021-11-24T15:46:03+03:00 logger.go:66:       [31m-[0m [0m[1m[0menabled_metrics[0m[0m           = [] [90m->[0m [0m[90mnull[0m[0m
TestHelloWorldAppStageWithStages 2021-11-24T15:46:03+03:00 logger.go:66:       [33m~[0m [0m[1m[0mid[0m[0m                        = "hello-world-testGPhMem-terraform-20211124124314550200000001" [33m->[0m [0m(known after apply)
TestHelloWorldAppStageWithStages 2021-11-24T15:46:03+03:00 logger.go:66:       [33m~[0m [0m[1m[0mlaunch_configuration[0m[0m      = "terraform-20211124124314550200000001" [33m->[0m [0m(known after apply)
TestHelloWorldAppStageWithStages 2021-11-24T15:46:03+03:00 logger.go:66:       [31m-[0m [0m[1m[0mload_balancers[0m[0m            = [] [90m->[0m [0m[90mnull[0m[0m
TestHelloWorldAppStageWithStages 2021-11-24T15:46:03+03:00 logger.go:66:       [31m-[0m [0m[1m[0mmax_instance_lifetime[0m[0m     = 0 [90m->[0m [0m[90mnull[0m[0m
TestHelloWorldAppStageWithStages 2021-11-24T15:46:03+03:00 logger.go:66:       [33m~[0m [0m[1m[0mname[0m[0m                      = "hello-world-testGPhMem-terraform-20211124124314550200000001" [33m->[0m [0m(known after apply) [31m# forces replacement[0m[0m
TestHelloWorldAppStageWithStages 2021-11-24T15:46:03+03:00 logger.go:66:       [33m~[0m [0m[1m[0mname_prefix[0m[0m               = "hello-world-testGPhMem-terraform-" [33m->[0m [0m(known after apply)
TestHelloWorldAppStageWithStages 2021-11-24T15:46:03+03:00 logger.go:66:       [33m~[0m [0m[1m[0mservice_linked_role_arn[0m[0m   = "arn:aws:iam::477157789902:role/aws-service-role/autoscaling.amazonaws.com/AWSServiceRoleForAutoScaling" [33m->[0m [0m(known after apply)
TestHelloWorldAppStageWithStages 2021-11-24T15:46:03+03:00 logger.go:66:       [31m-[0m [0m[1m[0msuspended_processes[0m[0m       = [] [90m->[0m [0m[90mnull[0m[0m
TestHelloWorldAppStageWithStages 2021-11-24T15:46:03+03:00 logger.go:66:       [31m-[0m [0m[1m[0mtermination_policies[0m[0m      = [] [90m->[0m [0m[90mnull[0m[0m
TestHelloWorldAppStageWithStages 2021-11-24T15:46:03+03:00 logger.go:66:         [90m# (12 unchanged attributes hidden)[0m[0m
TestHelloWorldAppStageWithStages 2021-11-24T15:46:03+03:00 logger.go:66: 
TestHelloWorldAppStageWithStages 2021-11-24T15:46:03+03:00 logger.go:66:         [90m# (1 unchanged block hidden)[0m[0m
TestHelloWorldAppStageWithStages 2021-11-24T15:46:03+03:00 logger.go:66:     }
TestHelloWorldAppStageWithStages 2021-11-24T15:46:03+03:00 logger.go:66: 
TestHelloWorldAppStageWithStages 2021-11-24T15:46:03+03:00 logger.go:66: [1m  # module.hello_world_app.module.asg.aws_cloudwatch_metric_alarm.high_cpu_utilization[0m will be updated in-place[0m[0m
TestHelloWorldAppStageWithStages 2021-11-24T15:46:03+03:00 logger.go:66: [0m  [33m~[0m[0m resource "aws_cloudwatch_metric_alarm" "high_cpu_utilization" {
TestHelloWorldAppStageWithStages 2021-11-24T15:46:03+03:00 logger.go:66:       [33m~[0m [0m[1m[0mdimensions[0m[0m                = {
TestHelloWorldAppStageWithStages 2021-11-24T15:46:03+03:00 logger.go:66:           [31m-[0m [0m"AutoScalingGroupName" = "hello-world-testGPhMem-terraform-20211124124314550200000001"
TestHelloWorldAppStageWithStages 2021-11-24T15:46:03+03:00 logger.go:66:         } [33m->[0m [0m(known after apply)
TestHelloWorldAppStageWithStages 2021-11-24T15:46:03+03:00 logger.go:66:         [1m[0mid[0m[0m                        = "hello-world-testGPhMem-high-cpu-utilization"
TestHelloWorldAppStageWithStages 2021-11-24T15:46:03+03:00 logger.go:66:         [1m[0mtags[0m[0m                      = {}
TestHelloWorldAppStageWithStages 2021-11-24T15:46:03+03:00 logger.go:66:         [90m# (17 unchanged attributes hidden)[0m[0m
TestHelloWorldAppStageWithStages 2021-11-24T15:46:03+03:00 logger.go:66:     }
TestHelloWorldAppStageWithStages 2021-11-24T15:46:03+03:00 logger.go:66: 
TestHelloWorldAppStageWithStages 2021-11-24T15:46:03+03:00 logger.go:66: [1m  # module.hello_world_app.module.asg.aws_cloudwatch_metric_alarm.low_cpu_credit_balance[0][0m will be updated in-place[0m[0m
TestHelloWorldAppStageWithStages 2021-11-24T15:46:03+03:00 logger.go:66: [0m  [33m~[0m[0m resource "aws_cloudwatch_metric_alarm" "low_cpu_credit_balance" {
TestHelloWorldAppStageWithStages 2021-11-24T15:46:03+03:00 logger.go:66:       [33m~[0m [0m[1m[0mdimensions[0m[0m                = {
TestHelloWorldAppStageWithStages 2021-11-24T15:46:03+03:00 logger.go:66:           [31m-[0m [0m"AutoScalingGroupName" = "hello-world-testGPhMem-terraform-20211124124314550200000001"
TestHelloWorldAppStageWithStages 2021-11-24T15:46:03+03:00 logger.go:66:         } [33m->[0m [0m(known after apply)
TestHelloWorldAppStageWithStages 2021-11-24T15:46:03+03:00 logger.go:66:         [1m[0mid[0m[0m                        = "hello-world-testGPhMem-low-cpu-credit-balance"
TestHelloWorldAppStageWithStages 2021-11-24T15:46:03+03:00 logger.go:66:         [1m[0mtags[0m[0m                      = {}
TestHelloWorldAppStageWithStages 2021-11-24T15:46:03+03:00 logger.go:66:         [90m# (17 unchanged attributes hidden)[0m[0m
TestHelloWorldAppStageWithStages 2021-11-24T15:46:03+03:00 logger.go:66:     }
TestHelloWorldAppStageWithStages 2021-11-24T15:46:03+03:00 logger.go:66: 
TestHelloWorldAppStageWithStages 2021-11-24T15:46:03+03:00 logger.go:66: [1m  # module.hello_world_app.module.asg.aws_launch_configuration.example[0m must be [1m[31mreplaced[0m[0m
TestHelloWorldAppStageWithStages 2021-11-24T15:46:03+03:00 logger.go:66: [0m[32m+[0m/[31m-[0m[0m resource "aws_launch_configuration" "example" {
TestHelloWorldAppStageWithStages 2021-11-24T15:46:03+03:00 logger.go:66:       [33m~[0m [0m[1m[0marn[0m[0m                              = "arn:aws:autoscaling:us-west-2:477157789902:launchConfiguration:b58b5bf1-41b1-4a6d-bfc6-c54d679cc623:launchConfigurationName/terraform-20211124124314550200000001" [33m->[0m [0m(known after apply)
TestHelloWorldAppStageWithStages 2021-11-24T15:46:03+03:00 logger.go:66:       [33m~[0m [0m[1m[0mebs_optimized[0m[0m                    = false [33m->[0m [0m(known after apply)
TestHelloWorldAppStageWithStages 2021-11-24T15:46:03+03:00 logger.go:66:       [33m~[0m [0m[1m[0mid[0m[0m                               = "terraform-20211124124314550200000001" [33m->[0m [0m(known after apply)
TestHelloWorldAppStageWithStages 2021-11-24T15:46:03+03:00 logger.go:66:       [32m+[0m [0m[1m[0mkey_name[0m[0m                         = (known after apply)
TestHelloWorldAppStageWithStages 2021-11-24T15:46:03+03:00 logger.go:66:       [33m~[0m [0m[1m[0mname[0m[0m                             = "terraform-20211124124314550200000001" [33m->[0m [0m(known after apply)
TestHelloWorldAppStageWithStages 2021-11-24T15:46:03+03:00 logger.go:66:       [33m~[0m [0m[1m[0mname_prefix[0m[0m                      = "terraform-" [33m->[0m [0m(known after apply)
TestHelloWorldAppStageWithStages 2021-11-24T15:46:03+03:00 logger.go:66:       [33m~[0m [0m[1m[0muser_data[0m[0m                        = "26133d9ddd0e78148499747d1ab2982b8821e2a7" [33m->[0m [0m"9ef0b2e85ff838859aaf9268e3b81accdc0ac107" [31m# forces replacement[0m[0m
TestHelloWorldAppStageWithStages 2021-11-24T15:46:03+03:00 logger.go:66:       [31m-[0m [0m[1m[0mvpc_classic_link_security_groups[0m[0m = [] [90m->[0m [0m[90mnull[0m[0m
TestHelloWorldAppStageWithStages 2021-11-24T15:46:03+03:00 logger.go:66:         [90m# (5 unchanged attributes hidden)[0m[0m
TestHelloWorldAppStageWithStages 2021-11-24T15:46:03+03:00 logger.go:66: 
TestHelloWorldAppStageWithStages 2021-11-24T15:46:03+03:00 logger.go:66:       [32m+[0m [0mebs_block_device {
TestHelloWorldAppStageWithStages 2021-11-24T15:46:03+03:00 logger.go:66:           [32m+[0m [0m[1m[0mdelete_on_termination[0m[0m = (known after apply)
TestHelloWorldAppStageWithStages 2021-11-24T15:46:03+03:00 logger.go:66:           [32m+[0m [0m[1m[0mdevice_name[0m[0m           = (known after apply)
TestHelloWorldAppStageWithStages 2021-11-24T15:46:03+03:00 logger.go:66:           [32m+[0m [0m[1m[0mencrypted[0m[0m             = (known after apply)
TestHelloWorldAppStageWithStages 2021-11-24T15:46:03+03:00 logger.go:66:           [32m+[0m [0m[1m[0miops[0m[0m                  = (known after apply)
TestHelloWorldAppStageWithStages 2021-11-24T15:46:03+03:00 logger.go:66:           [32m+[0m [0m[1m[0mno_device[0m[0m             = (known after apply)
TestHelloWorldAppStageWithStages 2021-11-24T15:46:03+03:00 logger.go:66:           [32m+[0m [0m[1m[0msnapshot_id[0m[0m           = (known after apply)
TestHelloWorldAppStageWithStages 2021-11-24T15:46:03+03:00 logger.go:66:           [32m+[0m [0m[1m[0mthroughput[0m[0m            = (known after apply)
TestHelloWorldAppStageWithStages 2021-11-24T15:46:03+03:00 logger.go:66:           [32m+[0m [0m[1m[0mvolume_size[0m[0m           = (known after apply)
TestHelloWorldAppStageWithStages 2021-11-24T15:46:03+03:00 logger.go:66:           [32m+[0m [0m[1m[0mvolume_type[0m[0m           = (known after apply)
TestHelloWorldAppStageWithStages 2021-11-24T15:46:03+03:00 logger.go:66:         }
TestHelloWorldAppStageWithStages 2021-11-24T15:46:03+03:00 logger.go:66: 
TestHelloWorldAppStageWithStages 2021-11-24T15:46:03+03:00 logger.go:66:       [32m+[0m [0mmetadata_options {
TestHelloWorldAppStageWithStages 2021-11-24T15:46:03+03:00 logger.go:66:           [32m+[0m [0m[1m[0mhttp_endpoint[0m[0m               = (known after apply)
TestHelloWorldAppStageWithStages 2021-11-24T15:46:03+03:00 logger.go:66:           [32m+[0m [0m[1m[0mhttp_put_response_hop_limit[0m[0m = (known after apply)
TestHelloWorldAppStageWithStages 2021-11-24T15:46:03+03:00 logger.go:66:           [32m+[0m [0m[1m[0mhttp_tokens[0m[0m                 = (known after apply)
TestHelloWorldAppStageWithStages 2021-11-24T15:46:03+03:00 logger.go:66:         }
TestHelloWorldAppStageWithStages 2021-11-24T15:46:03+03:00 logger.go:66: 
TestHelloWorldAppStageWithStages 2021-11-24T15:46:03+03:00 logger.go:66:       [32m+[0m [0mroot_block_device {
TestHelloWorldAppStageWithStages 2021-11-24T15:46:03+03:00 logger.go:66:           [32m+[0m [0m[1m[0mdelete_on_termination[0m[0m = (known after apply)
TestHelloWorldAppStageWithStages 2021-11-24T15:46:03+03:00 logger.go:66:           [32m+[0m [0m[1m[0mencrypted[0m[0m             = (known after apply)
TestHelloWorldAppStageWithStages 2021-11-24T15:46:03+03:00 logger.go:66:           [32m+[0m [0m[1m[0miops[0m[0m                  = (known after apply)
TestHelloWorldAppStageWithStages 2021-11-24T15:46:03+03:00 logger.go:66:           [32m+[0m [0m[1m[0mthroughput[0m[0m            = (known after apply)
TestHelloWorldAppStageWithStages 2021-11-24T15:46:03+03:00 logger.go:66:           [32m+[0m [0m[1m[0mvolume_size[0m[0m           = (known after apply)
TestHelloWorldAppStageWithStages 2021-11-24T15:46:03+03:00 logger.go:66:           [32m+[0m [0m[1m[0mvolume_type[0m[0m           = (known after apply)
TestHelloWorldAppStageWithStages 2021-11-24T15:46:03+03:00 logger.go:66:         }
TestHelloWorldAppStageWithStages 2021-11-24T15:46:03+03:00 logger.go:66:     }
TestHelloWorldAppStageWithStages 2021-11-24T15:46:03+03:00 logger.go:66: 
TestHelloWorldAppStageWithStages 2021-11-24T15:46:03+03:00 logger.go:66: [0m[1mPlan:[0m 2 to add, 2 to change, 2 to destroy.
TestHelloWorldAppStageWithStages 2021-11-24T15:46:03+03:00 http_helper.go:32: Making an HTTP GET call to URL http://hello-world-testGPhMem-171065434.us-west-2.elb.amazonaws.com
TestHelloWorldAppStageWithStages 2021-11-24T15:46:03+03:00 continuous.go:47: Got response 200 and err <nil> from URL at http://hello-world-testGPhMem-171065434.us-west-2.elb.amazonaws.com
TestHelloWorldAppStageWithStages 2021-11-24T15:46:04+03:00 http_helper.go:32: Making an HTTP GET call to URL http://hello-world-testGPhMem-171065434.us-west-2.elb.amazonaws.com
TestHelloWorldAppStageWithStages 2021-11-24T15:46:05+03:00 continuous.go:47: Got response 200 and err <nil> from URL at http://hello-world-testGPhMem-171065434.us-west-2.elb.amazonaws.com
TestHelloWorldAppStageWithStages 2021-11-24T15:46:05+03:00 logger.go:66: [0m[0m[1mmodule.hello_world_app.module.asg.aws_launch_configuration.example: Creating...[0m[0m
TestHelloWorldAppStageWithStages 2021-11-24T15:46:06+03:00 http_helper.go:32: Making an HTTP GET call to URL http://hello-world-testGPhMem-171065434.us-west-2.elb.amazonaws.com
TestHelloWorldAppStageWithStages 2021-11-24T15:46:06+03:00 continuous.go:47: Got response 200 and err <nil> from URL at http://hello-world-testGPhMem-171065434.us-west-2.elb.amazonaws.com
TestHelloWorldAppStageWithStages 2021-11-24T15:46:07+03:00 http_helper.go:32: Making an HTTP GET call to URL http://hello-world-testGPhMem-171065434.us-west-2.elb.amazonaws.com
TestHelloWorldAppStageWithStages 2021-11-24T15:46:08+03:00 continuous.go:47: Got response 200 and err <nil> from URL at http://hello-world-testGPhMem-171065434.us-west-2.elb.amazonaws.com
TestHelloWorldAppStageWithStages 2021-11-24T15:46:09+03:00 http_helper.go:32: Making an HTTP GET call to URL http://hello-world-testGPhMem-171065434.us-west-2.elb.amazonaws.com
TestHelloWorldAppStageWithStages 2021-11-24T15:46:09+03:00 logger.go:66: [0m[1mmodule.hello_world_app.module.asg.aws_launch_configuration.example: Creation complete after 3s [id=terraform-20211124124605945000000001][0m
TestHelloWorldAppStageWithStages 2021-11-24T15:46:09+03:00 logger.go:66: [0m[1mmodule.hello_world_app.module.asg.aws_autoscaling_group.example: Creating...[0m[0m
TestHelloWorldAppStageWithStages 2021-11-24T15:46:09+03:00 continuous.go:47: Got response 200 and err <nil> from URL at http://hello-world-testGPhMem-171065434.us-west-2.elb.amazonaws.com
TestHelloWorldAppStageWithStages 2021-11-24T15:46:10+03:00 http_helper.go:32: Making an HTTP GET call to URL http://hello-world-testGPhMem-171065434.us-west-2.elb.amazonaws.com
TestHelloWorldAppStageWithStages 2021-11-24T15:46:10+03:00 continuous.go:47: Got response 200 and err <nil> from URL at http://hello-world-testGPhMem-171065434.us-west-2.elb.amazonaws.com
TestHelloWorldAppStageWithStages 2021-11-24T15:46:11+03:00 http_helper.go:32: Making an HTTP GET call to URL http://hello-world-testGPhMem-171065434.us-west-2.elb.amazonaws.com
TestHelloWorldAppStageWithStages 2021-11-24T15:46:12+03:00 continuous.go:47: Got response 200 and err <nil> from URL at http://hello-world-testGPhMem-171065434.us-west-2.elb.amazonaws.com
TestHelloWorldAppStageWithStages 2021-11-24T15:46:13+03:00 http_helper.go:32: Making an HTTP GET call to URL http://hello-world-testGPhMem-171065434.us-west-2.elb.amazonaws.com
TestHelloWorldAppStageWithStages 2021-11-24T15:46:13+03:00 continuous.go:47: Got response 200 and err <nil> from URL at http://hello-world-testGPhMem-171065434.us-west-2.elb.amazonaws.com
TestHelloWorldAppStageWithStages 2021-11-24T15:46:14+03:00 http_helper.go:32: Making an HTTP GET call to URL http://hello-world-testGPhMem-171065434.us-west-2.elb.amazonaws.com
TestHelloWorldAppStageWithStages 2021-11-24T15:46:15+03:00 continuous.go:47: Got response 200 and err <nil> from URL at http://hello-world-testGPhMem-171065434.us-west-2.elb.amazonaws.com
TestHelloWorldAppStageWithStages 2021-11-24T15:46:16+03:00 http_helper.go:32: Making an HTTP GET call to URL http://hello-world-testGPhMem-171065434.us-west-2.elb.amazonaws.com
TestHelloWorldAppStageWithStages 2021-11-24T15:46:16+03:00 continuous.go:47: Got response 200 and err <nil> from URL at http://hello-world-testGPhMem-171065434.us-west-2.elb.amazonaws.com
TestHelloWorldAppStageWithStages 2021-11-24T15:46:17+03:00 http_helper.go:32: Making an HTTP GET call to URL http://hello-world-testGPhMem-171065434.us-west-2.elb.amazonaws.com
TestHelloWorldAppStageWithStages 2021-11-24T15:46:18+03:00 continuous.go:47: Got response 200 and err <nil> from URL at http://hello-world-testGPhMem-171065434.us-west-2.elb.amazonaws.com
TestHelloWorldAppStageWithStages 2021-11-24T15:46:19+03:00 http_helper.go:32: Making an HTTP GET call to URL http://hello-world-testGPhMem-171065434.us-west-2.elb.amazonaws.com
TestHelloWorldAppStageWithStages 2021-11-24T15:46:19+03:00 logger.go:66: [0m[1mmodule.hello_world_app.module.asg.aws_autoscaling_group.example: Still creating... [10s elapsed][0m[0m
TestHelloWorldAppStageWithStages 2021-11-24T15:46:19+03:00 continuous.go:47: Got response 200 and err <nil> from URL at http://hello-world-testGPhMem-171065434.us-west-2.elb.amazonaws.com
TestHelloWorldAppStageWithStages 2021-11-24T15:46:20+03:00 http_helper.go:32: Making an HTTP GET call to URL http://hello-world-testGPhMem-171065434.us-west-2.elb.amazonaws.com
TestHelloWorldAppStageWithStages 2021-11-24T15:46:20+03:00 continuous.go:47: Got response 200 and err <nil> from URL at http://hello-world-testGPhMem-171065434.us-west-2.elb.amazonaws.com
TestHelloWorldAppStageWithStages 2021-11-24T15:46:21+03:00 http_helper.go:32: Making an HTTP GET call to URL http://hello-world-testGPhMem-171065434.us-west-2.elb.amazonaws.com
TestHelloWorldAppStageWithStages 2021-11-24T15:46:22+03:00 continuous.go:47: Got response 200 and err <nil> from URL at http://hello-world-testGPhMem-171065434.us-west-2.elb.amazonaws.com
TestHelloWorldAppStageWithStages 2021-11-24T15:46:23+03:00 http_helper.go:32: Making an HTTP GET call to URL http://hello-world-testGPhMem-171065434.us-west-2.elb.amazonaws.com
TestHelloWorldAppStageWithStages 2021-11-24T15:46:23+03:00 continuous.go:47: Got response 200 and err <nil> from URL at http://hello-world-testGPhMem-171065434.us-west-2.elb.amazonaws.com
TestHelloWorldAppStageWithStages 2021-11-24T15:46:24+03:00 http_helper.go:32: Making an HTTP GET call to URL http://hello-world-testGPhMem-171065434.us-west-2.elb.amazonaws.com
TestHelloWorldAppStageWithStages 2021-11-24T15:46:25+03:00 continuous.go:47: Got response 200 and err <nil> from URL at http://hello-world-testGPhMem-171065434.us-west-2.elb.amazonaws.com
TestHelloWorldAppStageWithStages 2021-11-24T15:46:26+03:00 http_helper.go:32: Making an HTTP GET call to URL http://hello-world-testGPhMem-171065434.us-west-2.elb.amazonaws.com
TestHelloWorldAppStageWithStages 2021-11-24T15:46:26+03:00 continuous.go:47: Got response 200 and err <nil> from URL at http://hello-world-testGPhMem-171065434.us-west-2.elb.amazonaws.com
TestHelloWorldAppStageWithStages 2021-11-24T15:46:27+03:00 http_helper.go:32: Making an HTTP GET call to URL http://hello-world-testGPhMem-171065434.us-west-2.elb.amazonaws.com
TestHelloWorldAppStageWithStages 2021-11-24T15:46:27+03:00 continuous.go:47: Got response 200 and err <nil> from URL at http://hello-world-testGPhMem-171065434.us-west-2.elb.amazonaws.com
TestHelloWorldAppStageWithStages 2021-11-24T15:46:28+03:00 http_helper.go:32: Making an HTTP GET call to URL http://hello-world-testGPhMem-171065434.us-west-2.elb.amazonaws.com
TestHelloWorldAppStageWithStages 2021-11-24T15:46:29+03:00 continuous.go:47: Got response 200 and err <nil> from URL at http://hello-world-testGPhMem-171065434.us-west-2.elb.amazonaws.com
TestHelloWorldAppStageWithStages 2021-11-24T15:46:29+03:00 logger.go:66: [0m[1mmodule.hello_world_app.module.asg.aws_autoscaling_group.example: Still creating... [20s elapsed][0m[0m
TestHelloWorldAppStageWithStages 2021-11-24T15:46:30+03:00 http_helper.go:32: Making an HTTP GET call to URL http://hello-world-testGPhMem-171065434.us-west-2.elb.amazonaws.com
TestHelloWorldAppStageWithStages 2021-11-24T15:46:30+03:00 continuous.go:47: Got response 200 and err <nil> from URL at http://hello-world-testGPhMem-171065434.us-west-2.elb.amazonaws.com
TestHelloWorldAppStageWithStages 2021-11-24T15:46:31+03:00 http_helper.go:32: Making an HTTP GET call to URL http://hello-world-testGPhMem-171065434.us-west-2.elb.amazonaws.com
TestHelloWorldAppStageWithStages 2021-11-24T15:46:32+03:00 continuous.go:47: Got response 200 and err <nil> from URL at http://hello-world-testGPhMem-171065434.us-west-2.elb.amazonaws.com
TestHelloWorldAppStageWithStages 2021-11-24T15:46:33+03:00 http_helper.go:32: Making an HTTP GET call to URL http://hello-world-testGPhMem-171065434.us-west-2.elb.amazonaws.com
TestHelloWorldAppStageWithStages 2021-11-24T15:46:33+03:00 continuous.go:47: Got response 200 and err <nil> from URL at http://hello-world-testGPhMem-171065434.us-west-2.elb.amazonaws.com
TestHelloWorldAppStageWithStages 2021-11-24T15:46:34+03:00 http_helper.go:32: Making an HTTP GET call to URL http://hello-world-testGPhMem-171065434.us-west-2.elb.amazonaws.com
TestHelloWorldAppStageWithStages 2021-11-24T15:46:34+03:00 continuous.go:47: Got response 200 and err <nil> from URL at http://hello-world-testGPhMem-171065434.us-west-2.elb.amazonaws.com
TestHelloWorldAppStageWithStages 2021-11-24T15:46:35+03:00 http_helper.go:32: Making an HTTP GET call to URL http://hello-world-testGPhMem-171065434.us-west-2.elb.amazonaws.com
TestHelloWorldAppStageWithStages 2021-11-24T15:46:36+03:00 continuous.go:47: Got response 200 and err <nil> from URL at http://hello-world-testGPhMem-171065434.us-west-2.elb.amazonaws.com
TestHelloWorldAppStageWithStages 2021-11-24T15:46:37+03:00 http_helper.go:32: Making an HTTP GET call to URL http://hello-world-testGPhMem-171065434.us-west-2.elb.amazonaws.com
TestHelloWorldAppStageWithStages 2021-11-24T15:46:37+03:00 continuous.go:47: Got response 200 and err <nil> from URL at http://hello-world-testGPhMem-171065434.us-west-2.elb.amazonaws.com
TestHelloWorldAppStageWithStages 2021-11-24T15:46:38+03:00 http_helper.go:32: Making an HTTP GET call to URL http://hello-world-testGPhMem-171065434.us-west-2.elb.amazonaws.com
TestHelloWorldAppStageWithStages 2021-11-24T15:46:39+03:00 continuous.go:47: Got response 200 and err <nil> from URL at http://hello-world-testGPhMem-171065434.us-west-2.elb.amazonaws.com
TestHelloWorldAppStageWithStages 2021-11-24T15:46:39+03:00 logger.go:66: [0m[1mmodule.hello_world_app.module.asg.aws_autoscaling_group.example: Still creating... [30s elapsed][0m[0m
TestHelloWorldAppStageWithStages 2021-11-24T15:46:40+03:00 http_helper.go:32: Making an HTTP GET call to URL http://hello-world-testGPhMem-171065434.us-west-2.elb.amazonaws.com
TestHelloWorldAppStageWithStages 2021-11-24T15:46:40+03:00 continuous.go:47: Got response 200 and err <nil> from URL at http://hello-world-testGPhMem-171065434.us-west-2.elb.amazonaws.com
TestHelloWorldAppStageWithStages 2021-11-24T15:46:41+03:00 http_helper.go:32: Making an HTTP GET call to URL http://hello-world-testGPhMem-171065434.us-west-2.elb.amazonaws.com
TestHelloWorldAppStageWithStages 2021-11-24T15:46:41+03:00 continuous.go:47: Got response 200 and err <nil> from URL at http://hello-world-testGPhMem-171065434.us-west-2.elb.amazonaws.com
TestHelloWorldAppStageWithStages 2021-11-24T15:46:42+03:00 http_helper.go:32: Making an HTTP GET call to URL http://hello-world-testGPhMem-171065434.us-west-2.elb.amazonaws.com
TestHelloWorldAppStageWithStages 2021-11-24T15:46:43+03:00 continuous.go:47: Got response 200 and err <nil> from URL at http://hello-world-testGPhMem-171065434.us-west-2.elb.amazonaws.com
TestHelloWorldAppStageWithStages 2021-11-24T15:46:44+03:00 http_helper.go:32: Making an HTTP GET call to URL http://hello-world-testGPhMem-171065434.us-west-2.elb.amazonaws.com
TestHelloWorldAppStageWithStages 2021-11-24T15:46:44+03:00 continuous.go:47: Got response 200 and err <nil> from URL at http://hello-world-testGPhMem-171065434.us-west-2.elb.amazonaws.com
TestHelloWorldAppStageWithStages 2021-11-24T15:46:45+03:00 http_helper.go:32: Making an HTTP GET call to URL http://hello-world-testGPhMem-171065434.us-west-2.elb.amazonaws.com
TestHelloWorldAppStageWithStages 2021-11-24T15:46:46+03:00 continuous.go:47: Got response 200 and err <nil> from URL at http://hello-world-testGPhMem-171065434.us-west-2.elb.amazonaws.com
TestHelloWorldAppStageWithStages 2021-11-24T15:46:47+03:00 http_helper.go:32: Making an HTTP GET call to URL http://hello-world-testGPhMem-171065434.us-west-2.elb.amazonaws.com
TestHelloWorldAppStageWithStages 2021-11-24T15:46:47+03:00 continuous.go:47: Got response 200 and err <nil> from URL at http://hello-world-testGPhMem-171065434.us-west-2.elb.amazonaws.com
TestHelloWorldAppStageWithStages 2021-11-24T15:46:48+03:00 http_helper.go:32: Making an HTTP GET call to URL http://hello-world-testGPhMem-171065434.us-west-2.elb.amazonaws.com
TestHelloWorldAppStageWithStages 2021-11-24T15:46:49+03:00 continuous.go:47: Got response 200 and err <nil> from URL at http://hello-world-testGPhMem-171065434.us-west-2.elb.amazonaws.com
TestHelloWorldAppStageWithStages 2021-11-24T15:46:49+03:00 logger.go:66: [0m[1mmodule.hello_world_app.module.asg.aws_autoscaling_group.example: Still creating... [40s elapsed][0m[0m
TestHelloWorldAppStageWithStages 2021-11-24T15:46:50+03:00 http_helper.go:32: Making an HTTP GET call to URL http://hello-world-testGPhMem-171065434.us-west-2.elb.amazonaws.com
TestHelloWorldAppStageWithStages 2021-11-24T15:46:50+03:00 continuous.go:47: Got response 200 and err <nil> from URL at http://hello-world-testGPhMem-171065434.us-west-2.elb.amazonaws.com
TestHelloWorldAppStageWithStages 2021-11-24T15:46:51+03:00 http_helper.go:32: Making an HTTP GET call to URL http://hello-world-testGPhMem-171065434.us-west-2.elb.amazonaws.com
TestHelloWorldAppStageWithStages 2021-11-24T15:46:51+03:00 continuous.go:47: Got response 200 and err <nil> from URL at http://hello-world-testGPhMem-171065434.us-west-2.elb.amazonaws.com
TestHelloWorldAppStageWithStages 2021-11-24T15:46:52+03:00 http_helper.go:32: Making an HTTP GET call to URL http://hello-world-testGPhMem-171065434.us-west-2.elb.amazonaws.com
TestHelloWorldAppStageWithStages 2021-11-24T15:46:53+03:00 continuous.go:47: Got response 200 and err <nil> from URL at http://hello-world-testGPhMem-171065434.us-west-2.elb.amazonaws.com
TestHelloWorldAppStageWithStages 2021-11-24T15:46:54+03:00 http_helper.go:32: Making an HTTP GET call to URL http://hello-world-testGPhMem-171065434.us-west-2.elb.amazonaws.com
TestHelloWorldAppStageWithStages 2021-11-24T15:46:54+03:00 continuous.go:47: Got response 200 and err <nil> from URL at http://hello-world-testGPhMem-171065434.us-west-2.elb.amazonaws.com
TestHelloWorldAppStageWithStages 2021-11-24T15:46:55+03:00 http_helper.go:32: Making an HTTP GET call to URL http://hello-world-testGPhMem-171065434.us-west-2.elb.amazonaws.com
TestHelloWorldAppStageWithStages 2021-11-24T15:46:56+03:00 continuous.go:47: Got response 200 and err <nil> from URL at http://hello-world-testGPhMem-171065434.us-west-2.elb.amazonaws.com
TestHelloWorldAppStageWithStages 2021-11-24T15:46:57+03:00 http_helper.go:32: Making an HTTP GET call to URL http://hello-world-testGPhMem-171065434.us-west-2.elb.amazonaws.com
TestHelloWorldAppStageWithStages 2021-11-24T15:46:57+03:00 continuous.go:47: Got response 200 and err <nil> from URL at http://hello-world-testGPhMem-171065434.us-west-2.elb.amazonaws.com
TestHelloWorldAppStageWithStages 2021-11-24T15:46:58+03:00 http_helper.go:32: Making an HTTP GET call to URL http://hello-world-testGPhMem-171065434.us-west-2.elb.amazonaws.com
TestHelloWorldAppStageWithStages 2021-11-24T15:46:59+03:00 logger.go:66: [0m[1mmodule.hello_world_app.module.asg.aws_autoscaling_group.example: Still creating... [50s elapsed][0m[0m
TestHelloWorldAppStageWithStages 2021-11-24T15:47:02+03:00 continuous.go:47: Got response 200 and err <nil> from URL at http://hello-world-testGPhMem-171065434.us-west-2.elb.amazonaws.com
TestHelloWorldAppStageWithStages 2021-11-24T15:47:03+03:00 http_helper.go:32: Making an HTTP GET call to URL http://hello-world-testGPhMem-171065434.us-west-2.elb.amazonaws.com
TestHelloWorldAppStageWithStages 2021-11-24T15:47:03+03:00 continuous.go:47: Got response 200 and err <nil> from URL at http://hello-world-testGPhMem-171065434.us-west-2.elb.amazonaws.com
TestHelloWorldAppStageWithStages 2021-11-24T15:47:04+03:00 http_helper.go:32: Making an HTTP GET call to URL http://hello-world-testGPhMem-171065434.us-west-2.elb.amazonaws.com
TestHelloWorldAppStageWithStages 2021-11-24T15:47:04+03:00 continuous.go:47: Got response 200 and err <nil> from URL at http://hello-world-testGPhMem-171065434.us-west-2.elb.amazonaws.com
TestHelloWorldAppStageWithStages 2021-11-24T15:47:05+03:00 http_helper.go:32: Making an HTTP GET call to URL http://hello-world-testGPhMem-171065434.us-west-2.elb.amazonaws.com
TestHelloWorldAppStageWithStages 2021-11-24T15:47:06+03:00 continuous.go:47: Got response 200 and err <nil> from URL at http://hello-world-testGPhMem-171065434.us-west-2.elb.amazonaws.com
TestHelloWorldAppStageWithStages 2021-11-24T15:47:07+03:00 http_helper.go:32: Making an HTTP GET call to URL http://hello-world-testGPhMem-171065434.us-west-2.elb.amazonaws.com
TestHelloWorldAppStageWithStages 2021-11-24T15:47:07+03:00 continuous.go:47: Got response 200 and err <nil> from URL at http://hello-world-testGPhMem-171065434.us-west-2.elb.amazonaws.com
TestHelloWorldAppStageWithStages 2021-11-24T15:47:08+03:00 http_helper.go:32: Making an HTTP GET call to URL http://hello-world-testGPhMem-171065434.us-west-2.elb.amazonaws.com
TestHelloWorldAppStageWithStages 2021-11-24T15:47:09+03:00 continuous.go:47: Got response 200 and err <nil> from URL at http://hello-world-testGPhMem-171065434.us-west-2.elb.amazonaws.com
TestHelloWorldAppStageWithStages 2021-11-24T15:47:09+03:00 logger.go:66: [0m[1mmodule.hello_world_app.module.asg.aws_autoscaling_group.example: Still creating... [1m0s elapsed][0m[0m
TestHelloWorldAppStageWithStages 2021-11-24T15:47:10+03:00 http_helper.go:32: Making an HTTP GET call to URL http://hello-world-testGPhMem-171065434.us-west-2.elb.amazonaws.com
TestHelloWorldAppStageWithStages 2021-11-24T15:47:10+03:00 continuous.go:47: Got response 200 and err <nil> from URL at http://hello-world-testGPhMem-171065434.us-west-2.elb.amazonaws.com
TestHelloWorldAppStageWithStages 2021-11-24T15:47:11+03:00 http_helper.go:32: Making an HTTP GET call to URL http://hello-world-testGPhMem-171065434.us-west-2.elb.amazonaws.com
TestHelloWorldAppStageWithStages 2021-11-24T15:47:11+03:00 continuous.go:47: Got response 200 and err <nil> from URL at http://hello-world-testGPhMem-171065434.us-west-2.elb.amazonaws.com
TestHelloWorldAppStageWithStages 2021-11-24T15:47:12+03:00 http_helper.go:32: Making an HTTP GET call to URL http://hello-world-testGPhMem-171065434.us-west-2.elb.amazonaws.com
TestHelloWorldAppStageWithStages 2021-11-24T15:47:13+03:00 continuous.go:47: Got response 200 and err <nil> from URL at http://hello-world-testGPhMem-171065434.us-west-2.elb.amazonaws.com
TestHelloWorldAppStageWithStages 2021-11-24T15:47:14+03:00 http_helper.go:32: Making an HTTP GET call to URL http://hello-world-testGPhMem-171065434.us-west-2.elb.amazonaws.com
TestHelloWorldAppStageWithStages 2021-11-24T15:47:14+03:00 continuous.go:47: Got response 200 and err <nil> from URL at http://hello-world-testGPhMem-171065434.us-west-2.elb.amazonaws.com
TestHelloWorldAppStageWithStages 2021-11-24T15:47:15+03:00 http_helper.go:32: Making an HTTP GET call to URL http://hello-world-testGPhMem-171065434.us-west-2.elb.amazonaws.com
TestHelloWorldAppStageWithStages 2021-11-24T15:47:16+03:00 continuous.go:47: Got response 200 and err <nil> from URL at http://hello-world-testGPhMem-171065434.us-west-2.elb.amazonaws.com
TestHelloWorldAppStageWithStages 2021-11-24T15:47:17+03:00 http_helper.go:32: Making an HTTP GET call to URL http://hello-world-testGPhMem-171065434.us-west-2.elb.amazonaws.com
TestHelloWorldAppStageWithStages 2021-11-24T15:47:17+03:00 continuous.go:47: Got response 200 and err <nil> from URL at http://hello-world-testGPhMem-171065434.us-west-2.elb.amazonaws.com
TestHelloWorldAppStageWithStages 2021-11-24T15:47:18+03:00 http_helper.go:32: Making an HTTP GET call to URL http://hello-world-testGPhMem-171065434.us-west-2.elb.amazonaws.com
TestHelloWorldAppStageWithStages 2021-11-24T15:47:19+03:00 continuous.go:47: Got response 200 and err <nil> from URL at http://hello-world-testGPhMem-171065434.us-west-2.elb.amazonaws.com
TestHelloWorldAppStageWithStages 2021-11-24T15:47:19+03:00 logger.go:66: [0m[1mmodule.hello_world_app.module.asg.aws_autoscaling_group.example: Still creating... [1m10s elapsed][0m[0m
TestHelloWorldAppStageWithStages 2021-11-24T15:47:20+03:00 http_helper.go:32: Making an HTTP GET call to URL http://hello-world-testGPhMem-171065434.us-west-2.elb.amazonaws.com
TestHelloWorldAppStageWithStages 2021-11-24T15:47:20+03:00 continuous.go:47: Got response 200 and err <nil> from URL at http://hello-world-testGPhMem-171065434.us-west-2.elb.amazonaws.com
TestHelloWorldAppStageWithStages 2021-11-24T15:47:21+03:00 http_helper.go:32: Making an HTTP GET call to URL http://hello-world-testGPhMem-171065434.us-west-2.elb.amazonaws.com
TestHelloWorldAppStageWithStages 2021-11-24T15:47:21+03:00 continuous.go:47: Got response 200 and err <nil> from URL at http://hello-world-testGPhMem-171065434.us-west-2.elb.amazonaws.com
TestHelloWorldAppStageWithStages 2021-11-24T15:47:22+03:00 http_helper.go:32: Making an HTTP GET call to URL http://hello-world-testGPhMem-171065434.us-west-2.elb.amazonaws.com
TestHelloWorldAppStageWithStages 2021-11-24T15:47:23+03:00 continuous.go:47: Got response 200 and err <nil> from URL at http://hello-world-testGPhMem-171065434.us-west-2.elb.amazonaws.com
TestHelloWorldAppStageWithStages 2021-11-24T15:47:24+03:00 http_helper.go:32: Making an HTTP GET call to URL http://hello-world-testGPhMem-171065434.us-west-2.elb.amazonaws.com
TestHelloWorldAppStageWithStages 2021-11-24T15:47:24+03:00 continuous.go:47: Got response 200 and err <nil> from URL at http://hello-world-testGPhMem-171065434.us-west-2.elb.amazonaws.com
TestHelloWorldAppStageWithStages 2021-11-24T15:47:25+03:00 http_helper.go:32: Making an HTTP GET call to URL http://hello-world-testGPhMem-171065434.us-west-2.elb.amazonaws.com
TestHelloWorldAppStageWithStages 2021-11-24T15:47:26+03:00 continuous.go:47: Got response 200 and err <nil> from URL at http://hello-world-testGPhMem-171065434.us-west-2.elb.amazonaws.com
TestHelloWorldAppStageWithStages 2021-11-24T15:47:27+03:00 http_helper.go:32: Making an HTTP GET call to URL http://hello-world-testGPhMem-171065434.us-west-2.elb.amazonaws.com
TestHelloWorldAppStageWithStages 2021-11-24T15:47:27+03:00 continuous.go:47: Got response 200 and err <nil> from URL at http://hello-world-testGPhMem-171065434.us-west-2.elb.amazonaws.com
TestHelloWorldAppStageWithStages 2021-11-24T15:47:28+03:00 http_helper.go:32: Making an HTTP GET call to URL http://hello-world-testGPhMem-171065434.us-west-2.elb.amazonaws.com
TestHelloWorldAppStageWithStages 2021-11-24T15:47:28+03:00 continuous.go:47: Got response 200 and err <nil> from URL at http://hello-world-testGPhMem-171065434.us-west-2.elb.amazonaws.com
TestHelloWorldAppStageWithStages 2021-11-24T15:47:29+03:00 logger.go:66: [0m[1mmodule.hello_world_app.module.asg.aws_autoscaling_group.example: Still creating... [1m20s elapsed][0m[0m
TestHelloWorldAppStageWithStages 2021-11-24T15:47:29+03:00 http_helper.go:32: Making an HTTP GET call to URL http://hello-world-testGPhMem-171065434.us-west-2.elb.amazonaws.com
TestHelloWorldAppStageWithStages 2021-11-24T15:47:30+03:00 continuous.go:47: Got response 200 and err <nil> from URL at http://hello-world-testGPhMem-171065434.us-west-2.elb.amazonaws.com
TestHelloWorldAppStageWithStages 2021-11-24T15:47:31+03:00 http_helper.go:32: Making an HTTP GET call to URL http://hello-world-testGPhMem-171065434.us-west-2.elb.amazonaws.com
TestHelloWorldAppStageWithStages 2021-11-24T15:47:31+03:00 continuous.go:47: Got response 200 and err <nil> from URL at http://hello-world-testGPhMem-171065434.us-west-2.elb.amazonaws.com
TestHelloWorldAppStageWithStages 2021-11-24T15:47:32+03:00 http_helper.go:32: Making an HTTP GET call to URL http://hello-world-testGPhMem-171065434.us-west-2.elb.amazonaws.com
TestHelloWorldAppStageWithStages 2021-11-24T15:47:33+03:00 continuous.go:47: Got response 200 and err <nil> from URL at http://hello-world-testGPhMem-171065434.us-west-2.elb.amazonaws.com
TestHelloWorldAppStageWithStages 2021-11-24T15:47:34+03:00 http_helper.go:32: Making an HTTP GET call to URL http://hello-world-testGPhMem-171065434.us-west-2.elb.amazonaws.com
TestHelloWorldAppStageWithStages 2021-11-24T15:47:34+03:00 continuous.go:47: Got response 200 and err <nil> from URL at http://hello-world-testGPhMem-171065434.us-west-2.elb.amazonaws.com
TestHelloWorldAppStageWithStages 2021-11-24T15:47:35+03:00 http_helper.go:32: Making an HTTP GET call to URL http://hello-world-testGPhMem-171065434.us-west-2.elb.amazonaws.com
TestHelloWorldAppStageWithStages 2021-11-24T15:47:36+03:00 continuous.go:47: Got response 200 and err <nil> from URL at http://hello-world-testGPhMem-171065434.us-west-2.elb.amazonaws.com
TestHelloWorldAppStageWithStages 2021-11-24T15:47:37+03:00 http_helper.go:32: Making an HTTP GET call to URL http://hello-world-testGPhMem-171065434.us-west-2.elb.amazonaws.com
TestHelloWorldAppStageWithStages 2021-11-24T15:47:37+03:00 continuous.go:47: Got response 200 and err <nil> from URL at http://hello-world-testGPhMem-171065434.us-west-2.elb.amazonaws.com
TestHelloWorldAppStageWithStages 2021-11-24T15:47:38+03:00 http_helper.go:32: Making an HTTP GET call to URL http://hello-world-testGPhMem-171065434.us-west-2.elb.amazonaws.com
TestHelloWorldAppStageWithStages 2021-11-24T15:47:38+03:00 continuous.go:47: Got response 200 and err <nil> from URL at http://hello-world-testGPhMem-171065434.us-west-2.elb.amazonaws.com
TestHelloWorldAppStageWithStages 2021-11-24T15:47:39+03:00 logger.go:66: [0m[1mmodule.hello_world_app.module.asg.aws_autoscaling_group.example: Still creating... [1m30s elapsed][0m[0m
TestHelloWorldAppStageWithStages 2021-11-24T15:47:39+03:00 http_helper.go:32: Making an HTTP GET call to URL http://hello-world-testGPhMem-171065434.us-west-2.elb.amazonaws.com
TestHelloWorldAppStageWithStages 2021-11-24T15:47:40+03:00 continuous.go:47: Got response 200 and err <nil> from URL at http://hello-world-testGPhMem-171065434.us-west-2.elb.amazonaws.com
TestHelloWorldAppStageWithStages 2021-11-24T15:47:41+03:00 http_helper.go:32: Making an HTTP GET call to URL http://hello-world-testGPhMem-171065434.us-west-2.elb.amazonaws.com
TestHelloWorldAppStageWithStages 2021-11-24T15:47:41+03:00 continuous.go:47: Got response 200 and err <nil> from URL at http://hello-world-testGPhMem-171065434.us-west-2.elb.amazonaws.com
TestHelloWorldAppStageWithStages 2021-11-24T15:47:42+03:00 http_helper.go:32: Making an HTTP GET call to URL http://hello-world-testGPhMem-171065434.us-west-2.elb.amazonaws.com
TestHelloWorldAppStageWithStages 2021-11-24T15:47:43+03:00 continuous.go:47: Got response 200 and err <nil> from URL at http://hello-world-testGPhMem-171065434.us-west-2.elb.amazonaws.com
TestHelloWorldAppStageWithStages 2021-11-24T15:47:44+03:00 http_helper.go:32: Making an HTTP GET call to URL http://hello-world-testGPhMem-171065434.us-west-2.elb.amazonaws.com
TestHelloWorldAppStageWithStages 2021-11-24T15:47:44+03:00 continuous.go:47: Got response 200 and err <nil> from URL at http://hello-world-testGPhMem-171065434.us-west-2.elb.amazonaws.com
TestHelloWorldAppStageWithStages 2021-11-24T15:47:45+03:00 http_helper.go:32: Making an HTTP GET call to URL http://hello-world-testGPhMem-171065434.us-west-2.elb.amazonaws.com
TestHelloWorldAppStageWithStages 2021-11-24T15:47:45+03:00 continuous.go:47: Got response 200 and err <nil> from URL at http://hello-world-testGPhMem-171065434.us-west-2.elb.amazonaws.com
TestHelloWorldAppStageWithStages 2021-11-24T15:47:46+03:00 http_helper.go:32: Making an HTTP GET call to URL http://hello-world-testGPhMem-171065434.us-west-2.elb.amazonaws.com
TestHelloWorldAppStageWithStages 2021-11-24T15:47:47+03:00 continuous.go:47: Got response 200 and err <nil> from URL at http://hello-world-testGPhMem-171065434.us-west-2.elb.amazonaws.com
TestHelloWorldAppStageWithStages 2021-11-24T15:47:48+03:00 http_helper.go:32: Making an HTTP GET call to URL http://hello-world-testGPhMem-171065434.us-west-2.elb.amazonaws.com
TestHelloWorldAppStageWithStages 2021-11-24T15:47:48+03:00 continuous.go:47: Got response 200 and err <nil> from URL at http://hello-world-testGPhMem-171065434.us-west-2.elb.amazonaws.com
TestHelloWorldAppStageWithStages 2021-11-24T15:47:49+03:00 logger.go:66: [0m[1mmodule.hello_world_app.module.asg.aws_autoscaling_group.example: Still creating... [1m40s elapsed][0m[0m
TestHelloWorldAppStageWithStages 2021-11-24T15:47:49+03:00 http_helper.go:32: Making an HTTP GET call to URL http://hello-world-testGPhMem-171065434.us-west-2.elb.amazonaws.com
TestHelloWorldAppStageWithStages 2021-11-24T15:47:50+03:00 continuous.go:47: Got response 200 and err <nil> from URL at http://hello-world-testGPhMem-171065434.us-west-2.elb.amazonaws.com
TestHelloWorldAppStageWithStages 2021-11-24T15:47:51+03:00 http_helper.go:32: Making an HTTP GET call to URL http://hello-world-testGPhMem-171065434.us-west-2.elb.amazonaws.com
TestHelloWorldAppStageWithStages 2021-11-24T15:47:51+03:00 continuous.go:47: Got response 200 and err <nil> from URL at http://hello-world-testGPhMem-171065434.us-west-2.elb.amazonaws.com
TestHelloWorldAppStageWithStages 2021-11-24T15:47:52+03:00 http_helper.go:32: Making an HTTP GET call to URL http://hello-world-testGPhMem-171065434.us-west-2.elb.amazonaws.com
TestHelloWorldAppStageWithStages 2021-11-24T15:47:53+03:00 continuous.go:47: Got response 200 and err <nil> from URL at http://hello-world-testGPhMem-171065434.us-west-2.elb.amazonaws.com
TestHelloWorldAppStageWithStages 2021-11-24T15:47:54+03:00 http_helper.go:32: Making an HTTP GET call to URL http://hello-world-testGPhMem-171065434.us-west-2.elb.amazonaws.com
TestHelloWorldAppStageWithStages 2021-11-24T15:47:54+03:00 continuous.go:47: Got response 200 and err <nil> from URL at http://hello-world-testGPhMem-171065434.us-west-2.elb.amazonaws.com
TestHelloWorldAppStageWithStages 2021-11-24T15:47:55+03:00 http_helper.go:32: Making an HTTP GET call to URL http://hello-world-testGPhMem-171065434.us-west-2.elb.amazonaws.com
TestHelloWorldAppStageWithStages 2021-11-24T15:47:56+03:00 continuous.go:47: Got response 200 and err <nil> from URL at http://hello-world-testGPhMem-171065434.us-west-2.elb.amazonaws.com
TestHelloWorldAppStageWithStages 2021-11-24T15:47:57+03:00 http_helper.go:32: Making an HTTP GET call to URL http://hello-world-testGPhMem-171065434.us-west-2.elb.amazonaws.com
TestHelloWorldAppStageWithStages 2021-11-24T15:47:57+03:00 continuous.go:47: Got response 200 and err <nil> from URL at http://hello-world-testGPhMem-171065434.us-west-2.elb.amazonaws.com
TestHelloWorldAppStageWithStages 2021-11-24T15:47:58+03:00 http_helper.go:32: Making an HTTP GET call to URL http://hello-world-testGPhMem-171065434.us-west-2.elb.amazonaws.com
TestHelloWorldAppStageWithStages 2021-11-24T15:47:58+03:00 continuous.go:47: Got response 200 and err <nil> from URL at http://hello-world-testGPhMem-171065434.us-west-2.elb.amazonaws.com
TestHelloWorldAppStageWithStages 2021-11-24T15:47:59+03:00 logger.go:66: [0m[1mmodule.hello_world_app.module.asg.aws_autoscaling_group.example: Still creating... [1m50s elapsed][0m[0m
TestHelloWorldAppStageWithStages 2021-11-24T15:47:59+03:00 http_helper.go:32: Making an HTTP GET call to URL http://hello-world-testGPhMem-171065434.us-west-2.elb.amazonaws.com
TestHelloWorldAppStageWithStages 2021-11-24T15:48:00+03:00 continuous.go:47: Got response 200 and err <nil> from URL at http://hello-world-testGPhMem-171065434.us-west-2.elb.amazonaws.com
TestHelloWorldAppStageWithStages 2021-11-24T15:48:01+03:00 http_helper.go:32: Making an HTTP GET call to URL http://hello-world-testGPhMem-171065434.us-west-2.elb.amazonaws.com
TestHelloWorldAppStageWithStages 2021-11-24T15:48:01+03:00 continuous.go:47: Got response 200 and err <nil> from URL at http://hello-world-testGPhMem-171065434.us-west-2.elb.amazonaws.com
TestHelloWorldAppStageWithStages 2021-11-24T15:48:02+03:00 http_helper.go:32: Making an HTTP GET call to URL http://hello-world-testGPhMem-171065434.us-west-2.elb.amazonaws.com
TestHelloWorldAppStageWithStages 2021-11-24T15:48:03+03:00 continuous.go:47: Got response 200 and err <nil> from URL at http://hello-world-testGPhMem-171065434.us-west-2.elb.amazonaws.com
TestHelloWorldAppStageWithStages 2021-11-24T15:48:04+03:00 http_helper.go:32: Making an HTTP GET call to URL http://hello-world-testGPhMem-171065434.us-west-2.elb.amazonaws.com
TestHelloWorldAppStageWithStages 2021-11-24T15:48:04+03:00 continuous.go:47: Got response 200 and err <nil> from URL at http://hello-world-testGPhMem-171065434.us-west-2.elb.amazonaws.com
TestHelloWorldAppStageWithStages 2021-11-24T15:48:05+03:00 http_helper.go:32: Making an HTTP GET call to URL http://hello-world-testGPhMem-171065434.us-west-2.elb.amazonaws.com
TestHelloWorldAppStageWithStages 2021-11-24T15:48:05+03:00 continuous.go:47: Got response 200 and err <nil> from URL at http://hello-world-testGPhMem-171065434.us-west-2.elb.amazonaws.com
TestHelloWorldAppStageWithStages 2021-11-24T15:48:06+03:00 http_helper.go:32: Making an HTTP GET call to URL http://hello-world-testGPhMem-171065434.us-west-2.elb.amazonaws.com
TestHelloWorldAppStageWithStages 2021-11-24T15:48:07+03:00 continuous.go:47: Got response 200 and err <nil> from URL at http://hello-world-testGPhMem-171065434.us-west-2.elb.amazonaws.com
TestHelloWorldAppStageWithStages 2021-11-24T15:48:08+03:00 http_helper.go:32: Making an HTTP GET call to URL http://hello-world-testGPhMem-171065434.us-west-2.elb.amazonaws.com
TestHelloWorldAppStageWithStages 2021-11-24T15:48:08+03:00 continuous.go:47: Got response 200 and err <nil> from URL at http://hello-world-testGPhMem-171065434.us-west-2.elb.amazonaws.com
TestHelloWorldAppStageWithStages 2021-11-24T15:48:09+03:00 logger.go:66: [0m[1mmodule.hello_world_app.module.asg.aws_autoscaling_group.example: Still creating... [2m0s elapsed][0m[0m
TestHelloWorldAppStageWithStages 2021-11-24T15:48:09+03:00 http_helper.go:32: Making an HTTP GET call to URL http://hello-world-testGPhMem-171065434.us-west-2.elb.amazonaws.com
TestHelloWorldAppStageWithStages 2021-11-24T15:48:10+03:00 continuous.go:47: Got response 200 and err <nil> from URL at http://hello-world-testGPhMem-171065434.us-west-2.elb.amazonaws.com
TestHelloWorldAppStageWithStages 2021-11-24T15:48:11+03:00 http_helper.go:32: Making an HTTP GET call to URL http://hello-world-testGPhMem-171065434.us-west-2.elb.amazonaws.com
TestHelloWorldAppStageWithStages 2021-11-24T15:48:11+03:00 continuous.go:47: Got response 200 and err <nil> from URL at http://hello-world-testGPhMem-171065434.us-west-2.elb.amazonaws.com
TestHelloWorldAppStageWithStages 2021-11-24T15:48:12+03:00 http_helper.go:32: Making an HTTP GET call to URL http://hello-world-testGPhMem-171065434.us-west-2.elb.amazonaws.com
TestHelloWorldAppStageWithStages 2021-11-24T15:48:12+03:00 continuous.go:47: Got response 200 and err <nil> from URL at http://hello-world-testGPhMem-171065434.us-west-2.elb.amazonaws.com
TestHelloWorldAppStageWithStages 2021-11-24T15:48:13+03:00 http_helper.go:32: Making an HTTP GET call to URL http://hello-world-testGPhMem-171065434.us-west-2.elb.amazonaws.com
TestHelloWorldAppStageWithStages 2021-11-24T15:48:14+03:00 continuous.go:47: Got response 200 and err <nil> from URL at http://hello-world-testGPhMem-171065434.us-west-2.elb.amazonaws.com
TestHelloWorldAppStageWithStages 2021-11-24T15:48:15+03:00 http_helper.go:32: Making an HTTP GET call to URL http://hello-world-testGPhMem-171065434.us-west-2.elb.amazonaws.com
TestHelloWorldAppStageWithStages 2021-11-24T15:48:15+03:00 continuous.go:47: Got response 200 and err <nil> from URL at http://hello-world-testGPhMem-171065434.us-west-2.elb.amazonaws.com
TestHelloWorldAppStageWithStages 2021-11-24T15:48:16+03:00 http_helper.go:32: Making an HTTP GET call to URL http://hello-world-testGPhMem-171065434.us-west-2.elb.amazonaws.com
TestHelloWorldAppStageWithStages 2021-11-24T15:48:17+03:00 continuous.go:47: Got response 200 and err <nil> from URL at http://hello-world-testGPhMem-171065434.us-west-2.elb.amazonaws.com
TestHelloWorldAppStageWithStages 2021-11-24T15:48:18+03:00 http_helper.go:32: Making an HTTP GET call to URL http://hello-world-testGPhMem-171065434.us-west-2.elb.amazonaws.com
TestHelloWorldAppStageWithStages 2021-11-24T15:48:18+03:00 continuous.go:47: Got response 200 and err <nil> from URL at http://hello-world-testGPhMem-171065434.us-west-2.elb.amazonaws.com
TestHelloWorldAppStageWithStages 2021-11-24T15:48:19+03:00 logger.go:66: [0m[1mmodule.hello_world_app.module.asg.aws_autoscaling_group.example: Still creating... [2m10s elapsed][0m[0m
TestHelloWorldAppStageWithStages 2021-11-24T15:48:19+03:00 http_helper.go:32: Making an HTTP GET call to URL http://hello-world-testGPhMem-171065434.us-west-2.elb.amazonaws.com
TestHelloWorldAppStageWithStages 2021-11-24T15:48:20+03:00 continuous.go:47: Got response 200 and err <nil> from URL at http://hello-world-testGPhMem-171065434.us-west-2.elb.amazonaws.com
TestHelloWorldAppStageWithStages 2021-11-24T15:48:21+03:00 http_helper.go:32: Making an HTTP GET call to URL http://hello-world-testGPhMem-171065434.us-west-2.elb.amazonaws.com
TestHelloWorldAppStageWithStages 2021-11-24T15:48:21+03:00 continuous.go:47: Got response 200 and err <nil> from URL at http://hello-world-testGPhMem-171065434.us-west-2.elb.amazonaws.com
TestHelloWorldAppStageWithStages 2021-11-24T15:48:22+03:00 http_helper.go:32: Making an HTTP GET call to URL http://hello-world-testGPhMem-171065434.us-west-2.elb.amazonaws.com
TestHelloWorldAppStageWithStages 2021-11-24T15:48:22+03:00 continuous.go:47: Got response 200 and err <nil> from URL at http://hello-world-testGPhMem-171065434.us-west-2.elb.amazonaws.com
TestHelloWorldAppStageWithStages 2021-11-24T15:48:23+03:00 http_helper.go:32: Making an HTTP GET call to URL http://hello-world-testGPhMem-171065434.us-west-2.elb.amazonaws.com
TestHelloWorldAppStageWithStages 2021-11-24T15:48:24+03:00 continuous.go:47: Got response 200 and err <nil> from URL at http://hello-world-testGPhMem-171065434.us-west-2.elb.amazonaws.com
TestHelloWorldAppStageWithStages 2021-11-24T15:48:25+03:00 http_helper.go:32: Making an HTTP GET call to URL http://hello-world-testGPhMem-171065434.us-west-2.elb.amazonaws.com
TestHelloWorldAppStageWithStages 2021-11-24T15:48:25+03:00 continuous.go:47: Got response 200 and err <nil> from URL at http://hello-world-testGPhMem-171065434.us-west-2.elb.amazonaws.com
TestHelloWorldAppStageWithStages 2021-11-24T15:48:26+03:00 http_helper.go:32: Making an HTTP GET call to URL http://hello-world-testGPhMem-171065434.us-west-2.elb.amazonaws.com
TestHelloWorldAppStageWithStages 2021-11-24T15:48:27+03:00 continuous.go:47: Got response 200 and err <nil> from URL at http://hello-world-testGPhMem-171065434.us-west-2.elb.amazonaws.com
TestHelloWorldAppStageWithStages 2021-11-24T15:48:28+03:00 http_helper.go:32: Making an HTTP GET call to URL http://hello-world-testGPhMem-171065434.us-west-2.elb.amazonaws.com
TestHelloWorldAppStageWithStages 2021-11-24T15:48:28+03:00 continuous.go:47: Got response 200 and err <nil> from URL at http://hello-world-testGPhMem-171065434.us-west-2.elb.amazonaws.com
TestHelloWorldAppStageWithStages 2021-11-24T15:48:29+03:00 logger.go:66: [0m[1mmodule.hello_world_app.module.asg.aws_autoscaling_group.example: Still creating... [2m20s elapsed][0m[0m
TestHelloWorldAppStageWithStages 2021-11-24T15:48:29+03:00 http_helper.go:32: Making an HTTP GET call to URL http://hello-world-testGPhMem-171065434.us-west-2.elb.amazonaws.com
TestHelloWorldAppStageWithStages 2021-11-24T15:48:30+03:00 continuous.go:47: Got response 200 and err <nil> from URL at http://hello-world-testGPhMem-171065434.us-west-2.elb.amazonaws.com
TestHelloWorldAppStageWithStages 2021-11-24T15:48:31+03:00 http_helper.go:32: Making an HTTP GET call to URL http://hello-world-testGPhMem-171065434.us-west-2.elb.amazonaws.com
TestHelloWorldAppStageWithStages 2021-11-24T15:48:31+03:00 continuous.go:47: Got response 200 and err <nil> from URL at http://hello-world-testGPhMem-171065434.us-west-2.elb.amazonaws.com
TestHelloWorldAppStageWithStages 2021-11-24T15:48:32+03:00 http_helper.go:32: Making an HTTP GET call to URL http://hello-world-testGPhMem-171065434.us-west-2.elb.amazonaws.com
TestHelloWorldAppStageWithStages 2021-11-24T15:48:32+03:00 continuous.go:47: Got response 200 and err <nil> from URL at http://hello-world-testGPhMem-171065434.us-west-2.elb.amazonaws.com
TestHelloWorldAppStageWithStages 2021-11-24T15:48:33+03:00 http_helper.go:32: Making an HTTP GET call to URL http://hello-world-testGPhMem-171065434.us-west-2.elb.amazonaws.com
TestHelloWorldAppStageWithStages 2021-11-24T15:48:34+03:00 continuous.go:47: Got response 200 and err <nil> from URL at http://hello-world-testGPhMem-171065434.us-west-2.elb.amazonaws.com
TestHelloWorldAppStageWithStages 2021-11-24T15:48:35+03:00 http_helper.go:32: Making an HTTP GET call to URL http://hello-world-testGPhMem-171065434.us-west-2.elb.amazonaws.com
TestHelloWorldAppStageWithStages 2021-11-24T15:48:35+03:00 logger.go:66: [0m[1mmodule.hello_world_app.module.asg.aws_autoscaling_group.example: Creation complete after 2m27s [id=hello-world-testGPhMem-terraform-20211124124605945000000001][0m
TestHelloWorldAppStageWithStages 2021-11-24T15:48:35+03:00 logger.go:66: [0m[1mmodule.hello_world_app.module.asg.aws_cloudwatch_metric_alarm.low_cpu_credit_balance[0]: Modifying... [id=hello-world-testGPhMem-low-cpu-credit-balance][0m[0m
TestHelloWorldAppStageWithStages 2021-11-24T15:48:35+03:00 logger.go:66: [0m[1mmodule.hello_world_app.module.asg.aws_cloudwatch_metric_alarm.high_cpu_utilization: Modifying... [id=hello-world-testGPhMem-high-cpu-utilization][0m[0m
TestHelloWorldAppStageWithStages 2021-11-24T15:48:35+03:00 continuous.go:47: Got response 200 and err <nil> from URL at http://hello-world-testGPhMem-171065434.us-west-2.elb.amazonaws.com
TestHelloWorldAppStageWithStages 2021-11-24T15:48:36+03:00 http_helper.go:32: Making an HTTP GET call to URL http://hello-world-testGPhMem-171065434.us-west-2.elb.amazonaws.com
TestHelloWorldAppStageWithStages 2021-11-24T15:48:37+03:00 continuous.go:47: Got response 200 and err <nil> from URL at http://hello-world-testGPhMem-171065434.us-west-2.elb.amazonaws.com
TestHelloWorldAppStageWithStages 2021-11-24T15:48:38+03:00 http_helper.go:32: Making an HTTP GET call to URL http://hello-world-testGPhMem-171065434.us-west-2.elb.amazonaws.com
TestHelloWorldAppStageWithStages 2021-11-24T15:48:38+03:00 logger.go:66: [0m[1mmodule.hello_world_app.module.asg.aws_cloudwatch_metric_alarm.low_cpu_credit_balance[0]: Modifications complete after 2s [id=hello-world-testGPhMem-low-cpu-credit-balance][0m
TestHelloWorldAppStageWithStages 2021-11-24T15:48:38+03:00 logger.go:66: [0m[1mmodule.hello_world_app.module.asg.aws_cloudwatch_metric_alarm.high_cpu_utilization: Modifications complete after 2s [id=hello-world-testGPhMem-high-cpu-utilization][0m
TestHelloWorldAppStageWithStages 2021-11-24T15:48:38+03:00 logger.go:66: [0m[1mmodule.hello_world_app.module.asg.aws_autoscaling_group.example (deposed object 76773236): Destroying... [id=hello-world-testGPhMem-terraform-20211124124314550200000001][0m[0m
TestHelloWorldAppStageWithStages 2021-11-24T15:48:38+03:00 continuous.go:47: Got response 200 and err <nil> from URL at http://hello-world-testGPhMem-171065434.us-west-2.elb.amazonaws.com
TestHelloWorldAppStageWithStages 2021-11-24T15:48:39+03:00 http_helper.go:32: Making an HTTP GET call to URL http://hello-world-testGPhMem-171065434.us-west-2.elb.amazonaws.com
TestHelloWorldAppStageWithStages 2021-11-24T15:48:39+03:00 continuous.go:47: Got response 200 and err <nil> from URL at http://hello-world-testGPhMem-171065434.us-west-2.elb.amazonaws.com
TestHelloWorldAppStageWithStages 2021-11-24T15:48:40+03:00 http_helper.go:32: Making an HTTP GET call to URL http://hello-world-testGPhMem-171065434.us-west-2.elb.amazonaws.com
TestHelloWorldAppStageWithStages 2021-11-24T15:48:41+03:00 continuous.go:47: Got response 200 and err <nil> from URL at http://hello-world-testGPhMem-171065434.us-west-2.elb.amazonaws.com
TestHelloWorldAppStageWithStages 2021-11-24T15:48:42+03:00 http_helper.go:32: Making an HTTP GET call to URL http://hello-world-testGPhMem-171065434.us-west-2.elb.amazonaws.com
TestHelloWorldAppStageWithStages 2021-11-24T15:48:42+03:00 continuous.go:47: Got response 200 and err <nil> from URL at http://hello-world-testGPhMem-171065434.us-west-2.elb.amazonaws.com
TestHelloWorldAppStageWithStages 2021-11-24T15:48:43+03:00 http_helper.go:32: Making an HTTP GET call to URL http://hello-world-testGPhMem-171065434.us-west-2.elb.amazonaws.com
TestHelloWorldAppStageWithStages 2021-11-24T15:48:44+03:00 continuous.go:47: Got response 200 and err <nil> from URL at http://hello-world-testGPhMem-171065434.us-west-2.elb.amazonaws.com
TestHelloWorldAppStageWithStages 2021-11-24T15:48:45+03:00 http_helper.go:32: Making an HTTP GET call to URL http://hello-world-testGPhMem-171065434.us-west-2.elb.amazonaws.com
TestHelloWorldAppStageWithStages 2021-11-24T15:48:45+03:00 continuous.go:47: Got response 200 and err <nil> from URL at http://hello-world-testGPhMem-171065434.us-west-2.elb.amazonaws.com
TestHelloWorldAppStageWithStages 2021-11-24T15:48:46+03:00 http_helper.go:32: Making an HTTP GET call to URL http://hello-world-testGPhMem-171065434.us-west-2.elb.amazonaws.com
TestHelloWorldAppStageWithStages 2021-11-24T15:48:47+03:00 continuous.go:47: Got response 200 and err <nil> from URL at http://hello-world-testGPhMem-171065434.us-west-2.elb.amazonaws.com
TestHelloWorldAppStageWithStages 2021-11-24T15:48:48+03:00 http_helper.go:32: Making an HTTP GET call to URL http://hello-world-testGPhMem-171065434.us-west-2.elb.amazonaws.com
TestHelloWorldAppStageWithStages 2021-11-24T15:48:48+03:00 logger.go:66: [0m[1mmodule.hello_world_app.module.asg.aws_autoscaling_group.example: Still destroying... [id=hello-world-testGPhMem-terraform-20211124124314550200000001, 10s elapsed][0m[0m
TestHelloWorldAppStageWithStages 2021-11-24T15:48:48+03:00 continuous.go:47: Got response 200 and err <nil> from URL at http://hello-world-testGPhMem-171065434.us-west-2.elb.amazonaws.com
TestHelloWorldAppStageWithStages 2021-11-24T15:48:49+03:00 http_helper.go:32: Making an HTTP GET call to URL http://hello-world-testGPhMem-171065434.us-west-2.elb.amazonaws.com
TestHelloWorldAppStageWithStages 2021-11-24T15:48:49+03:00 continuous.go:47: Got response 200 and err <nil> from URL at http://hello-world-testGPhMem-171065434.us-west-2.elb.amazonaws.com
TestHelloWorldAppStageWithStages 2021-11-24T15:48:50+03:00 http_helper.go:32: Making an HTTP GET call to URL http://hello-world-testGPhMem-171065434.us-west-2.elb.amazonaws.com
TestHelloWorldAppStageWithStages 2021-11-24T15:48:51+03:00 continuous.go:47: Got response 200 and err <nil> from URL at http://hello-world-testGPhMem-171065434.us-west-2.elb.amazonaws.com
TestHelloWorldAppStageWithStages 2021-11-24T15:48:52+03:00 http_helper.go:32: Making an HTTP GET call to URL http://hello-world-testGPhMem-171065434.us-west-2.elb.amazonaws.com
TestHelloWorldAppStageWithStages 2021-11-24T15:48:52+03:00 continuous.go:47: Got response 200 and err <nil> from URL at http://hello-world-testGPhMem-171065434.us-west-2.elb.amazonaws.com
TestHelloWorldAppStageWithStages 2021-11-24T15:48:53+03:00 http_helper.go:32: Making an HTTP GET call to URL http://hello-world-testGPhMem-171065434.us-west-2.elb.amazonaws.com
TestHelloWorldAppStageWithStages 2021-11-24T15:48:54+03:00 continuous.go:47: Got response 200 and err <nil> from URL at http://hello-world-testGPhMem-171065434.us-west-2.elb.amazonaws.com
TestHelloWorldAppStageWithStages 2021-11-24T15:48:55+03:00 http_helper.go:32: Making an HTTP GET call to URL http://hello-world-testGPhMem-171065434.us-west-2.elb.amazonaws.com
TestHelloWorldAppStageWithStages 2021-11-24T15:48:55+03:00 continuous.go:47: Got response 200 and err <nil> from URL at http://hello-world-testGPhMem-171065434.us-west-2.elb.amazonaws.com
TestHelloWorldAppStageWithStages 2021-11-24T15:48:56+03:00 http_helper.go:32: Making an HTTP GET call to URL http://hello-world-testGPhMem-171065434.us-west-2.elb.amazonaws.com
TestHelloWorldAppStageWithStages 2021-11-24T15:48:56+03:00 continuous.go:47: Got response 200 and err <nil> from URL at http://hello-world-testGPhMem-171065434.us-west-2.elb.amazonaws.com
TestHelloWorldAppStageWithStages 2021-11-24T15:48:57+03:00 http_helper.go:32: Making an HTTP GET call to URL http://hello-world-testGPhMem-171065434.us-west-2.elb.amazonaws.com
TestHelloWorldAppStageWithStages 2021-11-24T15:48:58+03:00 logger.go:66: [0m[1mmodule.hello_world_app.module.asg.aws_autoscaling_group.example: Still destroying... [id=hello-world-testGPhMem-terraform-20211124124314550200000001, 20s elapsed][0m[0m
TestHelloWorldAppStageWithStages 2021-11-24T15:48:58+03:00 continuous.go:47: Got response 200 and err <nil> from URL at http://hello-world-testGPhMem-171065434.us-west-2.elb.amazonaws.com
TestHelloWorldAppStageWithStages 2021-11-24T15:48:59+03:00 http_helper.go:32: Making an HTTP GET call to URL http://hello-world-testGPhMem-171065434.us-west-2.elb.amazonaws.com
TestHelloWorldAppStageWithStages 2021-11-24T15:48:59+03:00 continuous.go:47: Got response 200 and err <nil> from URL at http://hello-world-testGPhMem-171065434.us-west-2.elb.amazonaws.com
TestHelloWorldAppStageWithStages 2021-11-24T15:49:00+03:00 http_helper.go:32: Making an HTTP GET call to URL http://hello-world-testGPhMem-171065434.us-west-2.elb.amazonaws.com
TestHelloWorldAppStageWithStages 2021-11-24T15:49:01+03:00 continuous.go:47: Got response 200 and err <nil> from URL at http://hello-world-testGPhMem-171065434.us-west-2.elb.amazonaws.com
TestHelloWorldAppStageWithStages 2021-11-24T15:49:02+03:00 http_helper.go:32: Making an HTTP GET call to URL http://hello-world-testGPhMem-171065434.us-west-2.elb.amazonaws.com
TestHelloWorldAppStageWithStages 2021-11-24T15:49:02+03:00 continuous.go:47: Got response 200 and err <nil> from URL at http://hello-world-testGPhMem-171065434.us-west-2.elb.amazonaws.com
TestHelloWorldAppStageWithStages 2021-11-24T15:49:03+03:00 http_helper.go:32: Making an HTTP GET call to URL http://hello-world-testGPhMem-171065434.us-west-2.elb.amazonaws.com
TestHelloWorldAppStageWithStages 2021-11-24T15:49:04+03:00 continuous.go:47: Got response 200 and err <nil> from URL at http://hello-world-testGPhMem-171065434.us-west-2.elb.amazonaws.com
TestHelloWorldAppStageWithStages 2021-11-24T15:49:05+03:00 http_helper.go:32: Making an HTTP GET call to URL http://hello-world-testGPhMem-171065434.us-west-2.elb.amazonaws.com
TestHelloWorldAppStageWithStages 2021-11-24T15:49:05+03:00 continuous.go:47: Got response 200 and err <nil> from URL at http://hello-world-testGPhMem-171065434.us-west-2.elb.amazonaws.com
TestHelloWorldAppStageWithStages 2021-11-24T15:49:06+03:00 http_helper.go:32: Making an HTTP GET call to URL http://hello-world-testGPhMem-171065434.us-west-2.elb.amazonaws.com
TestHelloWorldAppStageWithStages 2021-11-24T15:49:06+03:00 continuous.go:47: Got response 200 and err <nil> from URL at http://hello-world-testGPhMem-171065434.us-west-2.elb.amazonaws.com
TestHelloWorldAppStageWithStages 2021-11-24T15:49:07+03:00 http_helper.go:32: Making an HTTP GET call to URL http://hello-world-testGPhMem-171065434.us-west-2.elb.amazonaws.com
TestHelloWorldAppStageWithStages 2021-11-24T15:49:08+03:00 continuous.go:47: Got response 200 and err <nil> from URL at http://hello-world-testGPhMem-171065434.us-west-2.elb.amazonaws.com
TestHelloWorldAppStageWithStages 2021-11-24T15:49:08+03:00 logger.go:66: [0m[1mmodule.hello_world_app.module.asg.aws_autoscaling_group.example: Still destroying... [id=hello-world-testGPhMem-terraform-20211124124314550200000001, 30s elapsed][0m[0m
TestHelloWorldAppStageWithStages 2021-11-24T15:49:09+03:00 http_helper.go:32: Making an HTTP GET call to URL http://hello-world-testGPhMem-171065434.us-west-2.elb.amazonaws.com
TestHelloWorldAppStageWithStages 2021-11-24T15:49:09+03:00 continuous.go:47: Got response 200 and err <nil> from URL at http://hello-world-testGPhMem-171065434.us-west-2.elb.amazonaws.com
TestHelloWorldAppStageWithStages 2021-11-24T15:49:10+03:00 http_helper.go:32: Making an HTTP GET call to URL http://hello-world-testGPhMem-171065434.us-west-2.elb.amazonaws.com
TestHelloWorldAppStageWithStages 2021-11-24T15:49:11+03:00 continuous.go:47: Got response 200 and err <nil> from URL at http://hello-world-testGPhMem-171065434.us-west-2.elb.amazonaws.com
TestHelloWorldAppStageWithStages 2021-11-24T15:49:12+03:00 http_helper.go:32: Making an HTTP GET call to URL http://hello-world-testGPhMem-171065434.us-west-2.elb.amazonaws.com
TestHelloWorldAppStageWithStages 2021-11-24T15:49:12+03:00 continuous.go:47: Got response 200 and err <nil> from URL at http://hello-world-testGPhMem-171065434.us-west-2.elb.amazonaws.com
TestHelloWorldAppStageWithStages 2021-11-24T15:49:13+03:00 http_helper.go:32: Making an HTTP GET call to URL http://hello-world-testGPhMem-171065434.us-west-2.elb.amazonaws.com
TestHelloWorldAppStageWithStages 2021-11-24T15:49:13+03:00 continuous.go:47: Got response 200 and err <nil> from URL at http://hello-world-testGPhMem-171065434.us-west-2.elb.amazonaws.com
TestHelloWorldAppStageWithStages 2021-11-24T15:49:14+03:00 http_helper.go:32: Making an HTTP GET call to URL http://hello-world-testGPhMem-171065434.us-west-2.elb.amazonaws.com
TestHelloWorldAppStageWithStages 2021-11-24T15:49:15+03:00 continuous.go:47: Got response 200 and err <nil> from URL at http://hello-world-testGPhMem-171065434.us-west-2.elb.amazonaws.com
TestHelloWorldAppStageWithStages 2021-11-24T15:49:16+03:00 http_helper.go:32: Making an HTTP GET call to URL http://hello-world-testGPhMem-171065434.us-west-2.elb.amazonaws.com
TestHelloWorldAppStageWithStages 2021-11-24T15:49:16+03:00 continuous.go:47: Got response 200 and err <nil> from URL at http://hello-world-testGPhMem-171065434.us-west-2.elb.amazonaws.com
TestHelloWorldAppStageWithStages 2021-11-24T15:49:17+03:00 http_helper.go:32: Making an HTTP GET call to URL http://hello-world-testGPhMem-171065434.us-west-2.elb.amazonaws.com
TestHelloWorldAppStageWithStages 2021-11-24T15:49:18+03:00 continuous.go:47: Got response 200 and err <nil> from URL at http://hello-world-testGPhMem-171065434.us-west-2.elb.amazonaws.com
TestHelloWorldAppStageWithStages 2021-11-24T15:49:18+03:00 logger.go:66: [0m[1mmodule.hello_world_app.module.asg.aws_autoscaling_group.example: Still destroying... [id=hello-world-testGPhMem-terraform-20211124124314550200000001, 40s elapsed][0m[0m
TestHelloWorldAppStageWithStages 2021-11-24T15:49:19+03:00 http_helper.go:32: Making an HTTP GET call to URL http://hello-world-testGPhMem-171065434.us-west-2.elb.amazonaws.com
TestHelloWorldAppStageWithStages 2021-11-24T15:49:19+03:00 continuous.go:47: Got response 200 and err <nil> from URL at http://hello-world-testGPhMem-171065434.us-west-2.elb.amazonaws.com
TestHelloWorldAppStageWithStages 2021-11-24T15:49:20+03:00 http_helper.go:32: Making an HTTP GET call to URL http://hello-world-testGPhMem-171065434.us-west-2.elb.amazonaws.com
TestHelloWorldAppStageWithStages 2021-11-24T15:49:21+03:00 continuous.go:47: Got response 200 and err <nil> from URL at http://hello-world-testGPhMem-171065434.us-west-2.elb.amazonaws.com
TestHelloWorldAppStageWithStages 2021-11-24T15:49:22+03:00 http_helper.go:32: Making an HTTP GET call to URL http://hello-world-testGPhMem-171065434.us-west-2.elb.amazonaws.com
TestHelloWorldAppStageWithStages 2021-11-24T15:49:22+03:00 continuous.go:47: Got response 200 and err <nil> from URL at http://hello-world-testGPhMem-171065434.us-west-2.elb.amazonaws.com
TestHelloWorldAppStageWithStages 2021-11-24T15:49:23+03:00 http_helper.go:32: Making an HTTP GET call to URL http://hello-world-testGPhMem-171065434.us-west-2.elb.amazonaws.com
TestHelloWorldAppStageWithStages 2021-11-24T15:49:23+03:00 continuous.go:47: Got response 200 and err <nil> from URL at http://hello-world-testGPhMem-171065434.us-west-2.elb.amazonaws.com
TestHelloWorldAppStageWithStages 2021-11-24T15:49:24+03:00 http_helper.go:32: Making an HTTP GET call to URL http://hello-world-testGPhMem-171065434.us-west-2.elb.amazonaws.com
TestHelloWorldAppStageWithStages 2021-11-24T15:49:25+03:00 continuous.go:47: Got response 200 and err <nil> from URL at http://hello-world-testGPhMem-171065434.us-west-2.elb.amazonaws.com
TestHelloWorldAppStageWithStages 2021-11-24T15:49:26+03:00 http_helper.go:32: Making an HTTP GET call to URL http://hello-world-testGPhMem-171065434.us-west-2.elb.amazonaws.com
TestHelloWorldAppStageWithStages 2021-11-24T15:49:26+03:00 continuous.go:47: Got response 200 and err <nil> from URL at http://hello-world-testGPhMem-171065434.us-west-2.elb.amazonaws.com
TestHelloWorldAppStageWithStages 2021-11-24T15:49:27+03:00 http_helper.go:32: Making an HTTP GET call to URL http://hello-world-testGPhMem-171065434.us-west-2.elb.amazonaws.com
TestHelloWorldAppStageWithStages 2021-11-24T15:49:28+03:00 continuous.go:47: Got response 200 and err <nil> from URL at http://hello-world-testGPhMem-171065434.us-west-2.elb.amazonaws.com
TestHelloWorldAppStageWithStages 2021-11-24T15:49:28+03:00 logger.go:66: [0m[1mmodule.hello_world_app.module.asg.aws_autoscaling_group.example: Still destroying... [id=hello-world-testGPhMem-terraform-20211124124314550200000001, 50s elapsed][0m[0m
TestHelloWorldAppStageWithStages 2021-11-24T15:49:29+03:00 http_helper.go:32: Making an HTTP GET call to URL http://hello-world-testGPhMem-171065434.us-west-2.elb.amazonaws.com
TestHelloWorldAppStageWithStages 2021-11-24T15:49:29+03:00 continuous.go:47: Got response 200 and err <nil> from URL at http://hello-world-testGPhMem-171065434.us-west-2.elb.amazonaws.com
TestHelloWorldAppStageWithStages 2021-11-24T15:49:30+03:00 http_helper.go:32: Making an HTTP GET call to URL http://hello-world-testGPhMem-171065434.us-west-2.elb.amazonaws.com
TestHelloWorldAppStageWithStages 2021-11-24T15:49:30+03:00 continuous.go:47: Got response 200 and err <nil> from URL at http://hello-world-testGPhMem-171065434.us-west-2.elb.amazonaws.com
TestHelloWorldAppStageWithStages 2021-11-24T15:49:31+03:00 http_helper.go:32: Making an HTTP GET call to URL http://hello-world-testGPhMem-171065434.us-west-2.elb.amazonaws.com
TestHelloWorldAppStageWithStages 2021-11-24T15:49:32+03:00 continuous.go:47: Got response 200 and err <nil> from URL at http://hello-world-testGPhMem-171065434.us-west-2.elb.amazonaws.com
TestHelloWorldAppStageWithStages 2021-11-24T15:49:33+03:00 http_helper.go:32: Making an HTTP GET call to URL http://hello-world-testGPhMem-171065434.us-west-2.elb.amazonaws.com
TestHelloWorldAppStageWithStages 2021-11-24T15:49:33+03:00 continuous.go:47: Got response 200 and err <nil> from URL at http://hello-world-testGPhMem-171065434.us-west-2.elb.amazonaws.com
TestHelloWorldAppStageWithStages 2021-11-24T15:49:34+03:00 http_helper.go:32: Making an HTTP GET call to URL http://hello-world-testGPhMem-171065434.us-west-2.elb.amazonaws.com
TestHelloWorldAppStageWithStages 2021-11-24T15:49:35+03:00 continuous.go:47: Got response 200 and err <nil> from URL at http://hello-world-testGPhMem-171065434.us-west-2.elb.amazonaws.com
TestHelloWorldAppStageWithStages 2021-11-24T15:49:36+03:00 http_helper.go:32: Making an HTTP GET call to URL http://hello-world-testGPhMem-171065434.us-west-2.elb.amazonaws.com
TestHelloWorldAppStageWithStages 2021-11-24T15:49:36+03:00 continuous.go:47: Got response 200 and err <nil> from URL at http://hello-world-testGPhMem-171065434.us-west-2.elb.amazonaws.com
TestHelloWorldAppStageWithStages 2021-11-24T15:49:37+03:00 http_helper.go:32: Making an HTTP GET call to URL http://hello-world-testGPhMem-171065434.us-west-2.elb.amazonaws.com
TestHelloWorldAppStageWithStages 2021-11-24T15:49:38+03:00 continuous.go:47: Got response 200 and err <nil> from URL at http://hello-world-testGPhMem-171065434.us-west-2.elb.amazonaws.com
TestHelloWorldAppStageWithStages 2021-11-24T15:49:38+03:00 logger.go:66: [0m[1mmodule.hello_world_app.module.asg.aws_autoscaling_group.example: Still destroying... [id=hello-world-testGPhMem-terraform-20211124124314550200000001, 1m0s elapsed][0m[0m
TestHelloWorldAppStageWithStages 2021-11-24T15:49:39+03:00 http_helper.go:32: Making an HTTP GET call to URL http://hello-world-testGPhMem-171065434.us-west-2.elb.amazonaws.com
TestHelloWorldAppStageWithStages 2021-11-24T15:49:39+03:00 continuous.go:47: Got response 200 and err <nil> from URL at http://hello-world-testGPhMem-171065434.us-west-2.elb.amazonaws.com
TestHelloWorldAppStageWithStages 2021-11-24T15:49:40+03:00 http_helper.go:32: Making an HTTP GET call to URL http://hello-world-testGPhMem-171065434.us-west-2.elb.amazonaws.com
TestHelloWorldAppStageWithStages 2021-11-24T15:49:40+03:00 continuous.go:47: Got response 200 and err <nil> from URL at http://hello-world-testGPhMem-171065434.us-west-2.elb.amazonaws.com
TestHelloWorldAppStageWithStages 2021-11-24T15:49:41+03:00 http_helper.go:32: Making an HTTP GET call to URL http://hello-world-testGPhMem-171065434.us-west-2.elb.amazonaws.com
TestHelloWorldAppStageWithStages 2021-11-24T15:49:42+03:00 continuous.go:47: Got response 200 and err <nil> from URL at http://hello-world-testGPhMem-171065434.us-west-2.elb.amazonaws.com
TestHelloWorldAppStageWithStages 2021-11-24T15:49:43+03:00 http_helper.go:32: Making an HTTP GET call to URL http://hello-world-testGPhMem-171065434.us-west-2.elb.amazonaws.com
TestHelloWorldAppStageWithStages 2021-11-24T15:49:43+03:00 continuous.go:47: Got response 200 and err <nil> from URL at http://hello-world-testGPhMem-171065434.us-west-2.elb.amazonaws.com
TestHelloWorldAppStageWithStages 2021-11-24T15:49:44+03:00 http_helper.go:32: Making an HTTP GET call to URL http://hello-world-testGPhMem-171065434.us-west-2.elb.amazonaws.com
TestHelloWorldAppStageWithStages 2021-11-24T15:49:45+03:00 continuous.go:47: Got response 200 and err <nil> from URL at http://hello-world-testGPhMem-171065434.us-west-2.elb.amazonaws.com
TestHelloWorldAppStageWithStages 2021-11-24T15:49:46+03:00 http_helper.go:32: Making an HTTP GET call to URL http://hello-world-testGPhMem-171065434.us-west-2.elb.amazonaws.com
TestHelloWorldAppStageWithStages 2021-11-24T15:49:46+03:00 continuous.go:47: Got response 200 and err <nil> from URL at http://hello-world-testGPhMem-171065434.us-west-2.elb.amazonaws.com
TestHelloWorldAppStageWithStages 2021-11-24T15:49:47+03:00 http_helper.go:32: Making an HTTP GET call to URL http://hello-world-testGPhMem-171065434.us-west-2.elb.amazonaws.com
TestHelloWorldAppStageWithStages 2021-11-24T15:49:48+03:00 logger.go:66: [0m[1mmodule.hello_world_app.module.asg.aws_autoscaling_group.example: Still destroying... [id=hello-world-testGPhMem-terraform-20211124124314550200000001, 1m10s elapsed][0m[0m
TestHelloWorldAppStageWithStages 2021-11-24T15:49:50+03:00 continuous.go:47: Got response 200 and err <nil> from URL at http://hello-world-testGPhMem-171065434.us-west-2.elb.amazonaws.com
TestHelloWorldAppStageWithStages 2021-11-24T15:49:51+03:00 http_helper.go:32: Making an HTTP GET call to URL http://hello-world-testGPhMem-171065434.us-west-2.elb.amazonaws.com
TestHelloWorldAppStageWithStages 2021-11-24T15:49:51+03:00 continuous.go:47: Got response 200 and err <nil> from URL at http://hello-world-testGPhMem-171065434.us-west-2.elb.amazonaws.com
TestHelloWorldAppStageWithStages 2021-11-24T15:49:52+03:00 http_helper.go:32: Making an HTTP GET call to URL http://hello-world-testGPhMem-171065434.us-west-2.elb.amazonaws.com
TestHelloWorldAppStageWithStages 2021-11-24T15:49:53+03:00 continuous.go:47: Got response 200 and err <nil> from URL at http://hello-world-testGPhMem-171065434.us-west-2.elb.amazonaws.com
TestHelloWorldAppStageWithStages 2021-11-24T15:49:54+03:00 http_helper.go:32: Making an HTTP GET call to URL http://hello-world-testGPhMem-171065434.us-west-2.elb.amazonaws.com
TestHelloWorldAppStageWithStages 2021-11-24T15:49:54+03:00 continuous.go:47: Got response 200 and err <nil> from URL at http://hello-world-testGPhMem-171065434.us-west-2.elb.amazonaws.com
TestHelloWorldAppStageWithStages 2021-11-24T15:49:55+03:00 http_helper.go:32: Making an HTTP GET call to URL http://hello-world-testGPhMem-171065434.us-west-2.elb.amazonaws.com
TestHelloWorldAppStageWithStages 2021-11-24T15:49:56+03:00 continuous.go:47: Got response 200 and err <nil> from URL at http://hello-world-testGPhMem-171065434.us-west-2.elb.amazonaws.com
TestHelloWorldAppStageWithStages 2021-11-24T15:49:57+03:00 http_helper.go:32: Making an HTTP GET call to URL http://hello-world-testGPhMem-171065434.us-west-2.elb.amazonaws.com
TestHelloWorldAppStageWithStages 2021-11-24T15:49:57+03:00 continuous.go:47: Got response 200 and err <nil> from URL at http://hello-world-testGPhMem-171065434.us-west-2.elb.amazonaws.com
TestHelloWorldAppStageWithStages 2021-11-24T15:49:58+03:00 logger.go:66: [0m[1mmodule.hello_world_app.module.asg.aws_autoscaling_group.example: Still destroying... [id=hello-world-testGPhMem-terraform-20211124124314550200000001, 1m20s elapsed][0m[0m
TestHelloWorldAppStageWithStages 2021-11-24T15:49:58+03:00 http_helper.go:32: Making an HTTP GET call to URL http://hello-world-testGPhMem-171065434.us-west-2.elb.amazonaws.com
TestHelloWorldAppStageWithStages 2021-11-24T15:49:59+03:00 continuous.go:47: Got response 200 and err <nil> from URL at http://hello-world-testGPhMem-171065434.us-west-2.elb.amazonaws.com
TestHelloWorldAppStageWithStages 2021-11-24T15:50:00+03:00 http_helper.go:32: Making an HTTP GET call to URL http://hello-world-testGPhMem-171065434.us-west-2.elb.amazonaws.com
TestHelloWorldAppStageWithStages 2021-11-24T15:50:00+03:00 continuous.go:47: Got response 200 and err <nil> from URL at http://hello-world-testGPhMem-171065434.us-west-2.elb.amazonaws.com
TestHelloWorldAppStageWithStages 2021-11-24T15:50:01+03:00 http_helper.go:32: Making an HTTP GET call to URL http://hello-world-testGPhMem-171065434.us-west-2.elb.amazonaws.com
TestHelloWorldAppStageWithStages 2021-11-24T15:50:01+03:00 continuous.go:47: Got response 200 and err <nil> from URL at http://hello-world-testGPhMem-171065434.us-west-2.elb.amazonaws.com
TestHelloWorldAppStageWithStages 2021-11-24T15:50:02+03:00 http_helper.go:32: Making an HTTP GET call to URL http://hello-world-testGPhMem-171065434.us-west-2.elb.amazonaws.com
TestHelloWorldAppStageWithStages 2021-11-24T15:50:03+03:00 continuous.go:47: Got response 200 and err <nil> from URL at http://hello-world-testGPhMem-171065434.us-west-2.elb.amazonaws.com
TestHelloWorldAppStageWithStages 2021-11-24T15:50:04+03:00 http_helper.go:32: Making an HTTP GET call to URL http://hello-world-testGPhMem-171065434.us-west-2.elb.amazonaws.com
TestHelloWorldAppStageWithStages 2021-11-24T15:50:04+03:00 continuous.go:47: Got response 200 and err <nil> from URL at http://hello-world-testGPhMem-171065434.us-west-2.elb.amazonaws.com
TestHelloWorldAppStageWithStages 2021-11-24T15:50:05+03:00 http_helper.go:32: Making an HTTP GET call to URL http://hello-world-testGPhMem-171065434.us-west-2.elb.amazonaws.com
TestHelloWorldAppStageWithStages 2021-11-24T15:50:06+03:00 continuous.go:47: Got response 200 and err <nil> from URL at http://hello-world-testGPhMem-171065434.us-west-2.elb.amazonaws.com
TestHelloWorldAppStageWithStages 2021-11-24T15:50:07+03:00 http_helper.go:32: Making an HTTP GET call to URL http://hello-world-testGPhMem-171065434.us-west-2.elb.amazonaws.com
TestHelloWorldAppStageWithStages 2021-11-24T15:50:07+03:00 continuous.go:47: Got response 200 and err <nil> from URL at http://hello-world-testGPhMem-171065434.us-west-2.elb.amazonaws.com
TestHelloWorldAppStageWithStages 2021-11-24T15:50:08+03:00 logger.go:66: [0m[1mmodule.hello_world_app.module.asg.aws_autoscaling_group.example: Still destroying... [id=hello-world-testGPhMem-terraform-20211124124314550200000001, 1m30s elapsed][0m[0m
TestHelloWorldAppStageWithStages 2021-11-24T15:50:08+03:00 http_helper.go:32: Making an HTTP GET call to URL http://hello-world-testGPhMem-171065434.us-west-2.elb.amazonaws.com
TestHelloWorldAppStageWithStages 2021-11-24T15:50:08+03:00 continuous.go:47: Got response 200 and err <nil> from URL at http://hello-world-testGPhMem-171065434.us-west-2.elb.amazonaws.com
TestHelloWorldAppStageWithStages 2021-11-24T15:50:09+03:00 http_helper.go:32: Making an HTTP GET call to URL http://hello-world-testGPhMem-171065434.us-west-2.elb.amazonaws.com
TestHelloWorldAppStageWithStages 2021-11-24T15:50:10+03:00 continuous.go:47: Got response 200 and err <nil> from URL at http://hello-world-testGPhMem-171065434.us-west-2.elb.amazonaws.com
TestHelloWorldAppStageWithStages 2021-11-24T15:50:11+03:00 http_helper.go:32: Making an HTTP GET call to URL http://hello-world-testGPhMem-171065434.us-west-2.elb.amazonaws.com
TestHelloWorldAppStageWithStages 2021-11-24T15:50:11+03:00 continuous.go:47: Got response 200 and err <nil> from URL at http://hello-world-testGPhMem-171065434.us-west-2.elb.amazonaws.com
TestHelloWorldAppStageWithStages 2021-11-24T15:50:12+03:00 http_helper.go:32: Making an HTTP GET call to URL http://hello-world-testGPhMem-171065434.us-west-2.elb.amazonaws.com
TestHelloWorldAppStageWithStages 2021-11-24T15:50:13+03:00 continuous.go:47: Got response 200 and err <nil> from URL at http://hello-world-testGPhMem-171065434.us-west-2.elb.amazonaws.com
TestHelloWorldAppStageWithStages 2021-11-24T15:50:14+03:00 http_helper.go:32: Making an HTTP GET call to URL http://hello-world-testGPhMem-171065434.us-west-2.elb.amazonaws.com
TestHelloWorldAppStageWithStages 2021-11-24T15:50:14+03:00 continuous.go:47: Got response 200 and err <nil> from URL at http://hello-world-testGPhMem-171065434.us-west-2.elb.amazonaws.com
TestHelloWorldAppStageWithStages 2021-11-24T15:50:15+03:00 http_helper.go:32: Making an HTTP GET call to URL http://hello-world-testGPhMem-171065434.us-west-2.elb.amazonaws.com
TestHelloWorldAppStageWithStages 2021-11-24T15:50:15+03:00 continuous.go:47: Got response 200 and err <nil> from URL at http://hello-world-testGPhMem-171065434.us-west-2.elb.amazonaws.com
TestHelloWorldAppStageWithStages 2021-11-24T15:50:16+03:00 http_helper.go:32: Making an HTTP GET call to URL http://hello-world-testGPhMem-171065434.us-west-2.elb.amazonaws.com
TestHelloWorldAppStageWithStages 2021-11-24T15:50:17+03:00 continuous.go:47: Got response 200 and err <nil> from URL at http://hello-world-testGPhMem-171065434.us-west-2.elb.amazonaws.com
TestHelloWorldAppStageWithStages 2021-11-24T15:50:18+03:00 logger.go:66: [0m[1mmodule.hello_world_app.module.asg.aws_autoscaling_group.example: Still destroying... [id=hello-world-testGPhMem-terraform-20211124124314550200000001, 1m40s elapsed][0m[0m
TestHelloWorldAppStageWithStages 2021-11-24T15:50:18+03:00 http_helper.go:32: Making an HTTP GET call to URL http://hello-world-testGPhMem-171065434.us-west-2.elb.amazonaws.com
TestHelloWorldAppStageWithStages 2021-11-24T15:50:18+03:00 continuous.go:47: Got response 200 and err <nil> from URL at http://hello-world-testGPhMem-171065434.us-west-2.elb.amazonaws.com
TestHelloWorldAppStageWithStages 2021-11-24T15:50:19+03:00 http_helper.go:32: Making an HTTP GET call to URL http://hello-world-testGPhMem-171065434.us-west-2.elb.amazonaws.com
TestHelloWorldAppStageWithStages 2021-11-24T15:50:20+03:00 continuous.go:47: Got response 200 and err <nil> from URL at http://hello-world-testGPhMem-171065434.us-west-2.elb.amazonaws.com
TestHelloWorldAppStageWithStages 2021-11-24T15:50:21+03:00 http_helper.go:32: Making an HTTP GET call to URL http://hello-world-testGPhMem-171065434.us-west-2.elb.amazonaws.com
TestHelloWorldAppStageWithStages 2021-11-24T15:50:21+03:00 continuous.go:47: Got response 200 and err <nil> from URL at http://hello-world-testGPhMem-171065434.us-west-2.elb.amazonaws.com
TestHelloWorldAppStageWithStages 2021-11-24T15:50:22+03:00 http_helper.go:32: Making an HTTP GET call to URL http://hello-world-testGPhMem-171065434.us-west-2.elb.amazonaws.com
TestHelloWorldAppStageWithStages 2021-11-24T15:50:23+03:00 continuous.go:47: Got response 200 and err <nil> from URL at http://hello-world-testGPhMem-171065434.us-west-2.elb.amazonaws.com
TestHelloWorldAppStageWithStages 2021-11-24T15:50:24+03:00 http_helper.go:32: Making an HTTP GET call to URL http://hello-world-testGPhMem-171065434.us-west-2.elb.amazonaws.com
TestHelloWorldAppStageWithStages 2021-11-24T15:50:24+03:00 continuous.go:47: Got response 200 and err <nil> from URL at http://hello-world-testGPhMem-171065434.us-west-2.elb.amazonaws.com
TestHelloWorldAppStageWithStages 2021-11-24T15:50:25+03:00 http_helper.go:32: Making an HTTP GET call to URL http://hello-world-testGPhMem-171065434.us-west-2.elb.amazonaws.com
TestHelloWorldAppStageWithStages 2021-11-24T15:50:25+03:00 continuous.go:47: Got response 200 and err <nil> from URL at http://hello-world-testGPhMem-171065434.us-west-2.elb.amazonaws.com
TestHelloWorldAppStageWithStages 2021-11-24T15:50:26+03:00 http_helper.go:32: Making an HTTP GET call to URL http://hello-world-testGPhMem-171065434.us-west-2.elb.amazonaws.com
TestHelloWorldAppStageWithStages 2021-11-24T15:50:27+03:00 continuous.go:47: Got response 200 and err <nil> from URL at http://hello-world-testGPhMem-171065434.us-west-2.elb.amazonaws.com
TestHelloWorldAppStageWithStages 2021-11-24T15:50:28+03:00 http_helper.go:32: Making an HTTP GET call to URL http://hello-world-testGPhMem-171065434.us-west-2.elb.amazonaws.com
TestHelloWorldAppStageWithStages 2021-11-24T15:50:28+03:00 logger.go:66: [0m[1mmodule.hello_world_app.module.asg.aws_autoscaling_group.example: Still destroying... [id=hello-world-testGPhMem-terraform-20211124124314550200000001, 1m50s elapsed][0m[0m
TestHelloWorldAppStageWithStages 2021-11-24T15:50:28+03:00 continuous.go:47: Got response 200 and err <nil> from URL at http://hello-world-testGPhMem-171065434.us-west-2.elb.amazonaws.com
TestHelloWorldAppStageWithStages 2021-11-24T15:50:29+03:00 http_helper.go:32: Making an HTTP GET call to URL http://hello-world-testGPhMem-171065434.us-west-2.elb.amazonaws.com
TestHelloWorldAppStageWithStages 2021-11-24T15:50:30+03:00 continuous.go:47: Got response 200 and err <nil> from URL at http://hello-world-testGPhMem-171065434.us-west-2.elb.amazonaws.com
TestHelloWorldAppStageWithStages 2021-11-24T15:50:31+03:00 http_helper.go:32: Making an HTTP GET call to URL http://hello-world-testGPhMem-171065434.us-west-2.elb.amazonaws.com
TestHelloWorldAppStageWithStages 2021-11-24T15:50:31+03:00 continuous.go:47: Got response 200 and err <nil> from URL at http://hello-world-testGPhMem-171065434.us-west-2.elb.amazonaws.com
TestHelloWorldAppStageWithStages 2021-11-24T15:50:32+03:00 http_helper.go:32: Making an HTTP GET call to URL http://hello-world-testGPhMem-171065434.us-west-2.elb.amazonaws.com
TestHelloWorldAppStageWithStages 2021-11-24T15:50:32+03:00 continuous.go:47: Got response 200 and err <nil> from URL at http://hello-world-testGPhMem-171065434.us-west-2.elb.amazonaws.com
TestHelloWorldAppStageWithStages 2021-11-24T15:50:33+03:00 http_helper.go:32: Making an HTTP GET call to URL http://hello-world-testGPhMem-171065434.us-west-2.elb.amazonaws.com
TestHelloWorldAppStageWithStages 2021-11-24T15:50:34+03:00 continuous.go:47: Got response 200 and err <nil> from URL at http://hello-world-testGPhMem-171065434.us-west-2.elb.amazonaws.com
TestHelloWorldAppStageWithStages 2021-11-24T15:50:35+03:00 http_helper.go:32: Making an HTTP GET call to URL http://hello-world-testGPhMem-171065434.us-west-2.elb.amazonaws.com
TestHelloWorldAppStageWithStages 2021-11-24T15:50:35+03:00 continuous.go:47: Got response 200 and err <nil> from URL at http://hello-world-testGPhMem-171065434.us-west-2.elb.amazonaws.com
TestHelloWorldAppStageWithStages 2021-11-24T15:50:36+03:00 http_helper.go:32: Making an HTTP GET call to URL http://hello-world-testGPhMem-171065434.us-west-2.elb.amazonaws.com
TestHelloWorldAppStageWithStages 2021-11-24T15:50:37+03:00 continuous.go:47: Got response 200 and err <nil> from URL at http://hello-world-testGPhMem-171065434.us-west-2.elb.amazonaws.com
TestHelloWorldAppStageWithStages 2021-11-24T15:50:38+03:00 http_helper.go:32: Making an HTTP GET call to URL http://hello-world-testGPhMem-171065434.us-west-2.elb.amazonaws.com
TestHelloWorldAppStageWithStages 2021-11-24T15:50:38+03:00 logger.go:66: [0m[1mmodule.hello_world_app.module.asg.aws_autoscaling_group.example: Still destroying... [id=hello-world-testGPhMem-terraform-20211124124314550200000001, 2m0s elapsed][0m[0m
TestHelloWorldAppStageWithStages 2021-11-24T15:50:38+03:00 continuous.go:47: Got response 200 and err <nil> from URL at http://hello-world-testGPhMem-171065434.us-west-2.elb.amazonaws.com
TestHelloWorldAppStageWithStages 2021-11-24T15:50:39+03:00 http_helper.go:32: Making an HTTP GET call to URL http://hello-world-testGPhMem-171065434.us-west-2.elb.amazonaws.com
TestHelloWorldAppStageWithStages 2021-11-24T15:50:40+03:00 continuous.go:47: Got response 200 and err <nil> from URL at http://hello-world-testGPhMem-171065434.us-west-2.elb.amazonaws.com
TestHelloWorldAppStageWithStages 2021-11-24T15:50:41+03:00 http_helper.go:32: Making an HTTP GET call to URL http://hello-world-testGPhMem-171065434.us-west-2.elb.amazonaws.com
TestHelloWorldAppStageWithStages 2021-11-24T15:50:41+03:00 continuous.go:47: Got response 200 and err <nil> from URL at http://hello-world-testGPhMem-171065434.us-west-2.elb.amazonaws.com
TestHelloWorldAppStageWithStages 2021-11-24T15:50:42+03:00 http_helper.go:32: Making an HTTP GET call to URL http://hello-world-testGPhMem-171065434.us-west-2.elb.amazonaws.com
TestHelloWorldAppStageWithStages 2021-11-24T15:50:42+03:00 continuous.go:47: Got response 200 and err <nil> from URL at http://hello-world-testGPhMem-171065434.us-west-2.elb.amazonaws.com
TestHelloWorldAppStageWithStages 2021-11-24T15:50:43+03:00 http_helper.go:32: Making an HTTP GET call to URL http://hello-world-testGPhMem-171065434.us-west-2.elb.amazonaws.com
TestHelloWorldAppStageWithStages 2021-11-24T15:50:44+03:00 continuous.go:47: Got response 200 and err <nil> from URL at http://hello-world-testGPhMem-171065434.us-west-2.elb.amazonaws.com
TestHelloWorldAppStageWithStages 2021-11-24T15:50:45+03:00 http_helper.go:32: Making an HTTP GET call to URL http://hello-world-testGPhMem-171065434.us-west-2.elb.amazonaws.com
TestHelloWorldAppStageWithStages 2021-11-24T15:50:45+03:00 continuous.go:47: Got response 200 and err <nil> from URL at http://hello-world-testGPhMem-171065434.us-west-2.elb.amazonaws.com
TestHelloWorldAppStageWithStages 2021-11-24T15:50:46+03:00 http_helper.go:32: Making an HTTP GET call to URL http://hello-world-testGPhMem-171065434.us-west-2.elb.amazonaws.com
TestHelloWorldAppStageWithStages 2021-11-24T15:50:47+03:00 continuous.go:47: Got response 200 and err <nil> from URL at http://hello-world-testGPhMem-171065434.us-west-2.elb.amazonaws.com
TestHelloWorldAppStageWithStages 2021-11-24T15:50:48+03:00 http_helper.go:32: Making an HTTP GET call to URL http://hello-world-testGPhMem-171065434.us-west-2.elb.amazonaws.com
TestHelloWorldAppStageWithStages 2021-11-24T15:50:48+03:00 logger.go:66: [0m[1mmodule.hello_world_app.module.asg.aws_autoscaling_group.example: Still destroying... [id=hello-world-testGPhMem-terraform-20211124124314550200000001, 2m10s elapsed][0m[0m
TestHelloWorldAppStageWithStages 2021-11-24T15:50:48+03:00 continuous.go:47: Got response 200 and err <nil> from URL at http://hello-world-testGPhMem-171065434.us-west-2.elb.amazonaws.com
TestHelloWorldAppStageWithStages 2021-11-24T15:50:49+03:00 http_helper.go:32: Making an HTTP GET call to URL http://hello-world-testGPhMem-171065434.us-west-2.elb.amazonaws.com
TestHelloWorldAppStageWithStages 2021-11-24T15:50:49+03:00 continuous.go:47: Got response 200 and err <nil> from URL at http://hello-world-testGPhMem-171065434.us-west-2.elb.amazonaws.com
TestHelloWorldAppStageWithStages 2021-11-24T15:50:50+03:00 http_helper.go:32: Making an HTTP GET call to URL http://hello-world-testGPhMem-171065434.us-west-2.elb.amazonaws.com
TestHelloWorldAppStageWithStages 2021-11-24T15:50:51+03:00 continuous.go:47: Got response 200 and err <nil> from URL at http://hello-world-testGPhMem-171065434.us-west-2.elb.amazonaws.com
TestHelloWorldAppStageWithStages 2021-11-24T15:50:52+03:00 http_helper.go:32: Making an HTTP GET call to URL http://hello-world-testGPhMem-171065434.us-west-2.elb.amazonaws.com
TestHelloWorldAppStageWithStages 2021-11-24T15:50:52+03:00 continuous.go:47: Got response 200 and err <nil> from URL at http://hello-world-testGPhMem-171065434.us-west-2.elb.amazonaws.com
TestHelloWorldAppStageWithStages 2021-11-24T15:50:53+03:00 http_helper.go:32: Making an HTTP GET call to URL http://hello-world-testGPhMem-171065434.us-west-2.elb.amazonaws.com
TestHelloWorldAppStageWithStages 2021-11-24T15:50:54+03:00 continuous.go:47: Got response 200 and err <nil> from URL at http://hello-world-testGPhMem-171065434.us-west-2.elb.amazonaws.com
TestHelloWorldAppStageWithStages 2021-11-24T15:50:55+03:00 http_helper.go:32: Making an HTTP GET call to URL http://hello-world-testGPhMem-171065434.us-west-2.elb.amazonaws.com
TestHelloWorldAppStageWithStages 2021-11-24T15:50:55+03:00 continuous.go:47: Got response 200 and err <nil> from URL at http://hello-world-testGPhMem-171065434.us-west-2.elb.amazonaws.com
TestHelloWorldAppStageWithStages 2021-11-24T15:50:56+03:00 http_helper.go:32: Making an HTTP GET call to URL http://hello-world-testGPhMem-171065434.us-west-2.elb.amazonaws.com
TestHelloWorldAppStageWithStages 2021-11-24T15:50:57+03:00 continuous.go:47: Got response 200 and err <nil> from URL at http://hello-world-testGPhMem-171065434.us-west-2.elb.amazonaws.com
TestHelloWorldAppStageWithStages 2021-11-24T15:50:58+03:00 http_helper.go:32: Making an HTTP GET call to URL http://hello-world-testGPhMem-171065434.us-west-2.elb.amazonaws.com
TestHelloWorldAppStageWithStages 2021-11-24T15:50:58+03:00 logger.go:66: [0m[1mmodule.hello_world_app.module.asg.aws_autoscaling_group.example: Still destroying... [id=hello-world-testGPhMem-terraform-20211124124314550200000001, 2m20s elapsed][0m[0m
TestHelloWorldAppStageWithStages 2021-11-24T15:50:58+03:00 continuous.go:47: Got response 200 and err <nil> from URL at http://hello-world-testGPhMem-171065434.us-west-2.elb.amazonaws.com
TestHelloWorldAppStageWithStages 2021-11-24T15:50:59+03:00 http_helper.go:32: Making an HTTP GET call to URL http://hello-world-testGPhMem-171065434.us-west-2.elb.amazonaws.com
TestHelloWorldAppStageWithStages 2021-11-24T15:50:59+03:00 continuous.go:47: Got response 200 and err <nil> from URL at http://hello-world-testGPhMem-171065434.us-west-2.elb.amazonaws.com
TestHelloWorldAppStageWithStages 2021-11-24T15:51:00+03:00 http_helper.go:32: Making an HTTP GET call to URL http://hello-world-testGPhMem-171065434.us-west-2.elb.amazonaws.com
TestHelloWorldAppStageWithStages 2021-11-24T15:51:01+03:00 continuous.go:47: Got response 200 and err <nil> from URL at http://hello-world-testGPhMem-171065434.us-west-2.elb.amazonaws.com
TestHelloWorldAppStageWithStages 2021-11-24T15:51:02+03:00 http_helper.go:32: Making an HTTP GET call to URL http://hello-world-testGPhMem-171065434.us-west-2.elb.amazonaws.com
TestHelloWorldAppStageWithStages 2021-11-24T15:51:02+03:00 continuous.go:47: Got response 200 and err <nil> from URL at http://hello-world-testGPhMem-171065434.us-west-2.elb.amazonaws.com
TestHelloWorldAppStageWithStages 2021-11-24T15:51:03+03:00 http_helper.go:32: Making an HTTP GET call to URL http://hello-world-testGPhMem-171065434.us-west-2.elb.amazonaws.com
TestHelloWorldAppStageWithStages 2021-11-24T15:51:04+03:00 continuous.go:47: Got response 200 and err <nil> from URL at http://hello-world-testGPhMem-171065434.us-west-2.elb.amazonaws.com
TestHelloWorldAppStageWithStages 2021-11-24T15:51:05+03:00 http_helper.go:32: Making an HTTP GET call to URL http://hello-world-testGPhMem-171065434.us-west-2.elb.amazonaws.com
TestHelloWorldAppStageWithStages 2021-11-24T15:51:05+03:00 continuous.go:47: Got response 200 and err <nil> from URL at http://hello-world-testGPhMem-171065434.us-west-2.elb.amazonaws.com
TestHelloWorldAppStageWithStages 2021-11-24T15:51:06+03:00 http_helper.go:32: Making an HTTP GET call to URL http://hello-world-testGPhMem-171065434.us-west-2.elb.amazonaws.com
TestHelloWorldAppStageWithStages 2021-11-24T15:51:06+03:00 continuous.go:47: Got response 200 and err <nil> from URL at http://hello-world-testGPhMem-171065434.us-west-2.elb.amazonaws.com
TestHelloWorldAppStageWithStages 2021-11-24T15:51:07+03:00 http_helper.go:32: Making an HTTP GET call to URL http://hello-world-testGPhMem-171065434.us-west-2.elb.amazonaws.com
TestHelloWorldAppStageWithStages 2021-11-24T15:51:08+03:00 continuous.go:47: Got response 200 and err <nil> from URL at http://hello-world-testGPhMem-171065434.us-west-2.elb.amazonaws.com
TestHelloWorldAppStageWithStages 2021-11-24T15:51:08+03:00 logger.go:66: [0m[1mmodule.hello_world_app.module.asg.aws_autoscaling_group.example: Still destroying... [id=hello-world-testGPhMem-terraform-20211124124314550200000001, 2m30s elapsed][0m[0m
TestHelloWorldAppStageWithStages 2021-11-24T15:51:09+03:00 http_helper.go:32: Making an HTTP GET call to URL http://hello-world-testGPhMem-171065434.us-west-2.elb.amazonaws.com
TestHelloWorldAppStageWithStages 2021-11-24T15:51:09+03:00 continuous.go:47: Got response 200 and err <nil> from URL at http://hello-world-testGPhMem-171065434.us-west-2.elb.amazonaws.com
TestHelloWorldAppStageWithStages 2021-11-24T15:51:10+03:00 http_helper.go:32: Making an HTTP GET call to URL http://hello-world-testGPhMem-171065434.us-west-2.elb.amazonaws.com
TestHelloWorldAppStageWithStages 2021-11-24T15:51:11+03:00 continuous.go:47: Got response 200 and err <nil> from URL at http://hello-world-testGPhMem-171065434.us-west-2.elb.amazonaws.com
TestHelloWorldAppStageWithStages 2021-11-24T15:51:12+03:00 http_helper.go:32: Making an HTTP GET call to URL http://hello-world-testGPhMem-171065434.us-west-2.elb.amazonaws.com
TestHelloWorldAppStageWithStages 2021-11-24T15:51:12+03:00 continuous.go:47: Got response 200 and err <nil> from URL at http://hello-world-testGPhMem-171065434.us-west-2.elb.amazonaws.com
TestHelloWorldAppStageWithStages 2021-11-24T15:51:13+03:00 http_helper.go:32: Making an HTTP GET call to URL http://hello-world-testGPhMem-171065434.us-west-2.elb.amazonaws.com
TestHelloWorldAppStageWithStages 2021-11-24T15:51:14+03:00 continuous.go:47: Got response 200 and err <nil> from URL at http://hello-world-testGPhMem-171065434.us-west-2.elb.amazonaws.com
TestHelloWorldAppStageWithStages 2021-11-24T15:51:15+03:00 http_helper.go:32: Making an HTTP GET call to URL http://hello-world-testGPhMem-171065434.us-west-2.elb.amazonaws.com
TestHelloWorldAppStageWithStages 2021-11-24T15:51:15+03:00 continuous.go:47: Got response 200 and err <nil> from URL at http://hello-world-testGPhMem-171065434.us-west-2.elb.amazonaws.com
TestHelloWorldAppStageWithStages 2021-11-24T15:51:16+03:00 http_helper.go:32: Making an HTTP GET call to URL http://hello-world-testGPhMem-171065434.us-west-2.elb.amazonaws.com
TestHelloWorldAppStageWithStages 2021-11-24T15:51:16+03:00 continuous.go:47: Got response 200 and err <nil> from URL at http://hello-world-testGPhMem-171065434.us-west-2.elb.amazonaws.com
TestHelloWorldAppStageWithStages 2021-11-24T15:51:17+03:00 http_helper.go:32: Making an HTTP GET call to URL http://hello-world-testGPhMem-171065434.us-west-2.elb.amazonaws.com
TestHelloWorldAppStageWithStages 2021-11-24T15:51:18+03:00 continuous.go:47: Got response 200 and err <nil> from URL at http://hello-world-testGPhMem-171065434.us-west-2.elb.amazonaws.com
TestHelloWorldAppStageWithStages 2021-11-24T15:51:18+03:00 logger.go:66: [0m[1mmodule.hello_world_app.module.asg.aws_autoscaling_group.example: Still destroying... [id=hello-world-testGPhMem-terraform-20211124124314550200000001, 2m40s elapsed][0m[0m
TestHelloWorldAppStageWithStages 2021-11-24T15:51:19+03:00 http_helper.go:32: Making an HTTP GET call to URL http://hello-world-testGPhMem-171065434.us-west-2.elb.amazonaws.com
TestHelloWorldAppStageWithStages 2021-11-24T15:51:19+03:00 continuous.go:47: Got response 200 and err <nil> from URL at http://hello-world-testGPhMem-171065434.us-west-2.elb.amazonaws.com
TestHelloWorldAppStageWithStages 2021-11-24T15:51:20+03:00 http_helper.go:32: Making an HTTP GET call to URL http://hello-world-testGPhMem-171065434.us-west-2.elb.amazonaws.com
TestHelloWorldAppStageWithStages 2021-11-24T15:51:21+03:00 continuous.go:47: Got response 200 and err <nil> from URL at http://hello-world-testGPhMem-171065434.us-west-2.elb.amazonaws.com
TestHelloWorldAppStageWithStages 2021-11-24T15:51:22+03:00 http_helper.go:32: Making an HTTP GET call to URL http://hello-world-testGPhMem-171065434.us-west-2.elb.amazonaws.com
TestHelloWorldAppStageWithStages 2021-11-24T15:51:22+03:00 continuous.go:47: Got response 200 and err <nil> from URL at http://hello-world-testGPhMem-171065434.us-west-2.elb.amazonaws.com
TestHelloWorldAppStageWithStages 2021-11-24T15:51:23+03:00 http_helper.go:32: Making an HTTP GET call to URL http://hello-world-testGPhMem-171065434.us-west-2.elb.amazonaws.com
TestHelloWorldAppStageWithStages 2021-11-24T15:51:23+03:00 continuous.go:47: Got response 200 and err <nil> from URL at http://hello-world-testGPhMem-171065434.us-west-2.elb.amazonaws.com
TestHelloWorldAppStageWithStages 2021-11-24T15:51:24+03:00 http_helper.go:32: Making an HTTP GET call to URL http://hello-world-testGPhMem-171065434.us-west-2.elb.amazonaws.com
TestHelloWorldAppStageWithStages 2021-11-24T15:51:25+03:00 continuous.go:47: Got response 200 and err <nil> from URL at http://hello-world-testGPhMem-171065434.us-west-2.elb.amazonaws.com
TestHelloWorldAppStageWithStages 2021-11-24T15:51:26+03:00 http_helper.go:32: Making an HTTP GET call to URL http://hello-world-testGPhMem-171065434.us-west-2.elb.amazonaws.com
TestHelloWorldAppStageWithStages 2021-11-24T15:51:26+03:00 continuous.go:47: Got response 200 and err <nil> from URL at http://hello-world-testGPhMem-171065434.us-west-2.elb.amazonaws.com
TestHelloWorldAppStageWithStages 2021-11-24T15:51:27+03:00 http_helper.go:32: Making an HTTP GET call to URL http://hello-world-testGPhMem-171065434.us-west-2.elb.amazonaws.com
TestHelloWorldAppStageWithStages 2021-11-24T15:51:28+03:00 continuous.go:47: Got response 200 and err <nil> from URL at http://hello-world-testGPhMem-171065434.us-west-2.elb.amazonaws.com
TestHelloWorldAppStageWithStages 2021-11-24T15:51:28+03:00 logger.go:66: [0m[1mmodule.hello_world_app.module.asg.aws_autoscaling_group.example: Still destroying... [id=hello-world-testGPhMem-terraform-20211124124314550200000001, 2m50s elapsed][0m[0m
TestHelloWorldAppStageWithStages 2021-11-24T15:51:29+03:00 http_helper.go:32: Making an HTTP GET call to URL http://hello-world-testGPhMem-171065434.us-west-2.elb.amazonaws.com
TestHelloWorldAppStageWithStages 2021-11-24T15:51:29+03:00 continuous.go:47: Got response 200 and err <nil> from URL at http://hello-world-testGPhMem-171065434.us-west-2.elb.amazonaws.com
TestHelloWorldAppStageWithStages 2021-11-24T15:51:30+03:00 http_helper.go:32: Making an HTTP GET call to URL http://hello-world-testGPhMem-171065434.us-west-2.elb.amazonaws.com
TestHelloWorldAppStageWithStages 2021-11-24T15:51:31+03:00 continuous.go:47: Got response 200 and err <nil> from URL at http://hello-world-testGPhMem-171065434.us-west-2.elb.amazonaws.com
TestHelloWorldAppStageWithStages 2021-11-24T15:51:32+03:00 http_helper.go:32: Making an HTTP GET call to URL http://hello-world-testGPhMem-171065434.us-west-2.elb.amazonaws.com
TestHelloWorldAppStageWithStages 2021-11-24T15:51:32+03:00 continuous.go:47: Got response 200 and err <nil> from URL at http://hello-world-testGPhMem-171065434.us-west-2.elb.amazonaws.com
TestHelloWorldAppStageWithStages 2021-11-24T15:51:33+03:00 http_helper.go:32: Making an HTTP GET call to URL http://hello-world-testGPhMem-171065434.us-west-2.elb.amazonaws.com
TestHelloWorldAppStageWithStages 2021-11-24T15:51:33+03:00 continuous.go:47: Got response 200 and err <nil> from URL at http://hello-world-testGPhMem-171065434.us-west-2.elb.amazonaws.com
TestHelloWorldAppStageWithStages 2021-11-24T15:51:34+03:00 http_helper.go:32: Making an HTTP GET call to URL http://hello-world-testGPhMem-171065434.us-west-2.elb.amazonaws.com
TestHelloWorldAppStageWithStages 2021-11-24T15:51:35+03:00 continuous.go:47: Got response 200 and err <nil> from URL at http://hello-world-testGPhMem-171065434.us-west-2.elb.amazonaws.com
TestHelloWorldAppStageWithStages 2021-11-24T15:51:36+03:00 http_helper.go:32: Making an HTTP GET call to URL http://hello-world-testGPhMem-171065434.us-west-2.elb.amazonaws.com
TestHelloWorldAppStageWithStages 2021-11-24T15:51:36+03:00 continuous.go:47: Got response 200 and err <nil> from URL at http://hello-world-testGPhMem-171065434.us-west-2.elb.amazonaws.com
TestHelloWorldAppStageWithStages 2021-11-24T15:51:37+03:00 http_helper.go:32: Making an HTTP GET call to URL http://hello-world-testGPhMem-171065434.us-west-2.elb.amazonaws.com
TestHelloWorldAppStageWithStages 2021-11-24T15:51:38+03:00 continuous.go:47: Got response 200 and err <nil> from URL at http://hello-world-testGPhMem-171065434.us-west-2.elb.amazonaws.com
TestHelloWorldAppStageWithStages 2021-11-24T15:51:38+03:00 logger.go:66: [0m[1mmodule.hello_world_app.module.asg.aws_autoscaling_group.example: Still destroying... [id=hello-world-testGPhMem-terraform-20211124124314550200000001, 3m0s elapsed][0m[0m
TestHelloWorldAppStageWithStages 2021-11-24T15:51:39+03:00 http_helper.go:32: Making an HTTP GET call to URL http://hello-world-testGPhMem-171065434.us-west-2.elb.amazonaws.com
TestHelloWorldAppStageWithStages 2021-11-24T15:51:39+03:00 continuous.go:47: Got response 200 and err <nil> from URL at http://hello-world-testGPhMem-171065434.us-west-2.elb.amazonaws.com
TestHelloWorldAppStageWithStages 2021-11-24T15:51:40+03:00 http_helper.go:32: Making an HTTP GET call to URL http://hello-world-testGPhMem-171065434.us-west-2.elb.amazonaws.com
TestHelloWorldAppStageWithStages 2021-11-24T15:51:40+03:00 continuous.go:47: Got response 200 and err <nil> from URL at http://hello-world-testGPhMem-171065434.us-west-2.elb.amazonaws.com
TestHelloWorldAppStageWithStages 2021-11-24T15:51:41+03:00 http_helper.go:32: Making an HTTP GET call to URL http://hello-world-testGPhMem-171065434.us-west-2.elb.amazonaws.com
TestHelloWorldAppStageWithStages 2021-11-24T15:51:42+03:00 continuous.go:47: Got response 200 and err <nil> from URL at http://hello-world-testGPhMem-171065434.us-west-2.elb.amazonaws.com
TestHelloWorldAppStageWithStages 2021-11-24T15:51:43+03:00 http_helper.go:32: Making an HTTP GET call to URL http://hello-world-testGPhMem-171065434.us-west-2.elb.amazonaws.com
TestHelloWorldAppStageWithStages 2021-11-24T15:51:43+03:00 continuous.go:47: Got response 200 and err <nil> from URL at http://hello-world-testGPhMem-171065434.us-west-2.elb.amazonaws.com
TestHelloWorldAppStageWithStages 2021-11-24T15:51:44+03:00 http_helper.go:32: Making an HTTP GET call to URL http://hello-world-testGPhMem-171065434.us-west-2.elb.amazonaws.com
TestHelloWorldAppStageWithStages 2021-11-24T15:51:45+03:00 continuous.go:47: Got response 200 and err <nil> from URL at http://hello-world-testGPhMem-171065434.us-west-2.elb.amazonaws.com
TestHelloWorldAppStageWithStages 2021-11-24T15:51:46+03:00 http_helper.go:32: Making an HTTP GET call to URL http://hello-world-testGPhMem-171065434.us-west-2.elb.amazonaws.com
TestHelloWorldAppStageWithStages 2021-11-24T15:51:46+03:00 continuous.go:47: Got response 200 and err <nil> from URL at http://hello-world-testGPhMem-171065434.us-west-2.elb.amazonaws.com
TestHelloWorldAppStageWithStages 2021-11-24T15:51:47+03:00 http_helper.go:32: Making an HTTP GET call to URL http://hello-world-testGPhMem-171065434.us-west-2.elb.amazonaws.com
TestHelloWorldAppStageWithStages 2021-11-24T15:51:48+03:00 continuous.go:47: Got response 200 and err <nil> from URL at http://hello-world-testGPhMem-171065434.us-west-2.elb.amazonaws.com
TestHelloWorldAppStageWithStages 2021-11-24T15:51:48+03:00 logger.go:66: [0m[1mmodule.hello_world_app.module.asg.aws_autoscaling_group.example: Still destroying... [id=hello-world-testGPhMem-terraform-20211124124314550200000001, 3m10s elapsed][0m[0m
TestHelloWorldAppStageWithStages 2021-11-24T15:51:49+03:00 http_helper.go:32: Making an HTTP GET call to URL http://hello-world-testGPhMem-171065434.us-west-2.elb.amazonaws.com
TestHelloWorldAppStageWithStages 2021-11-24T15:51:49+03:00 continuous.go:47: Got response 200 and err <nil> from URL at http://hello-world-testGPhMem-171065434.us-west-2.elb.amazonaws.com
TestHelloWorldAppStageWithStages 2021-11-24T15:51:50+03:00 http_helper.go:32: Making an HTTP GET call to URL http://hello-world-testGPhMem-171065434.us-west-2.elb.amazonaws.com
TestHelloWorldAppStageWithStages 2021-11-24T15:51:50+03:00 continuous.go:47: Got response 200 and err <nil> from URL at http://hello-world-testGPhMem-171065434.us-west-2.elb.amazonaws.com
TestHelloWorldAppStageWithStages 2021-11-24T15:51:51+03:00 http_helper.go:32: Making an HTTP GET call to URL http://hello-world-testGPhMem-171065434.us-west-2.elb.amazonaws.com
TestHelloWorldAppStageWithStages 2021-11-24T15:51:52+03:00 continuous.go:47: Got response 200 and err <nil> from URL at http://hello-world-testGPhMem-171065434.us-west-2.elb.amazonaws.com
TestHelloWorldAppStageWithStages 2021-11-24T15:51:53+03:00 http_helper.go:32: Making an HTTP GET call to URL http://hello-world-testGPhMem-171065434.us-west-2.elb.amazonaws.com
TestHelloWorldAppStageWithStages 2021-11-24T15:51:53+03:00 continuous.go:47: Got response 200 and err <nil> from URL at http://hello-world-testGPhMem-171065434.us-west-2.elb.amazonaws.com
TestHelloWorldAppStageWithStages 2021-11-24T15:51:54+03:00 http_helper.go:32: Making an HTTP GET call to URL http://hello-world-testGPhMem-171065434.us-west-2.elb.amazonaws.com
TestHelloWorldAppStageWithStages 2021-11-24T15:51:55+03:00 continuous.go:47: Got response 200 and err <nil> from URL at http://hello-world-testGPhMem-171065434.us-west-2.elb.amazonaws.com
TestHelloWorldAppStageWithStages 2021-11-24T15:51:56+03:00 http_helper.go:32: Making an HTTP GET call to URL http://hello-world-testGPhMem-171065434.us-west-2.elb.amazonaws.com
TestHelloWorldAppStageWithStages 2021-11-24T15:51:56+03:00 continuous.go:47: Got response 200 and err <nil> from URL at http://hello-world-testGPhMem-171065434.us-west-2.elb.amazonaws.com
TestHelloWorldAppStageWithStages 2021-11-24T15:51:57+03:00 http_helper.go:32: Making an HTTP GET call to URL http://hello-world-testGPhMem-171065434.us-west-2.elb.amazonaws.com
TestHelloWorldAppStageWithStages 2021-11-24T15:51:57+03:00 continuous.go:47: Got response 200 and err <nil> from URL at http://hello-world-testGPhMem-171065434.us-west-2.elb.amazonaws.com
TestHelloWorldAppStageWithStages 2021-11-24T15:51:58+03:00 logger.go:66: [0m[1mmodule.hello_world_app.module.asg.aws_autoscaling_group.example: Still destroying... [id=hello-world-testGPhMem-terraform-20211124124314550200000001, 3m20s elapsed][0m[0m
TestHelloWorldAppStageWithStages 2021-11-24T15:51:58+03:00 http_helper.go:32: Making an HTTP GET call to URL http://hello-world-testGPhMem-171065434.us-west-2.elb.amazonaws.com
TestHelloWorldAppStageWithStages 2021-11-24T15:51:59+03:00 continuous.go:47: Got response 200 and err <nil> from URL at http://hello-world-testGPhMem-171065434.us-west-2.elb.amazonaws.com
TestHelloWorldAppStageWithStages 2021-11-24T15:52:00+03:00 http_helper.go:32: Making an HTTP GET call to URL http://hello-world-testGPhMem-171065434.us-west-2.elb.amazonaws.com
TestHelloWorldAppStageWithStages 2021-11-24T15:52:00+03:00 continuous.go:47: Got response 200 and err <nil> from URL at http://hello-world-testGPhMem-171065434.us-west-2.elb.amazonaws.com
TestHelloWorldAppStageWithStages 2021-11-24T15:52:01+03:00 http_helper.go:32: Making an HTTP GET call to URL http://hello-world-testGPhMem-171065434.us-west-2.elb.amazonaws.com
TestHelloWorldAppStageWithStages 2021-11-24T15:52:02+03:00 continuous.go:47: Got response 200 and err <nil> from URL at http://hello-world-testGPhMem-171065434.us-west-2.elb.amazonaws.com
TestHelloWorldAppStageWithStages 2021-11-24T15:52:03+03:00 http_helper.go:32: Making an HTTP GET call to URL http://hello-world-testGPhMem-171065434.us-west-2.elb.amazonaws.com
TestHelloWorldAppStageWithStages 2021-11-24T15:52:03+03:00 continuous.go:47: Got response 200 and err <nil> from URL at http://hello-world-testGPhMem-171065434.us-west-2.elb.amazonaws.com
TestHelloWorldAppStageWithStages 2021-11-24T15:52:04+03:00 http_helper.go:32: Making an HTTP GET call to URL http://hello-world-testGPhMem-171065434.us-west-2.elb.amazonaws.com
TestHelloWorldAppStageWithStages 2021-11-24T15:52:05+03:00 continuous.go:47: Got response 200 and err <nil> from URL at http://hello-world-testGPhMem-171065434.us-west-2.elb.amazonaws.com
TestHelloWorldAppStageWithStages 2021-11-24T15:52:06+03:00 http_helper.go:32: Making an HTTP GET call to URL http://hello-world-testGPhMem-171065434.us-west-2.elb.amazonaws.com
TestHelloWorldAppStageWithStages 2021-11-24T15:52:06+03:00 continuous.go:47: Got response 200 and err <nil> from URL at http://hello-world-testGPhMem-171065434.us-west-2.elb.amazonaws.com
TestHelloWorldAppStageWithStages 2021-11-24T15:52:07+03:00 http_helper.go:32: Making an HTTP GET call to URL http://hello-world-testGPhMem-171065434.us-west-2.elb.amazonaws.com
TestHelloWorldAppStageWithStages 2021-11-24T15:52:07+03:00 continuous.go:47: Got response 200 and err <nil> from URL at http://hello-world-testGPhMem-171065434.us-west-2.elb.amazonaws.com
TestHelloWorldAppStageWithStages 2021-11-24T15:52:08+03:00 logger.go:66: [0m[1mmodule.hello_world_app.module.asg.aws_autoscaling_group.example: Still destroying... [id=hello-world-testGPhMem-terraform-20211124124314550200000001, 3m30s elapsed][0m[0m
TestHelloWorldAppStageWithStages 2021-11-24T15:52:08+03:00 http_helper.go:32: Making an HTTP GET call to URL http://hello-world-testGPhMem-171065434.us-west-2.elb.amazonaws.com
TestHelloWorldAppStageWithStages 2021-11-24T15:52:11+03:00 continuous.go:47: Got response 200 and err <nil> from URL at http://hello-world-testGPhMem-171065434.us-west-2.elb.amazonaws.com
TestHelloWorldAppStageWithStages 2021-11-24T15:52:12+03:00 http_helper.go:32: Making an HTTP GET call to URL http://hello-world-testGPhMem-171065434.us-west-2.elb.amazonaws.com
TestHelloWorldAppStageWithStages 2021-11-24T15:52:13+03:00 continuous.go:47: Got response 200 and err <nil> from URL at http://hello-world-testGPhMem-171065434.us-west-2.elb.amazonaws.com
TestHelloWorldAppStageWithStages 2021-11-24T15:52:14+03:00 http_helper.go:32: Making an HTTP GET call to URL http://hello-world-testGPhMem-171065434.us-west-2.elb.amazonaws.com
TestHelloWorldAppStageWithStages 2021-11-24T15:52:14+03:00 continuous.go:47: Got response 200 and err <nil> from URL at http://hello-world-testGPhMem-171065434.us-west-2.elb.amazonaws.com
TestHelloWorldAppStageWithStages 2021-11-24T15:52:15+03:00 http_helper.go:32: Making an HTTP GET call to URL http://hello-world-testGPhMem-171065434.us-west-2.elb.amazonaws.com
TestHelloWorldAppStageWithStages 2021-11-24T15:52:16+03:00 continuous.go:47: Got response 200 and err <nil> from URL at http://hello-world-testGPhMem-171065434.us-west-2.elb.amazonaws.com
TestHelloWorldAppStageWithStages 2021-11-24T15:52:17+03:00 http_helper.go:32: Making an HTTP GET call to URL http://hello-world-testGPhMem-171065434.us-west-2.elb.amazonaws.com
TestHelloWorldAppStageWithStages 2021-11-24T15:52:17+03:00 continuous.go:47: Got response 200 and err <nil> from URL at http://hello-world-testGPhMem-171065434.us-west-2.elb.amazonaws.com
TestHelloWorldAppStageWithStages 2021-11-24T15:52:18+03:00 logger.go:66: [0m[1mmodule.hello_world_app.module.asg.aws_autoscaling_group.example: Still destroying... [id=hello-world-testGPhMem-terraform-20211124124314550200000001, 3m40s elapsed][0m[0m
TestHelloWorldAppStageWithStages 2021-11-24T15:52:18+03:00 http_helper.go:32: Making an HTTP GET call to URL http://hello-world-testGPhMem-171065434.us-west-2.elb.amazonaws.com
TestHelloWorldAppStageWithStages 2021-11-24T15:52:18+03:00 continuous.go:47: Got response 200 and err <nil> from URL at http://hello-world-testGPhMem-171065434.us-west-2.elb.amazonaws.com
TestHelloWorldAppStageWithStages 2021-11-24T15:52:19+03:00 http_helper.go:32: Making an HTTP GET call to URL http://hello-world-testGPhMem-171065434.us-west-2.elb.amazonaws.com
TestHelloWorldAppStageWithStages 2021-11-24T15:52:20+03:00 continuous.go:47: Got response 200 and err <nil> from URL at http://hello-world-testGPhMem-171065434.us-west-2.elb.amazonaws.com
TestHelloWorldAppStageWithStages 2021-11-24T15:52:21+03:00 http_helper.go:32: Making an HTTP GET call to URL http://hello-world-testGPhMem-171065434.us-west-2.elb.amazonaws.com
TestHelloWorldAppStageWithStages 2021-11-24T15:52:21+03:00 continuous.go:47: Got response 200 and err <nil> from URL at http://hello-world-testGPhMem-171065434.us-west-2.elb.amazonaws.com
TestHelloWorldAppStageWithStages 2021-11-24T15:52:22+03:00 http_helper.go:32: Making an HTTP GET call to URL http://hello-world-testGPhMem-171065434.us-west-2.elb.amazonaws.com
TestHelloWorldAppStageWithStages 2021-11-24T15:52:23+03:00 continuous.go:47: Got response 200 and err <nil> from URL at http://hello-world-testGPhMem-171065434.us-west-2.elb.amazonaws.com
TestHelloWorldAppStageWithStages 2021-11-24T15:52:24+03:00 http_helper.go:32: Making an HTTP GET call to URL http://hello-world-testGPhMem-171065434.us-west-2.elb.amazonaws.com
TestHelloWorldAppStageWithStages 2021-11-24T15:52:24+03:00 continuous.go:47: Got response 200 and err <nil> from URL at http://hello-world-testGPhMem-171065434.us-west-2.elb.amazonaws.com
TestHelloWorldAppStageWithStages 2021-11-24T15:52:25+03:00 http_helper.go:32: Making an HTTP GET call to URL http://hello-world-testGPhMem-171065434.us-west-2.elb.amazonaws.com
TestHelloWorldAppStageWithStages 2021-11-24T15:52:26+03:00 continuous.go:47: Got response 200 and err <nil> from URL at http://hello-world-testGPhMem-171065434.us-west-2.elb.amazonaws.com
TestHelloWorldAppStageWithStages 2021-11-24T15:52:27+03:00 http_helper.go:32: Making an HTTP GET call to URL http://hello-world-testGPhMem-171065434.us-west-2.elb.amazonaws.com
TestHelloWorldAppStageWithStages 2021-11-24T15:52:27+03:00 continuous.go:47: Got response 200 and err <nil> from URL at http://hello-world-testGPhMem-171065434.us-west-2.elb.amazonaws.com
TestHelloWorldAppStageWithStages 2021-11-24T15:52:28+03:00 logger.go:66: [0m[1mmodule.hello_world_app.module.asg.aws_autoscaling_group.example: Still destroying... [id=hello-world-testGPhMem-terraform-20211124124314550200000001, 3m50s elapsed][0m[0m
TestHelloWorldAppStageWithStages 2021-11-24T15:52:28+03:00 http_helper.go:32: Making an HTTP GET call to URL http://hello-world-testGPhMem-171065434.us-west-2.elb.amazonaws.com
TestHelloWorldAppStageWithStages 2021-11-24T15:52:28+03:00 continuous.go:47: Got response 200 and err <nil> from URL at http://hello-world-testGPhMem-171065434.us-west-2.elb.amazonaws.com
TestHelloWorldAppStageWithStages 2021-11-24T15:52:29+03:00 http_helper.go:32: Making an HTTP GET call to URL http://hello-world-testGPhMem-171065434.us-west-2.elb.amazonaws.com
TestHelloWorldAppStageWithStages 2021-11-24T15:52:30+03:00 continuous.go:47: Got response 200 and err <nil> from URL at http://hello-world-testGPhMem-171065434.us-west-2.elb.amazonaws.com
TestHelloWorldAppStageWithStages 2021-11-24T15:52:31+03:00 http_helper.go:32: Making an HTTP GET call to URL http://hello-world-testGPhMem-171065434.us-west-2.elb.amazonaws.com
TestHelloWorldAppStageWithStages 2021-11-24T15:52:31+03:00 continuous.go:47: Got response 200 and err <nil> from URL at http://hello-world-testGPhMem-171065434.us-west-2.elb.amazonaws.com
TestHelloWorldAppStageWithStages 2021-11-24T15:52:32+03:00 http_helper.go:32: Making an HTTP GET call to URL http://hello-world-testGPhMem-171065434.us-west-2.elb.amazonaws.com
TestHelloWorldAppStageWithStages 2021-11-24T15:52:33+03:00 continuous.go:47: Got response 200 and err <nil> from URL at http://hello-world-testGPhMem-171065434.us-west-2.elb.amazonaws.com
TestHelloWorldAppStageWithStages 2021-11-24T15:52:34+03:00 http_helper.go:32: Making an HTTP GET call to URL http://hello-world-testGPhMem-171065434.us-west-2.elb.amazonaws.com
TestHelloWorldAppStageWithStages 2021-11-24T15:52:34+03:00 continuous.go:47: Got response 200 and err <nil> from URL at http://hello-world-testGPhMem-171065434.us-west-2.elb.amazonaws.com
TestHelloWorldAppStageWithStages 2021-11-24T15:52:35+03:00 http_helper.go:32: Making an HTTP GET call to URL http://hello-world-testGPhMem-171065434.us-west-2.elb.amazonaws.com
TestHelloWorldAppStageWithStages 2021-11-24T15:52:35+03:00 continuous.go:47: Got response 200 and err <nil> from URL at http://hello-world-testGPhMem-171065434.us-west-2.elb.amazonaws.com
TestHelloWorldAppStageWithStages 2021-11-24T15:52:36+03:00 http_helper.go:32: Making an HTTP GET call to URL http://hello-world-testGPhMem-171065434.us-west-2.elb.amazonaws.com
TestHelloWorldAppStageWithStages 2021-11-24T15:52:37+03:00 continuous.go:47: Got response 200 and err <nil> from URL at http://hello-world-testGPhMem-171065434.us-west-2.elb.amazonaws.com
TestHelloWorldAppStageWithStages 2021-11-24T15:52:38+03:00 http_helper.go:32: Making an HTTP GET call to URL http://hello-world-testGPhMem-171065434.us-west-2.elb.amazonaws.com
TestHelloWorldAppStageWithStages 2021-11-24T15:52:38+03:00 logger.go:66: [0m[1mmodule.hello_world_app.module.asg.aws_autoscaling_group.example: Still destroying... [id=hello-world-testGPhMem-terraform-20211124124314550200000001, 4m0s elapsed][0m[0m
TestHelloWorldAppStageWithStages 2021-11-24T15:52:38+03:00 continuous.go:47: Got response 200 and err <nil> from URL at http://hello-world-testGPhMem-171065434.us-west-2.elb.amazonaws.com
TestHelloWorldAppStageWithStages 2021-11-24T15:52:39+03:00 http_helper.go:32: Making an HTTP GET call to URL http://hello-world-testGPhMem-171065434.us-west-2.elb.amazonaws.com
TestHelloWorldAppStageWithStages 2021-11-24T15:52:40+03:00 continuous.go:47: Got response 200 and err <nil> from URL at http://hello-world-testGPhMem-171065434.us-west-2.elb.amazonaws.com
TestHelloWorldAppStageWithStages 2021-11-24T15:52:41+03:00 http_helper.go:32: Making an HTTP GET call to URL http://hello-world-testGPhMem-171065434.us-west-2.elb.amazonaws.com
TestHelloWorldAppStageWithStages 2021-11-24T15:52:41+03:00 continuous.go:47: Got response 200 and err <nil> from URL at http://hello-world-testGPhMem-171065434.us-west-2.elb.amazonaws.com
TestHelloWorldAppStageWithStages 2021-11-24T15:52:42+03:00 http_helper.go:32: Making an HTTP GET call to URL http://hello-world-testGPhMem-171065434.us-west-2.elb.amazonaws.com
TestHelloWorldAppStageWithStages 2021-11-24T15:52:43+03:00 continuous.go:47: Got response 200 and err <nil> from URL at http://hello-world-testGPhMem-171065434.us-west-2.elb.amazonaws.com
TestHelloWorldAppStageWithStages 2021-11-24T15:52:44+03:00 http_helper.go:32: Making an HTTP GET call to URL http://hello-world-testGPhMem-171065434.us-west-2.elb.amazonaws.com
TestHelloWorldAppStageWithStages 2021-11-24T15:52:44+03:00 continuous.go:47: Got response 200 and err <nil> from URL at http://hello-world-testGPhMem-171065434.us-west-2.elb.amazonaws.com
TestHelloWorldAppStageWithStages 2021-11-24T15:52:45+03:00 http_helper.go:32: Making an HTTP GET call to URL http://hello-world-testGPhMem-171065434.us-west-2.elb.amazonaws.com
TestHelloWorldAppStageWithStages 2021-11-24T15:52:45+03:00 continuous.go:47: Got response 200 and err <nil> from URL at http://hello-world-testGPhMem-171065434.us-west-2.elb.amazonaws.com
TestHelloWorldAppStageWithStages 2021-11-24T15:52:46+03:00 http_helper.go:32: Making an HTTP GET call to URL http://hello-world-testGPhMem-171065434.us-west-2.elb.amazonaws.com
TestHelloWorldAppStageWithStages 2021-11-24T15:52:47+03:00 continuous.go:47: Got response 200 and err <nil> from URL at http://hello-world-testGPhMem-171065434.us-west-2.elb.amazonaws.com
TestHelloWorldAppStageWithStages 2021-11-24T15:52:48+03:00 http_helper.go:32: Making an HTTP GET call to URL http://hello-world-testGPhMem-171065434.us-west-2.elb.amazonaws.com
TestHelloWorldAppStageWithStages 2021-11-24T15:52:48+03:00 logger.go:66: [0m[1mmodule.hello_world_app.module.asg.aws_autoscaling_group.example: Still destroying... [id=hello-world-testGPhMem-terraform-20211124124314550200000001, 4m10s elapsed][0m[0m
TestHelloWorldAppStageWithStages 2021-11-24T15:52:48+03:00 continuous.go:47: Got response 200 and err <nil> from URL at http://hello-world-testGPhMem-171065434.us-west-2.elb.amazonaws.com
TestHelloWorldAppStageWithStages 2021-11-24T15:52:49+03:00 http_helper.go:32: Making an HTTP GET call to URL http://hello-world-testGPhMem-171065434.us-west-2.elb.amazonaws.com
TestHelloWorldAppStageWithStages 2021-11-24T15:52:50+03:00 continuous.go:47: Got response 200 and err <nil> from URL at http://hello-world-testGPhMem-171065434.us-west-2.elb.amazonaws.com
TestHelloWorldAppStageWithStages 2021-11-24T15:52:51+03:00 http_helper.go:32: Making an HTTP GET call to URL http://hello-world-testGPhMem-171065434.us-west-2.elb.amazonaws.com
TestHelloWorldAppStageWithStages 2021-11-24T15:52:51+03:00 continuous.go:47: Got response 200 and err <nil> from URL at http://hello-world-testGPhMem-171065434.us-west-2.elb.amazonaws.com
TestHelloWorldAppStageWithStages 2021-11-24T15:52:52+03:00 http_helper.go:32: Making an HTTP GET call to URL http://hello-world-testGPhMem-171065434.us-west-2.elb.amazonaws.com
TestHelloWorldAppStageWithStages 2021-11-24T15:52:53+03:00 continuous.go:47: Got response 200 and err <nil> from URL at http://hello-world-testGPhMem-171065434.us-west-2.elb.amazonaws.com
TestHelloWorldAppStageWithStages 2021-11-24T15:52:54+03:00 http_helper.go:32: Making an HTTP GET call to URL http://hello-world-testGPhMem-171065434.us-west-2.elb.amazonaws.com
TestHelloWorldAppStageWithStages 2021-11-24T15:52:54+03:00 continuous.go:47: Got response 200 and err <nil> from URL at http://hello-world-testGPhMem-171065434.us-west-2.elb.amazonaws.com
TestHelloWorldAppStageWithStages 2021-11-24T15:52:55+03:00 http_helper.go:32: Making an HTTP GET call to URL http://hello-world-testGPhMem-171065434.us-west-2.elb.amazonaws.com
TestHelloWorldAppStageWithStages 2021-11-24T15:52:55+03:00 continuous.go:47: Got response 200 and err <nil> from URL at http://hello-world-testGPhMem-171065434.us-west-2.elb.amazonaws.com
TestHelloWorldAppStageWithStages 2021-11-24T15:52:56+03:00 http_helper.go:32: Making an HTTP GET call to URL http://hello-world-testGPhMem-171065434.us-west-2.elb.amazonaws.com
TestHelloWorldAppStageWithStages 2021-11-24T15:52:57+03:00 continuous.go:47: Got response 200 and err <nil> from URL at http://hello-world-testGPhMem-171065434.us-west-2.elb.amazonaws.com
TestHelloWorldAppStageWithStages 2021-11-24T15:52:58+03:00 http_helper.go:32: Making an HTTP GET call to URL http://hello-world-testGPhMem-171065434.us-west-2.elb.amazonaws.com
TestHelloWorldAppStageWithStages 2021-11-24T15:52:58+03:00 logger.go:66: [0m[1mmodule.hello_world_app.module.asg.aws_autoscaling_group.example: Still destroying... [id=hello-world-testGPhMem-terraform-20211124124314550200000001, 4m20s elapsed][0m[0m
TestHelloWorldAppStageWithStages 2021-11-24T15:52:58+03:00 continuous.go:47: Got response 200 and err <nil> from URL at http://hello-world-testGPhMem-171065434.us-west-2.elb.amazonaws.com
TestHelloWorldAppStageWithStages 2021-11-24T15:52:59+03:00 http_helper.go:32: Making an HTTP GET call to URL http://hello-world-testGPhMem-171065434.us-west-2.elb.amazonaws.com
TestHelloWorldAppStageWithStages 2021-11-24T15:53:00+03:00 continuous.go:47: Got response 200 and err <nil> from URL at http://hello-world-testGPhMem-171065434.us-west-2.elb.amazonaws.com
TestHelloWorldAppStageWithStages 2021-11-24T15:53:01+03:00 http_helper.go:32: Making an HTTP GET call to URL http://hello-world-testGPhMem-171065434.us-west-2.elb.amazonaws.com
TestHelloWorldAppStageWithStages 2021-11-24T15:53:01+03:00 continuous.go:47: Got response 200 and err <nil> from URL at http://hello-world-testGPhMem-171065434.us-west-2.elb.amazonaws.com
TestHelloWorldAppStageWithStages 2021-11-24T15:53:02+03:00 http_helper.go:32: Making an HTTP GET call to URL http://hello-world-testGPhMem-171065434.us-west-2.elb.amazonaws.com
TestHelloWorldAppStageWithStages 2021-11-24T15:53:02+03:00 continuous.go:47: Got response 200 and err <nil> from URL at http://hello-world-testGPhMem-171065434.us-west-2.elb.amazonaws.com
TestHelloWorldAppStageWithStages 2021-11-24T15:53:03+03:00 http_helper.go:32: Making an HTTP GET call to URL http://hello-world-testGPhMem-171065434.us-west-2.elb.amazonaws.com
TestHelloWorldAppStageWithStages 2021-11-24T15:53:04+03:00 continuous.go:47: Got response 200 and err <nil> from URL at http://hello-world-testGPhMem-171065434.us-west-2.elb.amazonaws.com
TestHelloWorldAppStageWithStages 2021-11-24T15:53:05+03:00 http_helper.go:32: Making an HTTP GET call to URL http://hello-world-testGPhMem-171065434.us-west-2.elb.amazonaws.com
TestHelloWorldAppStageWithStages 2021-11-24T15:53:05+03:00 continuous.go:47: Got response 200 and err <nil> from URL at http://hello-world-testGPhMem-171065434.us-west-2.elb.amazonaws.com
TestHelloWorldAppStageWithStages 2021-11-24T15:53:06+03:00 http_helper.go:32: Making an HTTP GET call to URL http://hello-world-testGPhMem-171065434.us-west-2.elb.amazonaws.com
TestHelloWorldAppStageWithStages 2021-11-24T15:53:07+03:00 continuous.go:47: Got response 200 and err <nil> from URL at http://hello-world-testGPhMem-171065434.us-west-2.elb.amazonaws.com
TestHelloWorldAppStageWithStages 2021-11-24T15:53:08+03:00 http_helper.go:32: Making an HTTP GET call to URL http://hello-world-testGPhMem-171065434.us-west-2.elb.amazonaws.com
TestHelloWorldAppStageWithStages 2021-11-24T15:53:08+03:00 logger.go:66: [0m[1mmodule.hello_world_app.module.asg.aws_autoscaling_group.example: Still destroying... [id=hello-world-testGPhMem-terraform-20211124124314550200000001, 4m30s elapsed][0m[0m
TestHelloWorldAppStageWithStages 2021-11-24T15:53:08+03:00 continuous.go:47: Got response 200 and err <nil> from URL at http://hello-world-testGPhMem-171065434.us-west-2.elb.amazonaws.com
TestHelloWorldAppStageWithStages 2021-11-24T15:53:09+03:00 http_helper.go:32: Making an HTTP GET call to URL http://hello-world-testGPhMem-171065434.us-west-2.elb.amazonaws.com
TestHelloWorldAppStageWithStages 2021-11-24T15:53:10+03:00 continuous.go:47: Got response 200 and err <nil> from URL at http://hello-world-testGPhMem-171065434.us-west-2.elb.amazonaws.com
TestHelloWorldAppStageWithStages 2021-11-24T15:53:11+03:00 http_helper.go:32: Making an HTTP GET call to URL http://hello-world-testGPhMem-171065434.us-west-2.elb.amazonaws.com
TestHelloWorldAppStageWithStages 2021-11-24T15:53:11+03:00 continuous.go:47: Got response 200 and err <nil> from URL at http://hello-world-testGPhMem-171065434.us-west-2.elb.amazonaws.com
TestHelloWorldAppStageWithStages 2021-11-24T15:53:12+03:00 http_helper.go:32: Making an HTTP GET call to URL http://hello-world-testGPhMem-171065434.us-west-2.elb.amazonaws.com
TestHelloWorldAppStageWithStages 2021-11-24T15:53:12+03:00 continuous.go:47: Got response 200 and err <nil> from URL at http://hello-world-testGPhMem-171065434.us-west-2.elb.amazonaws.com
TestHelloWorldAppStageWithStages 2021-11-24T15:53:13+03:00 http_helper.go:32: Making an HTTP GET call to URL http://hello-world-testGPhMem-171065434.us-west-2.elb.amazonaws.com
TestHelloWorldAppStageWithStages 2021-11-24T15:53:14+03:00 continuous.go:47: Got response 200 and err <nil> from URL at http://hello-world-testGPhMem-171065434.us-west-2.elb.amazonaws.com
TestHelloWorldAppStageWithStages 2021-11-24T15:53:15+03:00 http_helper.go:32: Making an HTTP GET call to URL http://hello-world-testGPhMem-171065434.us-west-2.elb.amazonaws.com
TestHelloWorldAppStageWithStages 2021-11-24T15:53:15+03:00 continuous.go:47: Got response 200 and err <nil> from URL at http://hello-world-testGPhMem-171065434.us-west-2.elb.amazonaws.com
TestHelloWorldAppStageWithStages 2021-11-24T15:53:16+03:00 http_helper.go:32: Making an HTTP GET call to URL http://hello-world-testGPhMem-171065434.us-west-2.elb.amazonaws.com
TestHelloWorldAppStageWithStages 2021-11-24T15:53:17+03:00 continuous.go:47: Got response 200 and err <nil> from URL at http://hello-world-testGPhMem-171065434.us-west-2.elb.amazonaws.com
TestHelloWorldAppStageWithStages 2021-11-24T15:53:18+03:00 http_helper.go:32: Making an HTTP GET call to URL http://hello-world-testGPhMem-171065434.us-west-2.elb.amazonaws.com
TestHelloWorldAppStageWithStages 2021-11-24T15:53:18+03:00 logger.go:66: [0m[1mmodule.hello_world_app.module.asg.aws_autoscaling_group.example: Still destroying... [id=hello-world-testGPhMem-terraform-20211124124314550200000001, 4m40s elapsed][0m[0m
TestHelloWorldAppStageWithStages 2021-11-24T15:53:18+03:00 continuous.go:47: Got response 200 and err <nil> from URL at http://hello-world-testGPhMem-171065434.us-west-2.elb.amazonaws.com
TestHelloWorldAppStageWithStages 2021-11-24T15:53:19+03:00 http_helper.go:32: Making an HTTP GET call to URL http://hello-world-testGPhMem-171065434.us-west-2.elb.amazonaws.com
TestHelloWorldAppStageWithStages 2021-11-24T15:53:19+03:00 continuous.go:47: Got response 200 and err <nil> from URL at http://hello-world-testGPhMem-171065434.us-west-2.elb.amazonaws.com
TestHelloWorldAppStageWithStages 2021-11-24T15:53:20+03:00 http_helper.go:32: Making an HTTP GET call to URL http://hello-world-testGPhMem-171065434.us-west-2.elb.amazonaws.com
TestHelloWorldAppStageWithStages 2021-11-24T15:53:21+03:00 continuous.go:47: Got response 200 and err <nil> from URL at http://hello-world-testGPhMem-171065434.us-west-2.elb.amazonaws.com
TestHelloWorldAppStageWithStages 2021-11-24T15:53:22+03:00 http_helper.go:32: Making an HTTP GET call to URL http://hello-world-testGPhMem-171065434.us-west-2.elb.amazonaws.com
TestHelloWorldAppStageWithStages 2021-11-24T15:53:22+03:00 continuous.go:47: Got response 200 and err <nil> from URL at http://hello-world-testGPhMem-171065434.us-west-2.elb.amazonaws.com
TestHelloWorldAppStageWithStages 2021-11-24T15:53:23+03:00 http_helper.go:32: Making an HTTP GET call to URL http://hello-world-testGPhMem-171065434.us-west-2.elb.amazonaws.com
TestHelloWorldAppStageWithStages 2021-11-24T15:53:24+03:00 continuous.go:47: Got response 200 and err <nil> from URL at http://hello-world-testGPhMem-171065434.us-west-2.elb.amazonaws.com
TestHelloWorldAppStageWithStages 2021-11-24T15:53:25+03:00 http_helper.go:32: Making an HTTP GET call to URL http://hello-world-testGPhMem-171065434.us-west-2.elb.amazonaws.com
TestHelloWorldAppStageWithStages 2021-11-24T15:53:25+03:00 continuous.go:47: Got response 200 and err <nil> from URL at http://hello-world-testGPhMem-171065434.us-west-2.elb.amazonaws.com
TestHelloWorldAppStageWithStages 2021-11-24T15:53:26+03:00 http_helper.go:32: Making an HTTP GET call to URL http://hello-world-testGPhMem-171065434.us-west-2.elb.amazonaws.com
TestHelloWorldAppStageWithStages 2021-11-24T15:53:27+03:00 continuous.go:47: Got response 200 and err <nil> from URL at http://hello-world-testGPhMem-171065434.us-west-2.elb.amazonaws.com
TestHelloWorldAppStageWithStages 2021-11-24T15:53:28+03:00 http_helper.go:32: Making an HTTP GET call to URL http://hello-world-testGPhMem-171065434.us-west-2.elb.amazonaws.com
TestHelloWorldAppStageWithStages 2021-11-24T15:53:28+03:00 logger.go:66: [0m[1mmodule.hello_world_app.module.asg.aws_autoscaling_group.example: Still destroying... [id=hello-world-testGPhMem-terraform-20211124124314550200000001, 4m50s elapsed][0m[0m
TestHelloWorldAppStageWithStages 2021-11-24T15:53:28+03:00 continuous.go:47: Got response 200 and err <nil> from URL at http://hello-world-testGPhMem-171065434.us-west-2.elb.amazonaws.com
TestHelloWorldAppStageWithStages 2021-11-24T15:53:29+03:00 http_helper.go:32: Making an HTTP GET call to URL http://hello-world-testGPhMem-171065434.us-west-2.elb.amazonaws.com
TestHelloWorldAppStageWithStages 2021-11-24T15:53:29+03:00 continuous.go:47: Got response 200 and err <nil> from URL at http://hello-world-testGPhMem-171065434.us-west-2.elb.amazonaws.com
TestHelloWorldAppStageWithStages 2021-11-24T15:53:30+03:00 http_helper.go:32: Making an HTTP GET call to URL http://hello-world-testGPhMem-171065434.us-west-2.elb.amazonaws.com
TestHelloWorldAppStageWithStages 2021-11-24T15:53:31+03:00 continuous.go:47: Got response 200 and err <nil> from URL at http://hello-world-testGPhMem-171065434.us-west-2.elb.amazonaws.com
TestHelloWorldAppStageWithStages 2021-11-24T15:53:32+03:00 http_helper.go:32: Making an HTTP GET call to URL http://hello-world-testGPhMem-171065434.us-west-2.elb.amazonaws.com
TestHelloWorldAppStageWithStages 2021-11-24T15:53:32+03:00 continuous.go:47: Got response 200 and err <nil> from URL at http://hello-world-testGPhMem-171065434.us-west-2.elb.amazonaws.com
TestHelloWorldAppStageWithStages 2021-11-24T15:53:33+03:00 http_helper.go:32: Making an HTTP GET call to URL http://hello-world-testGPhMem-171065434.us-west-2.elb.amazonaws.com
TestHelloWorldAppStageWithStages 2021-11-24T15:53:34+03:00 continuous.go:47: Got response 200 and err <nil> from URL at http://hello-world-testGPhMem-171065434.us-west-2.elb.amazonaws.com
TestHelloWorldAppStageWithStages 2021-11-24T15:53:35+03:00 http_helper.go:32: Making an HTTP GET call to URL http://hello-world-testGPhMem-171065434.us-west-2.elb.amazonaws.com
TestHelloWorldAppStageWithStages 2021-11-24T15:53:35+03:00 continuous.go:47: Got response 200 and err <nil> from URL at http://hello-world-testGPhMem-171065434.us-west-2.elb.amazonaws.com
TestHelloWorldAppStageWithStages 2021-11-24T15:53:36+03:00 http_helper.go:32: Making an HTTP GET call to URL http://hello-world-testGPhMem-171065434.us-west-2.elb.amazonaws.com
TestHelloWorldAppStageWithStages 2021-11-24T15:53:36+03:00 continuous.go:47: Got response 200 and err <nil> from URL at http://hello-world-testGPhMem-171065434.us-west-2.elb.amazonaws.com
TestHelloWorldAppStageWithStages 2021-11-24T15:53:37+03:00 http_helper.go:32: Making an HTTP GET call to URL http://hello-world-testGPhMem-171065434.us-west-2.elb.amazonaws.com
TestHelloWorldAppStageWithStages 2021-11-24T15:53:38+03:00 logger.go:66: [0m[1mmodule.hello_world_app.module.asg.aws_autoscaling_group.example: Still destroying... [id=hello-world-testGPhMem-terraform-20211124124314550200000001, 5m0s elapsed][0m[0m
TestHelloWorldAppStageWithStages 2021-11-24T15:53:38+03:00 continuous.go:47: Got response 200 and err <nil> from URL at http://hello-world-testGPhMem-171065434.us-west-2.elb.amazonaws.com
TestHelloWorldAppStageWithStages 2021-11-24T15:53:39+03:00 http_helper.go:32: Making an HTTP GET call to URL http://hello-world-testGPhMem-171065434.us-west-2.elb.amazonaws.com
TestHelloWorldAppStageWithStages 2021-11-24T15:53:39+03:00 continuous.go:47: Got response 200 and err <nil> from URL at http://hello-world-testGPhMem-171065434.us-west-2.elb.amazonaws.com
TestHelloWorldAppStageWithStages 2021-11-24T15:53:40+03:00 http_helper.go:32: Making an HTTP GET call to URL http://hello-world-testGPhMem-171065434.us-west-2.elb.amazonaws.com
TestHelloWorldAppStageWithStages 2021-11-24T15:53:41+03:00 continuous.go:47: Got response 200 and err <nil> from URL at http://hello-world-testGPhMem-171065434.us-west-2.elb.amazonaws.com
TestHelloWorldAppStageWithStages 2021-11-24T15:53:42+03:00 http_helper.go:32: Making an HTTP GET call to URL http://hello-world-testGPhMem-171065434.us-west-2.elb.amazonaws.com
TestHelloWorldAppStageWithStages 2021-11-24T15:53:42+03:00 continuous.go:47: Got response 200 and err <nil> from URL at http://hello-world-testGPhMem-171065434.us-west-2.elb.amazonaws.com
TestHelloWorldAppStageWithStages 2021-11-24T15:53:43+03:00 http_helper.go:32: Making an HTTP GET call to URL http://hello-world-testGPhMem-171065434.us-west-2.elb.amazonaws.com
TestHelloWorldAppStageWithStages 2021-11-24T15:53:44+03:00 continuous.go:47: Got response 200 and err <nil> from URL at http://hello-world-testGPhMem-171065434.us-west-2.elb.amazonaws.com
TestHelloWorldAppStageWithStages 2021-11-24T15:53:45+03:00 http_helper.go:32: Making an HTTP GET call to URL http://hello-world-testGPhMem-171065434.us-west-2.elb.amazonaws.com
TestHelloWorldAppStageWithStages 2021-11-24T15:53:45+03:00 continuous.go:47: Got response 200 and err <nil> from URL at http://hello-world-testGPhMem-171065434.us-west-2.elb.amazonaws.com
TestHelloWorldAppStageWithStages 2021-11-24T15:53:46+03:00 http_helper.go:32: Making an HTTP GET call to URL http://hello-world-testGPhMem-171065434.us-west-2.elb.amazonaws.com
TestHelloWorldAppStageWithStages 2021-11-24T15:53:46+03:00 continuous.go:47: Got response 200 and err <nil> from URL at http://hello-world-testGPhMem-171065434.us-west-2.elb.amazonaws.com
TestHelloWorldAppStageWithStages 2021-11-24T15:53:47+03:00 http_helper.go:32: Making an HTTP GET call to URL http://hello-world-testGPhMem-171065434.us-west-2.elb.amazonaws.com
TestHelloWorldAppStageWithStages 2021-11-24T15:53:48+03:00 continuous.go:47: Got response 200 and err <nil> from URL at http://hello-world-testGPhMem-171065434.us-west-2.elb.amazonaws.com
TestHelloWorldAppStageWithStages 2021-11-24T15:53:48+03:00 logger.go:66: [0m[1mmodule.hello_world_app.module.asg.aws_autoscaling_group.example: Still destroying... [id=hello-world-testGPhMem-terraform-20211124124314550200000001, 5m10s elapsed][0m[0m
TestHelloWorldAppStageWithStages 2021-11-24T15:53:49+03:00 http_helper.go:32: Making an HTTP GET call to URL http://hello-world-testGPhMem-171065434.us-west-2.elb.amazonaws.com
TestHelloWorldAppStageWithStages 2021-11-24T15:53:49+03:00 continuous.go:47: Got response 200 and err <nil> from URL at http://hello-world-testGPhMem-171065434.us-west-2.elb.amazonaws.com
TestHelloWorldAppStageWithStages 2021-11-24T15:53:50+03:00 http_helper.go:32: Making an HTTP GET call to URL http://hello-world-testGPhMem-171065434.us-west-2.elb.amazonaws.com
TestHelloWorldAppStageWithStages 2021-11-24T15:53:51+03:00 continuous.go:47: Got response 200 and err <nil> from URL at http://hello-world-testGPhMem-171065434.us-west-2.elb.amazonaws.com
TestHelloWorldAppStageWithStages 2021-11-24T15:53:52+03:00 http_helper.go:32: Making an HTTP GET call to URL http://hello-world-testGPhMem-171065434.us-west-2.elb.amazonaws.com
TestHelloWorldAppStageWithStages 2021-11-24T15:53:52+03:00 continuous.go:47: Got response 200 and err <nil> from URL at http://hello-world-testGPhMem-171065434.us-west-2.elb.amazonaws.com
TestHelloWorldAppStageWithStages 2021-11-24T15:53:53+03:00 http_helper.go:32: Making an HTTP GET call to URL http://hello-world-testGPhMem-171065434.us-west-2.elb.amazonaws.com
TestHelloWorldAppStageWithStages 2021-11-24T15:53:54+03:00 continuous.go:47: Got response 200 and err <nil> from URL at http://hello-world-testGPhMem-171065434.us-west-2.elb.amazonaws.com
TestHelloWorldAppStageWithStages 2021-11-24T15:53:55+03:00 http_helper.go:32: Making an HTTP GET call to URL http://hello-world-testGPhMem-171065434.us-west-2.elb.amazonaws.com
TestHelloWorldAppStageWithStages 2021-11-24T15:53:55+03:00 continuous.go:47: Got response 200 and err <nil> from URL at http://hello-world-testGPhMem-171065434.us-west-2.elb.amazonaws.com
TestHelloWorldAppStageWithStages 2021-11-24T15:53:56+03:00 http_helper.go:32: Making an HTTP GET call to URL http://hello-world-testGPhMem-171065434.us-west-2.elb.amazonaws.com
TestHelloWorldAppStageWithStages 2021-11-24T15:53:56+03:00 continuous.go:47: Got response 200 and err <nil> from URL at http://hello-world-testGPhMem-171065434.us-west-2.elb.amazonaws.com
TestHelloWorldAppStageWithStages 2021-11-24T15:53:57+03:00 http_helper.go:32: Making an HTTP GET call to URL http://hello-world-testGPhMem-171065434.us-west-2.elb.amazonaws.com
TestHelloWorldAppStageWithStages 2021-11-24T15:53:58+03:00 continuous.go:47: Got response 200 and err <nil> from URL at http://hello-world-testGPhMem-171065434.us-west-2.elb.amazonaws.com
TestHelloWorldAppStageWithStages 2021-11-24T15:53:58+03:00 logger.go:66: [0m[1mmodule.hello_world_app.module.asg.aws_autoscaling_group.example: Still destroying... [id=hello-world-testGPhMem-terraform-20211124124314550200000001, 5m20s elapsed][0m[0m
TestHelloWorldAppStageWithStages 2021-11-24T15:53:59+03:00 http_helper.go:32: Making an HTTP GET call to URL http://hello-world-testGPhMem-171065434.us-west-2.elb.amazonaws.com
TestHelloWorldAppStageWithStages 2021-11-24T15:53:59+03:00 continuous.go:47: Got response 200 and err <nil> from URL at http://hello-world-testGPhMem-171065434.us-west-2.elb.amazonaws.com
TestHelloWorldAppStageWithStages 2021-11-24T15:54:00+03:00 http_helper.go:32: Making an HTTP GET call to URL http://hello-world-testGPhMem-171065434.us-west-2.elb.amazonaws.com
TestHelloWorldAppStageWithStages 2021-11-24T15:54:01+03:00 continuous.go:47: Got response 200 and err <nil> from URL at http://hello-world-testGPhMem-171065434.us-west-2.elb.amazonaws.com
TestHelloWorldAppStageWithStages 2021-11-24T15:54:02+03:00 http_helper.go:32: Making an HTTP GET call to URL http://hello-world-testGPhMem-171065434.us-west-2.elb.amazonaws.com
TestHelloWorldAppStageWithStages 2021-11-24T15:54:02+03:00 continuous.go:47: Got response 200 and err <nil> from URL at http://hello-world-testGPhMem-171065434.us-west-2.elb.amazonaws.com
TestHelloWorldAppStageWithStages 2021-11-24T15:54:03+03:00 http_helper.go:32: Making an HTTP GET call to URL http://hello-world-testGPhMem-171065434.us-west-2.elb.amazonaws.com
TestHelloWorldAppStageWithStages 2021-11-24T15:54:03+03:00 continuous.go:47: Got response 200 and err <nil> from URL at http://hello-world-testGPhMem-171065434.us-west-2.elb.amazonaws.com
TestHelloWorldAppStageWithStages 2021-11-24T15:54:04+03:00 http_helper.go:32: Making an HTTP GET call to URL http://hello-world-testGPhMem-171065434.us-west-2.elb.amazonaws.com
TestHelloWorldAppStageWithStages 2021-11-24T15:54:05+03:00 continuous.go:47: Got response 200 and err <nil> from URL at http://hello-world-testGPhMem-171065434.us-west-2.elb.amazonaws.com
TestHelloWorldAppStageWithStages 2021-11-24T15:54:06+03:00 http_helper.go:32: Making an HTTP GET call to URL http://hello-world-testGPhMem-171065434.us-west-2.elb.amazonaws.com
TestHelloWorldAppStageWithStages 2021-11-24T15:54:06+03:00 continuous.go:47: Got response 200 and err <nil> from URL at http://hello-world-testGPhMem-171065434.us-west-2.elb.amazonaws.com
TestHelloWorldAppStageWithStages 2021-11-24T15:54:07+03:00 http_helper.go:32: Making an HTTP GET call to URL http://hello-world-testGPhMem-171065434.us-west-2.elb.amazonaws.com
TestHelloWorldAppStageWithStages 2021-11-24T15:54:08+03:00 continuous.go:47: Got response 200 and err <nil> from URL at http://hello-world-testGPhMem-171065434.us-west-2.elb.amazonaws.com
TestHelloWorldAppStageWithStages 2021-11-24T15:54:08+03:00 logger.go:66: [0m[1mmodule.hello_world_app.module.asg.aws_autoscaling_group.example: Still destroying... [id=hello-world-testGPhMem-terraform-20211124124314550200000001, 5m30s elapsed][0m[0m
TestHelloWorldAppStageWithStages 2021-11-24T15:54:09+03:00 http_helper.go:32: Making an HTTP GET call to URL http://hello-world-testGPhMem-171065434.us-west-2.elb.amazonaws.com
TestHelloWorldAppStageWithStages 2021-11-24T15:54:09+03:00 continuous.go:47: Got response 200 and err <nil> from URL at http://hello-world-testGPhMem-171065434.us-west-2.elb.amazonaws.com
TestHelloWorldAppStageWithStages 2021-11-24T15:54:10+03:00 http_helper.go:32: Making an HTTP GET call to URL http://hello-world-testGPhMem-171065434.us-west-2.elb.amazonaws.com
TestHelloWorldAppStageWithStages 2021-11-24T15:54:11+03:00 continuous.go:47: Got response 200 and err <nil> from URL at http://hello-world-testGPhMem-171065434.us-west-2.elb.amazonaws.com
TestHelloWorldAppStageWithStages 2021-11-24T15:54:12+03:00 http_helper.go:32: Making an HTTP GET call to URL http://hello-world-testGPhMem-171065434.us-west-2.elb.amazonaws.com
TestHelloWorldAppStageWithStages 2021-11-24T15:54:12+03:00 continuous.go:47: Got response 200 and err <nil> from URL at http://hello-world-testGPhMem-171065434.us-west-2.elb.amazonaws.com
TestHelloWorldAppStageWithStages 2021-11-24T15:54:13+03:00 http_helper.go:32: Making an HTTP GET call to URL http://hello-world-testGPhMem-171065434.us-west-2.elb.amazonaws.com
TestHelloWorldAppStageWithStages 2021-11-24T15:54:13+03:00 continuous.go:47: Got response 200 and err <nil> from URL at http://hello-world-testGPhMem-171065434.us-west-2.elb.amazonaws.com
TestHelloWorldAppStageWithStages 2021-11-24T15:54:14+03:00 http_helper.go:32: Making an HTTP GET call to URL http://hello-world-testGPhMem-171065434.us-west-2.elb.amazonaws.com
TestHelloWorldAppStageWithStages 2021-11-24T15:54:15+03:00 continuous.go:47: Got response 200 and err <nil> from URL at http://hello-world-testGPhMem-171065434.us-west-2.elb.amazonaws.com
TestHelloWorldAppStageWithStages 2021-11-24T15:54:16+03:00 http_helper.go:32: Making an HTTP GET call to URL http://hello-world-testGPhMem-171065434.us-west-2.elb.amazonaws.com
TestHelloWorldAppStageWithStages 2021-11-24T15:54:16+03:00 continuous.go:47: Got response 200 and err <nil> from URL at http://hello-world-testGPhMem-171065434.us-west-2.elb.amazonaws.com
TestHelloWorldAppStageWithStages 2021-11-24T15:54:17+03:00 http_helper.go:32: Making an HTTP GET call to URL http://hello-world-testGPhMem-171065434.us-west-2.elb.amazonaws.com
TestHelloWorldAppStageWithStages 2021-11-24T15:54:18+03:00 continuous.go:47: Got response 200 and err <nil> from URL at http://hello-world-testGPhMem-171065434.us-west-2.elb.amazonaws.com
TestHelloWorldAppStageWithStages 2021-11-24T15:54:18+03:00 logger.go:66: [0m[1mmodule.hello_world_app.module.asg.aws_autoscaling_group.example: Still destroying... [id=hello-world-testGPhMem-terraform-20211124124314550200000001, 5m40s elapsed][0m[0m
TestHelloWorldAppStageWithStages 2021-11-24T15:54:19+03:00 http_helper.go:32: Making an HTTP GET call to URL http://hello-world-testGPhMem-171065434.us-west-2.elb.amazonaws.com
TestHelloWorldAppStageWithStages 2021-11-24T15:54:19+03:00 continuous.go:47: Got response 200 and err <nil> from URL at http://hello-world-testGPhMem-171065434.us-west-2.elb.amazonaws.com
TestHelloWorldAppStageWithStages 2021-11-24T15:54:20+03:00 http_helper.go:32: Making an HTTP GET call to URL http://hello-world-testGPhMem-171065434.us-west-2.elb.amazonaws.com
TestHelloWorldAppStageWithStages 2021-11-24T15:54:20+03:00 continuous.go:47: Got response 200 and err <nil> from URL at http://hello-world-testGPhMem-171065434.us-west-2.elb.amazonaws.com
TestHelloWorldAppStageWithStages 2021-11-24T15:54:21+03:00 http_helper.go:32: Making an HTTP GET call to URL http://hello-world-testGPhMem-171065434.us-west-2.elb.amazonaws.com
TestHelloWorldAppStageWithStages 2021-11-24T15:54:22+03:00 continuous.go:47: Got response 200 and err <nil> from URL at http://hello-world-testGPhMem-171065434.us-west-2.elb.amazonaws.com
TestHelloWorldAppStageWithStages 2021-11-24T15:54:23+03:00 http_helper.go:32: Making an HTTP GET call to URL http://hello-world-testGPhMem-171065434.us-west-2.elb.amazonaws.com
TestHelloWorldAppStageWithStages 2021-11-24T15:54:23+03:00 continuous.go:47: Got response 200 and err <nil> from URL at http://hello-world-testGPhMem-171065434.us-west-2.elb.amazonaws.com
TestHelloWorldAppStageWithStages 2021-11-24T15:54:24+03:00 http_helper.go:32: Making an HTTP GET call to URL http://hello-world-testGPhMem-171065434.us-west-2.elb.amazonaws.com
TestHelloWorldAppStageWithStages 2021-11-24T15:54:27+03:00 continuous.go:47: Got response 200 and err <nil> from URL at http://hello-world-testGPhMem-171065434.us-west-2.elb.amazonaws.com
TestHelloWorldAppStageWithStages 2021-11-24T15:54:28+03:00 logger.go:66: [0m[1mmodule.hello_world_app.module.asg.aws_autoscaling_group.example: Still destroying... [id=hello-world-testGPhMem-terraform-20211124124314550200000001, 5m50s elapsed][0m[0m
TestHelloWorldAppStageWithStages 2021-11-24T15:54:28+03:00 http_helper.go:32: Making an HTTP GET call to URL http://hello-world-testGPhMem-171065434.us-west-2.elb.amazonaws.com
TestHelloWorldAppStageWithStages 2021-11-24T15:54:29+03:00 continuous.go:47: Got response 200 and err <nil> from URL at http://hello-world-testGPhMem-171065434.us-west-2.elb.amazonaws.com
TestHelloWorldAppStageWithStages 2021-11-24T15:54:30+03:00 http_helper.go:32: Making an HTTP GET call to URL http://hello-world-testGPhMem-171065434.us-west-2.elb.amazonaws.com
TestHelloWorldAppStageWithStages 2021-11-24T15:54:30+03:00 continuous.go:47: Got response 200 and err <nil> from URL at http://hello-world-testGPhMem-171065434.us-west-2.elb.amazonaws.com
TestHelloWorldAppStageWithStages 2021-11-24T15:54:31+03:00 http_helper.go:32: Making an HTTP GET call to URL http://hello-world-testGPhMem-171065434.us-west-2.elb.amazonaws.com
TestHelloWorldAppStageWithStages 2021-11-24T15:54:31+03:00 continuous.go:47: Got response 200 and err <nil> from URL at http://hello-world-testGPhMem-171065434.us-west-2.elb.amazonaws.com
TestHelloWorldAppStageWithStages 2021-11-24T15:54:32+03:00 http_helper.go:32: Making an HTTP GET call to URL http://hello-world-testGPhMem-171065434.us-west-2.elb.amazonaws.com
TestHelloWorldAppStageWithStages 2021-11-24T15:54:33+03:00 continuous.go:47: Got response 200 and err <nil> from URL at http://hello-world-testGPhMem-171065434.us-west-2.elb.amazonaws.com
TestHelloWorldAppStageWithStages 2021-11-24T15:54:34+03:00 http_helper.go:32: Making an HTTP GET call to URL http://hello-world-testGPhMem-171065434.us-west-2.elb.amazonaws.com
TestHelloWorldAppStageWithStages 2021-11-24T15:54:34+03:00 continuous.go:47: Got response 200 and err <nil> from URL at http://hello-world-testGPhMem-171065434.us-west-2.elb.amazonaws.com
TestHelloWorldAppStageWithStages 2021-11-24T15:54:35+03:00 http_helper.go:32: Making an HTTP GET call to URL http://hello-world-testGPhMem-171065434.us-west-2.elb.amazonaws.com
TestHelloWorldAppStageWithStages 2021-11-24T15:54:36+03:00 continuous.go:47: Got response 200 and err <nil> from URL at http://hello-world-testGPhMem-171065434.us-west-2.elb.amazonaws.com
TestHelloWorldAppStageWithStages 2021-11-24T15:54:37+03:00 http_helper.go:32: Making an HTTP GET call to URL http://hello-world-testGPhMem-171065434.us-west-2.elb.amazonaws.com
TestHelloWorldAppStageWithStages 2021-11-24T15:54:37+03:00 continuous.go:47: Got response 200 and err <nil> from URL at http://hello-world-testGPhMem-171065434.us-west-2.elb.amazonaws.com
TestHelloWorldAppStageWithStages 2021-11-24T15:54:38+03:00 logger.go:66: [0m[1mmodule.hello_world_app.module.asg.aws_autoscaling_group.example: Still destroying... [id=hello-world-testGPhMem-terraform-20211124124314550200000001, 6m0s elapsed][0m[0m
TestHelloWorldAppStageWithStages 2021-11-24T15:54:38+03:00 http_helper.go:32: Making an HTTP GET call to URL http://hello-world-testGPhMem-171065434.us-west-2.elb.amazonaws.com
TestHelloWorldAppStageWithStages 2021-11-24T15:54:39+03:00 continuous.go:47: Got response 200 and err <nil> from URL at http://hello-world-testGPhMem-171065434.us-west-2.elb.amazonaws.com
TestHelloWorldAppStageWithStages 2021-11-24T15:54:40+03:00 http_helper.go:32: Making an HTTP GET call to URL http://hello-world-testGPhMem-171065434.us-west-2.elb.amazonaws.com
TestHelloWorldAppStageWithStages 2021-11-24T15:54:40+03:00 continuous.go:47: Got response 200 and err <nil> from URL at http://hello-world-testGPhMem-171065434.us-west-2.elb.amazonaws.com
TestHelloWorldAppStageWithStages 2021-11-24T15:54:41+03:00 http_helper.go:32: Making an HTTP GET call to URL http://hello-world-testGPhMem-171065434.us-west-2.elb.amazonaws.com
TestHelloWorldAppStageWithStages 2021-11-24T15:54:41+03:00 continuous.go:47: Got response 200 and err <nil> from URL at http://hello-world-testGPhMem-171065434.us-west-2.elb.amazonaws.com
TestHelloWorldAppStageWithStages 2021-11-24T15:54:42+03:00 http_helper.go:32: Making an HTTP GET call to URL http://hello-world-testGPhMem-171065434.us-west-2.elb.amazonaws.com
TestHelloWorldAppStageWithStages 2021-11-24T15:54:43+03:00 continuous.go:47: Got response 200 and err <nil> from URL at http://hello-world-testGPhMem-171065434.us-west-2.elb.amazonaws.com
TestHelloWorldAppStageWithStages 2021-11-24T15:54:44+03:00 http_helper.go:32: Making an HTTP GET call to URL http://hello-world-testGPhMem-171065434.us-west-2.elb.amazonaws.com
TestHelloWorldAppStageWithStages 2021-11-24T15:54:44+03:00 continuous.go:47: Got response 200 and err <nil> from URL at http://hello-world-testGPhMem-171065434.us-west-2.elb.amazonaws.com
TestHelloWorldAppStageWithStages 2021-11-24T15:54:45+03:00 http_helper.go:32: Making an HTTP GET call to URL http://hello-world-testGPhMem-171065434.us-west-2.elb.amazonaws.com
TestHelloWorldAppStageWithStages 2021-11-24T15:54:46+03:00 continuous.go:47: Got response 200 and err <nil> from URL at http://hello-world-testGPhMem-171065434.us-west-2.elb.amazonaws.com
TestHelloWorldAppStageWithStages 2021-11-24T15:54:47+03:00 http_helper.go:32: Making an HTTP GET call to URL http://hello-world-testGPhMem-171065434.us-west-2.elb.amazonaws.com
TestHelloWorldAppStageWithStages 2021-11-24T15:54:47+03:00 continuous.go:47: Got response 200 and err <nil> from URL at http://hello-world-testGPhMem-171065434.us-west-2.elb.amazonaws.com
TestHelloWorldAppStageWithStages 2021-11-24T15:54:48+03:00 logger.go:66: [0m[1mmodule.hello_world_app.module.asg.aws_autoscaling_group.example: Still destroying... [id=hello-world-testGPhMem-terraform-20211124124314550200000001, 6m10s elapsed][0m[0m
TestHelloWorldAppStageWithStages 2021-11-24T15:54:48+03:00 http_helper.go:32: Making an HTTP GET call to URL http://hello-world-testGPhMem-171065434.us-west-2.elb.amazonaws.com
TestHelloWorldAppStageWithStages 2021-11-24T15:54:48+03:00 continuous.go:47: Got response 200 and err <nil> from URL at http://hello-world-testGPhMem-171065434.us-west-2.elb.amazonaws.com
TestHelloWorldAppStageWithStages 2021-11-24T15:54:49+03:00 http_helper.go:32: Making an HTTP GET call to URL http://hello-world-testGPhMem-171065434.us-west-2.elb.amazonaws.com
TestHelloWorldAppStageWithStages 2021-11-24T15:54:50+03:00 continuous.go:47: Got response 200 and err <nil> from URL at http://hello-world-testGPhMem-171065434.us-west-2.elb.amazonaws.com
TestHelloWorldAppStageWithStages 2021-11-24T15:54:51+03:00 http_helper.go:32: Making an HTTP GET call to URL http://hello-world-testGPhMem-171065434.us-west-2.elb.amazonaws.com
TestHelloWorldAppStageWithStages 2021-11-24T15:54:51+03:00 continuous.go:47: Got response 200 and err <nil> from URL at http://hello-world-testGPhMem-171065434.us-west-2.elb.amazonaws.com
TestHelloWorldAppStageWithStages 2021-11-24T15:54:52+03:00 http_helper.go:32: Making an HTTP GET call to URL http://hello-world-testGPhMem-171065434.us-west-2.elb.amazonaws.com
TestHelloWorldAppStageWithStages 2021-11-24T15:54:53+03:00 continuous.go:47: Got response 200 and err <nil> from URL at http://hello-world-testGPhMem-171065434.us-west-2.elb.amazonaws.com
TestHelloWorldAppStageWithStages 2021-11-24T15:54:54+03:00 http_helper.go:32: Making an HTTP GET call to URL http://hello-world-testGPhMem-171065434.us-west-2.elb.amazonaws.com
TestHelloWorldAppStageWithStages 2021-11-24T15:54:54+03:00 continuous.go:47: Got response 200 and err <nil> from URL at http://hello-world-testGPhMem-171065434.us-west-2.elb.amazonaws.com
TestHelloWorldAppStageWithStages 2021-11-24T15:54:55+03:00 http_helper.go:32: Making an HTTP GET call to URL http://hello-world-testGPhMem-171065434.us-west-2.elb.amazonaws.com
TestHelloWorldAppStageWithStages 2021-11-24T15:54:56+03:00 continuous.go:47: Got response 200 and err <nil> from URL at http://hello-world-testGPhMem-171065434.us-west-2.elb.amazonaws.com
TestHelloWorldAppStageWithStages 2021-11-24T15:54:57+03:00 http_helper.go:32: Making an HTTP GET call to URL http://hello-world-testGPhMem-171065434.us-west-2.elb.amazonaws.com
TestHelloWorldAppStageWithStages 2021-11-24T15:54:57+03:00 continuous.go:47: Got response 200 and err <nil> from URL at http://hello-world-testGPhMem-171065434.us-west-2.elb.amazonaws.com
TestHelloWorldAppStageWithStages 2021-11-24T15:54:58+03:00 logger.go:66: [0m[1mmodule.hello_world_app.module.asg.aws_autoscaling_group.example: Still destroying... [id=hello-world-testGPhMem-terraform-20211124124314550200000001, 6m20s elapsed][0m[0m
TestHelloWorldAppStageWithStages 2021-11-24T15:54:58+03:00 http_helper.go:32: Making an HTTP GET call to URL http://hello-world-testGPhMem-171065434.us-west-2.elb.amazonaws.com
TestHelloWorldAppStageWithStages 2021-11-24T15:54:58+03:00 continuous.go:47: Got response 200 and err <nil> from URL at http://hello-world-testGPhMem-171065434.us-west-2.elb.amazonaws.com
TestHelloWorldAppStageWithStages 2021-11-24T15:54:59+03:00 http_helper.go:32: Making an HTTP GET call to URL http://hello-world-testGPhMem-171065434.us-west-2.elb.amazonaws.com
TestHelloWorldAppStageWithStages 2021-11-24T15:55:00+03:00 continuous.go:47: Got response 200 and err <nil> from URL at http://hello-world-testGPhMem-171065434.us-west-2.elb.amazonaws.com
TestHelloWorldAppStageWithStages 2021-11-24T15:55:01+03:00 http_helper.go:32: Making an HTTP GET call to URL http://hello-world-testGPhMem-171065434.us-west-2.elb.amazonaws.com
TestHelloWorldAppStageWithStages 2021-11-24T15:55:01+03:00 continuous.go:47: Got response 200 and err <nil> from URL at http://hello-world-testGPhMem-171065434.us-west-2.elb.amazonaws.com
TestHelloWorldAppStageWithStages 2021-11-24T15:55:02+03:00 http_helper.go:32: Making an HTTP GET call to URL http://hello-world-testGPhMem-171065434.us-west-2.elb.amazonaws.com
TestHelloWorldAppStageWithStages 2021-11-24T15:55:03+03:00 continuous.go:47: Got response 200 and err <nil> from URL at http://hello-world-testGPhMem-171065434.us-west-2.elb.amazonaws.com
TestHelloWorldAppStageWithStages 2021-11-24T15:55:04+03:00 http_helper.go:32: Making an HTTP GET call to URL http://hello-world-testGPhMem-171065434.us-west-2.elb.amazonaws.com
TestHelloWorldAppStageWithStages 2021-11-24T15:55:04+03:00 continuous.go:47: Got response 200 and err <nil> from URL at http://hello-world-testGPhMem-171065434.us-west-2.elb.amazonaws.com
TestHelloWorldAppStageWithStages 2021-11-24T15:55:05+03:00 http_helper.go:32: Making an HTTP GET call to URL http://hello-world-testGPhMem-171065434.us-west-2.elb.amazonaws.com
TestHelloWorldAppStageWithStages 2021-11-24T15:55:06+03:00 continuous.go:47: Got response 200 and err <nil> from URL at http://hello-world-testGPhMem-171065434.us-west-2.elb.amazonaws.com
TestHelloWorldAppStageWithStages 2021-11-24T15:55:07+03:00 http_helper.go:32: Making an HTTP GET call to URL http://hello-world-testGPhMem-171065434.us-west-2.elb.amazonaws.com
TestHelloWorldAppStageWithStages 2021-11-24T15:55:07+03:00 continuous.go:47: Got response 200 and err <nil> from URL at http://hello-world-testGPhMem-171065434.us-west-2.elb.amazonaws.com
TestHelloWorldAppStageWithStages 2021-11-24T15:55:08+03:00 logger.go:66: [0m[1mmodule.hello_world_app.module.asg.aws_autoscaling_group.example: Still destroying... [id=hello-world-testGPhMem-terraform-20211124124314550200000001, 6m30s elapsed][0m[0m
TestHelloWorldAppStageWithStages 2021-11-24T15:55:08+03:00 http_helper.go:32: Making an HTTP GET call to URL http://hello-world-testGPhMem-171065434.us-west-2.elb.amazonaws.com
TestHelloWorldAppStageWithStages 2021-11-24T15:55:08+03:00 continuous.go:47: Got response 200 and err <nil> from URL at http://hello-world-testGPhMem-171065434.us-west-2.elb.amazonaws.com
TestHelloWorldAppStageWithStages 2021-11-24T15:55:09+03:00 http_helper.go:32: Making an HTTP GET call to URL http://hello-world-testGPhMem-171065434.us-west-2.elb.amazonaws.com
TestHelloWorldAppStageWithStages 2021-11-24T15:55:10+03:00 continuous.go:47: Got response 200 and err <nil> from URL at http://hello-world-testGPhMem-171065434.us-west-2.elb.amazonaws.com
TestHelloWorldAppStageWithStages 2021-11-24T15:55:11+03:00 http_helper.go:32: Making an HTTP GET call to URL http://hello-world-testGPhMem-171065434.us-west-2.elb.amazonaws.com
TestHelloWorldAppStageWithStages 2021-11-24T15:55:11+03:00 continuous.go:47: Got response 200 and err <nil> from URL at http://hello-world-testGPhMem-171065434.us-west-2.elb.amazonaws.com
TestHelloWorldAppStageWithStages 2021-11-24T15:55:12+03:00 http_helper.go:32: Making an HTTP GET call to URL http://hello-world-testGPhMem-171065434.us-west-2.elb.amazonaws.com
TestHelloWorldAppStageWithStages 2021-11-24T15:55:13+03:00 continuous.go:47: Got response 200 and err <nil> from URL at http://hello-world-testGPhMem-171065434.us-west-2.elb.amazonaws.com
TestHelloWorldAppStageWithStages 2021-11-24T15:55:14+03:00 http_helper.go:32: Making an HTTP GET call to URL http://hello-world-testGPhMem-171065434.us-west-2.elb.amazonaws.com
TestHelloWorldAppStageWithStages 2021-11-24T15:55:14+03:00 continuous.go:47: Got response 200 and err <nil> from URL at http://hello-world-testGPhMem-171065434.us-west-2.elb.amazonaws.com
TestHelloWorldAppStageWithStages 2021-11-24T15:55:15+03:00 http_helper.go:32: Making an HTTP GET call to URL http://hello-world-testGPhMem-171065434.us-west-2.elb.amazonaws.com
TestHelloWorldAppStageWithStages 2021-11-24T15:55:15+03:00 continuous.go:47: Got response 200 and err <nil> from URL at http://hello-world-testGPhMem-171065434.us-west-2.elb.amazonaws.com
TestHelloWorldAppStageWithStages 2021-11-24T15:55:16+03:00 http_helper.go:32: Making an HTTP GET call to URL http://hello-world-testGPhMem-171065434.us-west-2.elb.amazonaws.com
TestHelloWorldAppStageWithStages 2021-11-24T15:55:17+03:00 continuous.go:47: Got response 200 and err <nil> from URL at http://hello-world-testGPhMem-171065434.us-west-2.elb.amazonaws.com
TestHelloWorldAppStageWithStages 2021-11-24T15:55:18+03:00 http_helper.go:32: Making an HTTP GET call to URL http://hello-world-testGPhMem-171065434.us-west-2.elb.amazonaws.com
TestHelloWorldAppStageWithStages 2021-11-24T15:55:18+03:00 logger.go:66: [0m[1mmodule.hello_world_app.module.asg.aws_autoscaling_group.example: Still destroying... [id=hello-world-testGPhMem-terraform-20211124124314550200000001, 6m40s elapsed][0m[0m
TestHelloWorldAppStageWithStages 2021-11-24T15:55:18+03:00 continuous.go:47: Got response 200 and err <nil> from URL at http://hello-world-testGPhMem-171065434.us-west-2.elb.amazonaws.com
TestHelloWorldAppStageWithStages 2021-11-24T15:55:19+03:00 http_helper.go:32: Making an HTTP GET call to URL http://hello-world-testGPhMem-171065434.us-west-2.elb.amazonaws.com
TestHelloWorldAppStageWithStages 2021-11-24T15:55:20+03:00 continuous.go:47: Got response 200 and err <nil> from URL at http://hello-world-testGPhMem-171065434.us-west-2.elb.amazonaws.com
TestHelloWorldAppStageWithStages 2021-11-24T15:55:21+03:00 http_helper.go:32: Making an HTTP GET call to URL http://hello-world-testGPhMem-171065434.us-west-2.elb.amazonaws.com
TestHelloWorldAppStageWithStages 2021-11-24T15:55:21+03:00 continuous.go:47: Got response 200 and err <nil> from URL at http://hello-world-testGPhMem-171065434.us-west-2.elb.amazonaws.com
TestHelloWorldAppStageWithStages 2021-11-24T15:55:22+03:00 http_helper.go:32: Making an HTTP GET call to URL http://hello-world-testGPhMem-171065434.us-west-2.elb.amazonaws.com
TestHelloWorldAppStageWithStages 2021-11-24T15:55:23+03:00 continuous.go:47: Got response 200 and err <nil> from URL at http://hello-world-testGPhMem-171065434.us-west-2.elb.amazonaws.com
TestHelloWorldAppStageWithStages 2021-11-24T15:55:24+03:00 http_helper.go:32: Making an HTTP GET call to URL http://hello-world-testGPhMem-171065434.us-west-2.elb.amazonaws.com
TestHelloWorldAppStageWithStages 2021-11-24T15:55:24+03:00 continuous.go:47: Got response 200 and err <nil> from URL at http://hello-world-testGPhMem-171065434.us-west-2.elb.amazonaws.com
TestHelloWorldAppStageWithStages 2021-11-24T15:55:25+03:00 http_helper.go:32: Making an HTTP GET call to URL http://hello-world-testGPhMem-171065434.us-west-2.elb.amazonaws.com
TestHelloWorldAppStageWithStages 2021-11-24T15:55:25+03:00 logger.go:66: [0m[1mmodule.hello_world_app.module.asg.aws_autoscaling_group.example: Destruction complete after 6m48s[0m
TestHelloWorldAppStageWithStages 2021-11-24T15:55:25+03:00 continuous.go:47: Got response 200 and err <nil> from URL at http://hello-world-testGPhMem-171065434.us-west-2.elb.amazonaws.com
TestHelloWorldAppStageWithStages 2021-11-24T15:55:25+03:00 logger.go:66: [0m[1mmodule.hello_world_app.module.asg.aws_launch_configuration.example (deposed object 3d0e6067): Destroying... [id=terraform-20211124124314550200000001][0m[0m
TestHelloWorldAppStageWithStages 2021-11-24T15:55:26+03:00 http_helper.go:32: Making an HTTP GET call to URL http://hello-world-testGPhMem-171065434.us-west-2.elb.amazonaws.com
TestHelloWorldAppStageWithStages 2021-11-24T15:55:26+03:00 logger.go:66: [0m[1mmodule.hello_world_app.module.asg.aws_launch_configuration.example: Destruction complete after 1s[0m
TestHelloWorldAppStageWithStages 2021-11-24T15:55:27+03:00 logger.go:66: [0m[1m[32m
TestHelloWorldAppStageWithStages 2021-11-24T15:55:27+03:00 logger.go:66: Apply complete! Resources: 2 added, 2 changed, 2 destroyed.
TestHelloWorldAppStageWithStages 2021-11-24T15:55:27+03:00 logger.go:66: [0m[0m[1m[32m
TestHelloWorldAppStageWithStages 2021-11-24T15:55:27+03:00 logger.go:66: Outputs:
TestHelloWorldAppStageWithStages 2021-11-24T15:55:27+03:00 logger.go:66: 
TestHelloWorldAppStageWithStages 2021-11-24T15:55:27+03:00 logger.go:66: [0malb_dns_name = "hello-world-testGPhMem-171065434.us-west-2.elb.amazonaws.com"
TestHelloWorldAppStageWithStages 2021-11-24T15:55:27+03:00 retry.go:91: HTTP GET to URL http://hello-world-testGPhMem-171065434.us-west-2.elb.amazonaws.com
TestHelloWorldAppStageWithStages 2021-11-24T15:55:27+03:00 http_helper.go:32: Making an HTTP GET call to URL http://hello-world-testGPhMem-171065434.us-west-2.elb.amazonaws.com
TestHelloWorldAppStageWithStages 2021-11-24T15:55:29+03:00 continuous.go:47: Got response 200 and err <nil> from URL at http://hello-world-testGPhMem-171065434.us-west-2.elb.amazonaws.com
TestHelloWorldAppStageWithStages 2021-11-24T15:55:29+03:00 continuous.go:36: Got signal to stop downtime checks for URL http://hello-world-testGPhMem-171065434.us-west-2.elb.amazonaws.com.

TestHelloWorldAppStageWithStages 2021-11-24T15:55:29+03:00 test_structure.go:30: The 'SKIP_teardown_app' environment variable is set, so skipping stage 'teardown_app'.
TestHelloWorldAppStageWithStages 2021-11-24T15:55:29+03:00 test_structure.go:30: The 'SKIP_teardown_db' environment variable is set, so skipping stage 'teardown_db'.
--- PASS: TestHelloWorldAppStageWithStages (1015.95s)
PASS
ok  	command-line-arguments	1016.030s
